
Microsoft Visual Studio Solution File, Format Version 12.00
# Visual Studio Version 17
VisualStudioVersion = 17.3.32929.385
MinimumVisualStudioVersion = 10.0.40219.1
Project("{D954291E-2A0B-460D-934E-DC6B0785DB48}") = "UnoCupertinoSample.Shared", "UnoCupertinoSample.Shared\UnoCupertinoSample.Shared.shproj", "{6279C845-92F8-4333-AB99-3D213163593C}"
EndProject
Project("{2150E333-8FDC-42A3-9474-1A3956D46DE8}") = "Platforms", "Platforms", "{5F8C9141-46C7-4754-B2DF-B7F9022BEE48}"
EndProject
Project("{9A19103F-16F7-4668-BE54-9A1E7A4F7556}") = "UnoCupertinoSample.Wasm", "UnoCupertinoSample.Wasm\UnoCupertinoSample.Wasm.csproj", "{ACF978A8-B8BA-4FED-992F-6414B5923BD5}"
EndProject
Project("{9A19103F-16F7-4668-BE54-9A1E7A4F7556}") = "UnoCupertinoSample.Skia.Wpf", "UnoCupertinoSample.Skia.Wpf\UnoCupertinoSample.Skia.Wpf.csproj", "{B43AD57C-8CD0-4FAD-B262-906EB49A2A2D}"
EndProject
Project("{9A19103F-16F7-4668-BE54-9A1E7A4F7556}") = "UnoCupertinoSample.Skia.Gtk", "UnoCupertinoSample.Skia.Gtk\UnoCupertinoSample.Skia.Gtk.csproj", "{8E5E96BB-252D-432A-88C6-5A7050FB99CA}"
EndProject
Project("{9A19103F-16F7-4668-BE54-9A1E7A4F7556}") = "UnoCupertinoSample.Mobile", "UnoCupertinoSample.Mobile\UnoCupertinoSample.Mobile.csproj", "{CC911895-7678-4F00-B4B3-3404380D837D}"
EndProject
Project("{9A19103F-16F7-4668-BE54-9A1E7A4F7556}") = "UnoCupertinoSample.Windows", "UnoCupertinoSample.Windows\UnoCupertinoSample.Windows.csproj", "{0016CAF5-4165-40B9-B976-0CCF76EC6698}"
EndProject
Global
	GlobalSection(SolutionConfigurationPlatforms) = preSolution
		Ad-Hoc|Any CPU = Ad-Hoc|Any CPU
		Ad-Hoc|ARM = Ad-Hoc|ARM
		Ad-Hoc|ARM64 = Ad-Hoc|ARM64
		Ad-Hoc|iPhone = Ad-Hoc|iPhone
		Ad-Hoc|iPhoneSimulator = Ad-Hoc|iPhoneSimulator
		Ad-Hoc|x64 = Ad-Hoc|x64
		Ad-Hoc|x86 = Ad-Hoc|x86
		AppStore|Any CPU = AppStore|Any CPU
		AppStore|ARM = AppStore|ARM
		AppStore|ARM64 = AppStore|ARM64
		AppStore|iPhone = AppStore|iPhone
		AppStore|iPhoneSimulator = AppStore|iPhoneSimulator
		AppStore|x64 = AppStore|x64
		AppStore|x86 = AppStore|x86
		Debug|Any CPU = Debug|Any CPU
		Debug|ARM = Debug|ARM
		Debug|ARM64 = Debug|ARM64
		Debug|iPhone = Debug|iPhone
		Debug|iPhoneSimulator = Debug|iPhoneSimulator
		Debug|x64 = Debug|x64
		Debug|x86 = Debug|x86
		Release|Any CPU = Release|Any CPU
		Release|ARM = Release|ARM
		Release|ARM64 = Release|ARM64
		Release|iPhone = Release|iPhone
		Release|iPhoneSimulator = Release|iPhoneSimulator
		Release|x64 = Release|x64
		Release|x86 = Release|x86
	EndGlobalSection
	GlobalSection(ProjectConfigurationPlatforms) = postSolution
		{ACF978A8-B8BA-4FED-992F-6414B5923BD5}.Ad-Hoc|Any CPU.ActiveCfg = Debug|Any CPU
		{ACF978A8-B8BA-4FED-992F-6414B5923BD5}.Ad-Hoc|Any CPU.Build.0 = Debug|Any CPU
		{ACF978A8-B8BA-4FED-992F-6414B5923BD5}.Ad-Hoc|ARM.ActiveCfg = Debug|Any CPU
		{ACF978A8-B8BA-4FED-992F-6414B5923BD5}.Ad-Hoc|ARM.Build.0 = Debug|Any CPU
		{ACF978A8-B8BA-4FED-992F-6414B5923BD5}.Ad-Hoc|ARM64.ActiveCfg = Debug|Any CPU
		{ACF978A8-B8BA-4FED-992F-6414B5923BD5}.Ad-Hoc|ARM64.Build.0 = Debug|Any CPU
		{ACF978A8-B8BA-4FED-992F-6414B5923BD5}.Ad-Hoc|iPhone.ActiveCfg = Debug|Any CPU
		{ACF978A8-B8BA-4FED-992F-6414B5923BD5}.Ad-Hoc|iPhone.Build.0 = Debug|Any CPU
		{ACF978A8-B8BA-4FED-992F-6414B5923BD5}.Ad-Hoc|iPhoneSimulator.ActiveCfg = Debug|Any CPU
		{ACF978A8-B8BA-4FED-992F-6414B5923BD5}.Ad-Hoc|iPhoneSimulator.Build.0 = Debug|Any CPU
		{ACF978A8-B8BA-4FED-992F-6414B5923BD5}.Ad-Hoc|x64.ActiveCfg = Debug|Any CPU
		{ACF978A8-B8BA-4FED-992F-6414B5923BD5}.Ad-Hoc|x64.Build.0 = Debug|Any CPU
		{ACF978A8-B8BA-4FED-992F-6414B5923BD5}.Ad-Hoc|x86.ActiveCfg = Debug|Any CPU
		{ACF978A8-B8BA-4FED-992F-6414B5923BD5}.Ad-Hoc|x86.Build.0 = Debug|Any CPU
		{ACF978A8-B8BA-4FED-992F-6414B5923BD5}.AppStore|Any CPU.ActiveCfg = Debug|Any CPU
		{ACF978A8-B8BA-4FED-992F-6414B5923BD5}.AppStore|Any CPU.Build.0 = Debug|Any CPU
		{ACF978A8-B8BA-4FED-992F-6414B5923BD5}.AppStore|ARM.ActiveCfg = Debug|Any CPU
		{ACF978A8-B8BA-4FED-992F-6414B5923BD5}.AppStore|ARM.Build.0 = Debug|Any CPU
		{ACF978A8-B8BA-4FED-992F-6414B5923BD5}.AppStore|ARM64.ActiveCfg = Debug|Any CPU
		{ACF978A8-B8BA-4FED-992F-6414B5923BD5}.AppStore|ARM64.Build.0 = Debug|Any CPU
		{ACF978A8-B8BA-4FED-992F-6414B5923BD5}.AppStore|iPhone.ActiveCfg = Debug|Any CPU
		{ACF978A8-B8BA-4FED-992F-6414B5923BD5}.AppStore|iPhone.Build.0 = Debug|Any CPU
		{ACF978A8-B8BA-4FED-992F-6414B5923BD5}.AppStore|iPhoneSimulator.ActiveCfg = Debug|Any CPU
		{ACF978A8-B8BA-4FED-992F-6414B5923BD5}.AppStore|iPhoneSimulator.Build.0 = Debug|Any CPU
		{ACF978A8-B8BA-4FED-992F-6414B5923BD5}.AppStore|x64.ActiveCfg = Debug|Any CPU
		{ACF978A8-B8BA-4FED-992F-6414B5923BD5}.AppStore|x64.Build.0 = Debug|Any CPU
		{ACF978A8-B8BA-4FED-992F-6414B5923BD5}.AppStore|x86.ActiveCfg = Debug|Any CPU
		{ACF978A8-B8BA-4FED-992F-6414B5923BD5}.AppStore|x86.Build.0 = Debug|Any CPU
		{ACF978A8-B8BA-4FED-992F-6414B5923BD5}.Debug|Any CPU.ActiveCfg = Debug|Any CPU
		{ACF978A8-B8BA-4FED-992F-6414B5923BD5}.Debug|Any CPU.Build.0 = Debug|Any CPU
		{ACF978A8-B8BA-4FED-992F-6414B5923BD5}.Debug|ARM.ActiveCfg = Debug|Any CPU
		{ACF978A8-B8BA-4FED-992F-6414B5923BD5}.Debug|ARM.Build.0 = Debug|Any CPU
		{ACF978A8-B8BA-4FED-992F-6414B5923BD5}.Debug|ARM64.ActiveCfg = Debug|Any CPU
		{ACF978A8-B8BA-4FED-992F-6414B5923BD5}.Debug|ARM64.Build.0 = Debug|Any CPU
		{ACF978A8-B8BA-4FED-992F-6414B5923BD5}.Debug|iPhone.ActiveCfg = Debug|Any CPU
		{ACF978A8-B8BA-4FED-992F-6414B5923BD5}.Debug|iPhone.Build.0 = Debug|Any CPU
		{ACF978A8-B8BA-4FED-992F-6414B5923BD5}.Debug|iPhoneSimulator.ActiveCfg = Debug|Any CPU
		{ACF978A8-B8BA-4FED-992F-6414B5923BD5}.Debug|iPhoneSimulator.Build.0 = Debug|Any CPU
		{ACF978A8-B8BA-4FED-992F-6414B5923BD5}.Debug|x64.ActiveCfg = Debug|Any CPU
		{ACF978A8-B8BA-4FED-992F-6414B5923BD5}.Debug|x64.Build.0 = Debug|Any CPU
		{ACF978A8-B8BA-4FED-992F-6414B5923BD5}.Debug|x86.ActiveCfg = Debug|Any CPU
		{ACF978A8-B8BA-4FED-992F-6414B5923BD5}.Debug|x86.Build.0 = Debug|Any CPU
		{ACF978A8-B8BA-4FED-992F-6414B5923BD5}.Release|Any CPU.ActiveCfg = Release|Any CPU
		{ACF978A8-B8BA-4FED-992F-6414B5923BD5}.Release|Any CPU.Build.0 = Release|Any CPU
		{ACF978A8-B8BA-4FED-992F-6414B5923BD5}.Release|ARM.ActiveCfg = Release|Any CPU
		{ACF978A8-B8BA-4FED-992F-6414B5923BD5}.Release|ARM.Build.0 = Release|Any CPU
		{ACF978A8-B8BA-4FED-992F-6414B5923BD5}.Release|ARM64.ActiveCfg = Release|Any CPU
		{ACF978A8-B8BA-4FED-992F-6414B5923BD5}.Release|ARM64.Build.0 = Release|Any CPU
		{ACF978A8-B8BA-4FED-992F-6414B5923BD5}.Release|iPhone.ActiveCfg = Release|Any CPU
		{ACF978A8-B8BA-4FED-992F-6414B5923BD5}.Release|iPhone.Build.0 = Release|Any CPU
		{ACF978A8-B8BA-4FED-992F-6414B5923BD5}.Release|iPhoneSimulator.ActiveCfg = Release|Any CPU
		{ACF978A8-B8BA-4FED-992F-6414B5923BD5}.Release|iPhoneSimulator.Build.0 = Release|Any CPU
		{ACF978A8-B8BA-4FED-992F-6414B5923BD5}.Release|x64.ActiveCfg = Release|Any CPU
		{ACF978A8-B8BA-4FED-992F-6414B5923BD5}.Release|x64.Build.0 = Release|Any CPU
		{ACF978A8-B8BA-4FED-992F-6414B5923BD5}.Release|x86.ActiveCfg = Release|Any CPU
		{ACF978A8-B8BA-4FED-992F-6414B5923BD5}.Release|x86.Build.0 = Release|Any CPU
		{B43AD57C-8CD0-4FAD-B262-906EB49A2A2D}.Ad-Hoc|Any CPU.ActiveCfg = Debug|Any CPU
		{B43AD57C-8CD0-4FAD-B262-906EB49A2A2D}.Ad-Hoc|Any CPU.Build.0 = Debug|Any CPU
		{B43AD57C-8CD0-4FAD-B262-906EB49A2A2D}.Ad-Hoc|ARM.ActiveCfg = Debug|Any CPU
		{B43AD57C-8CD0-4FAD-B262-906EB49A2A2D}.Ad-Hoc|ARM.Build.0 = Debug|Any CPU
		{B43AD57C-8CD0-4FAD-B262-906EB49A2A2D}.Ad-Hoc|ARM64.ActiveCfg = Debug|Any CPU
		{B43AD57C-8CD0-4FAD-B262-906EB49A2A2D}.Ad-Hoc|ARM64.Build.0 = Debug|Any CPU
		{B43AD57C-8CD0-4FAD-B262-906EB49A2A2D}.Ad-Hoc|iPhone.ActiveCfg = Debug|Any CPU
		{B43AD57C-8CD0-4FAD-B262-906EB49A2A2D}.Ad-Hoc|iPhone.Build.0 = Debug|Any CPU
		{B43AD57C-8CD0-4FAD-B262-906EB49A2A2D}.Ad-Hoc|iPhoneSimulator.ActiveCfg = Debug|Any CPU
		{B43AD57C-8CD0-4FAD-B262-906EB49A2A2D}.Ad-Hoc|iPhoneSimulator.Build.0 = Debug|Any CPU
		{B43AD57C-8CD0-4FAD-B262-906EB49A2A2D}.Ad-Hoc|x64.ActiveCfg = Debug|Any CPU
		{B43AD57C-8CD0-4FAD-B262-906EB49A2A2D}.Ad-Hoc|x64.Build.0 = Debug|Any CPU
		{B43AD57C-8CD0-4FAD-B262-906EB49A2A2D}.Ad-Hoc|x86.ActiveCfg = Debug|Any CPU
		{B43AD57C-8CD0-4FAD-B262-906EB49A2A2D}.Ad-Hoc|x86.Build.0 = Debug|Any CPU
		{B43AD57C-8CD0-4FAD-B262-906EB49A2A2D}.AppStore|Any CPU.ActiveCfg = Debug|Any CPU
		{B43AD57C-8CD0-4FAD-B262-906EB49A2A2D}.AppStore|Any CPU.Build.0 = Debug|Any CPU
		{B43AD57C-8CD0-4FAD-B262-906EB49A2A2D}.AppStore|ARM.ActiveCfg = Debug|Any CPU
		{B43AD57C-8CD0-4FAD-B262-906EB49A2A2D}.AppStore|ARM.Build.0 = Debug|Any CPU
		{B43AD57C-8CD0-4FAD-B262-906EB49A2A2D}.AppStore|ARM64.ActiveCfg = Debug|Any CPU
		{B43AD57C-8CD0-4FAD-B262-906EB49A2A2D}.AppStore|ARM64.Build.0 = Debug|Any CPU
		{B43AD57C-8CD0-4FAD-B262-906EB49A2A2D}.AppStore|iPhone.ActiveCfg = Debug|Any CPU
		{B43AD57C-8CD0-4FAD-B262-906EB49A2A2D}.AppStore|iPhone.Build.0 = Debug|Any CPU
		{B43AD57C-8CD0-4FAD-B262-906EB49A2A2D}.AppStore|iPhoneSimulator.ActiveCfg = Debug|Any CPU
		{B43AD57C-8CD0-4FAD-B262-906EB49A2A2D}.AppStore|iPhoneSimulator.Build.0 = Debug|Any CPU
		{B43AD57C-8CD0-4FAD-B262-906EB49A2A2D}.AppStore|x64.ActiveCfg = Debug|Any CPU
		{B43AD57C-8CD0-4FAD-B262-906EB49A2A2D}.AppStore|x64.Build.0 = Debug|Any CPU
		{B43AD57C-8CD0-4FAD-B262-906EB49A2A2D}.AppStore|x86.ActiveCfg = Debug|Any CPU
		{B43AD57C-8CD0-4FAD-B262-906EB49A2A2D}.AppStore|x86.Build.0 = Debug|Any CPU
		{B43AD57C-8CD0-4FAD-B262-906EB49A2A2D}.Debug|Any CPU.ActiveCfg = Debug|Any CPU
		{B43AD57C-8CD0-4FAD-B262-906EB49A2A2D}.Debug|Any CPU.Build.0 = Debug|Any CPU
		{B43AD57C-8CD0-4FAD-B262-906EB49A2A2D}.Debug|ARM.ActiveCfg = Debug|Any CPU
		{B43AD57C-8CD0-4FAD-B262-906EB49A2A2D}.Debug|ARM.Build.0 = Debug|Any CPU
		{B43AD57C-8CD0-4FAD-B262-906EB49A2A2D}.Debug|ARM64.ActiveCfg = Debug|Any CPU
		{B43AD57C-8CD0-4FAD-B262-906EB49A2A2D}.Debug|ARM64.Build.0 = Debug|Any CPU
		{B43AD57C-8CD0-4FAD-B262-906EB49A2A2D}.Debug|iPhone.ActiveCfg = Debug|Any CPU
		{B43AD57C-8CD0-4FAD-B262-906EB49A2A2D}.Debug|iPhone.Build.0 = Debug|Any CPU
		{B43AD57C-8CD0-4FAD-B262-906EB49A2A2D}.Debug|iPhoneSimulator.ActiveCfg = Debug|Any CPU
		{B43AD57C-8CD0-4FAD-B262-906EB49A2A2D}.Debug|iPhoneSimulator.Build.0 = Debug|Any CPU
		{B43AD57C-8CD0-4FAD-B262-906EB49A2A2D}.Debug|x64.ActiveCfg = Debug|Any CPU
		{B43AD57C-8CD0-4FAD-B262-906EB49A2A2D}.Debug|x64.Build.0 = Debug|Any CPU
		{B43AD57C-8CD0-4FAD-B262-906EB49A2A2D}.Debug|x86.ActiveCfg = Debug|Any CPU
		{B43AD57C-8CD0-4FAD-B262-906EB49A2A2D}.Debug|x86.Build.0 = Debug|Any CPU
		{B43AD57C-8CD0-4FAD-B262-906EB49A2A2D}.Release|Any CPU.ActiveCfg = Release|Any CPU
		{B43AD57C-8CD0-4FAD-B262-906EB49A2A2D}.Release|Any CPU.Build.0 = Release|Any CPU
		{B43AD57C-8CD0-4FAD-B262-906EB49A2A2D}.Release|ARM.ActiveCfg = Release|Any CPU
		{B43AD57C-8CD0-4FAD-B262-906EB49A2A2D}.Release|ARM.Build.0 = Release|Any CPU
		{B43AD57C-8CD0-4FAD-B262-906EB49A2A2D}.Release|ARM64.ActiveCfg = Release|Any CPU
		{B43AD57C-8CD0-4FAD-B262-906EB49A2A2D}.Release|ARM64.Build.0 = Release|Any CPU
		{B43AD57C-8CD0-4FAD-B262-906EB49A2A2D}.Release|iPhone.ActiveCfg = Release|Any CPU
		{B43AD57C-8CD0-4FAD-B262-906EB49A2A2D}.Release|iPhone.Build.0 = Release|Any CPU
		{B43AD57C-8CD0-4FAD-B262-906EB49A2A2D}.Release|iPhoneSimulator.ActiveCfg = Release|Any CPU
		{B43AD57C-8CD0-4FAD-B262-906EB49A2A2D}.Release|iPhoneSimulator.Build.0 = Release|Any CPU
		{B43AD57C-8CD0-4FAD-B262-906EB49A2A2D}.Release|x64.ActiveCfg = Release|Any CPU
		{B43AD57C-8CD0-4FAD-B262-906EB49A2A2D}.Release|x64.Build.0 = Release|Any CPU
		{B43AD57C-8CD0-4FAD-B262-906EB49A2A2D}.Release|x86.ActiveCfg = Release|Any CPU
		{B43AD57C-8CD0-4FAD-B262-906EB49A2A2D}.Release|x86.Build.0 = Release|Any CPU
		{8E5E96BB-252D-432A-88C6-5A7050FB99CA}.Ad-Hoc|Any CPU.ActiveCfg = Debug|Any CPU
		{8E5E96BB-252D-432A-88C6-5A7050FB99CA}.Ad-Hoc|Any CPU.Build.0 = Debug|Any CPU
		{8E5E96BB-252D-432A-88C6-5A7050FB99CA}.Ad-Hoc|ARM.ActiveCfg = Debug|Any CPU
		{8E5E96BB-252D-432A-88C6-5A7050FB99CA}.Ad-Hoc|ARM.Build.0 = Debug|Any CPU
		{8E5E96BB-252D-432A-88C6-5A7050FB99CA}.Ad-Hoc|ARM64.ActiveCfg = Debug|Any CPU
		{8E5E96BB-252D-432A-88C6-5A7050FB99CA}.Ad-Hoc|ARM64.Build.0 = Debug|Any CPU
		{8E5E96BB-252D-432A-88C6-5A7050FB99CA}.Ad-Hoc|iPhone.ActiveCfg = Debug|Any CPU
		{8E5E96BB-252D-432A-88C6-5A7050FB99CA}.Ad-Hoc|iPhone.Build.0 = Debug|Any CPU
		{8E5E96BB-252D-432A-88C6-5A7050FB99CA}.Ad-Hoc|iPhoneSimulator.ActiveCfg = Debug|Any CPU
		{8E5E96BB-252D-432A-88C6-5A7050FB99CA}.Ad-Hoc|iPhoneSimulator.Build.0 = Debug|Any CPU
		{8E5E96BB-252D-432A-88C6-5A7050FB99CA}.Ad-Hoc|x64.ActiveCfg = Debug|Any CPU
		{8E5E96BB-252D-432A-88C6-5A7050FB99CA}.Ad-Hoc|x64.Build.0 = Debug|Any CPU
		{8E5E96BB-252D-432A-88C6-5A7050FB99CA}.Ad-Hoc|x86.ActiveCfg = Debug|Any CPU
		{8E5E96BB-252D-432A-88C6-5A7050FB99CA}.Ad-Hoc|x86.Build.0 = Debug|Any CPU
		{8E5E96BB-252D-432A-88C6-5A7050FB99CA}.AppStore|Any CPU.ActiveCfg = Debug|Any CPU
		{8E5E96BB-252D-432A-88C6-5A7050FB99CA}.AppStore|Any CPU.Build.0 = Debug|Any CPU
		{8E5E96BB-252D-432A-88C6-5A7050FB99CA}.AppStore|ARM.ActiveCfg = Debug|Any CPU
		{8E5E96BB-252D-432A-88C6-5A7050FB99CA}.AppStore|ARM.Build.0 = Debug|Any CPU
		{8E5E96BB-252D-432A-88C6-5A7050FB99CA}.AppStore|ARM64.ActiveCfg = Debug|Any CPU
		{8E5E96BB-252D-432A-88C6-5A7050FB99CA}.AppStore|ARM64.Build.0 = Debug|Any CPU
		{8E5E96BB-252D-432A-88C6-5A7050FB99CA}.AppStore|iPhone.ActiveCfg = Debug|Any CPU
		{8E5E96BB-252D-432A-88C6-5A7050FB99CA}.AppStore|iPhone.Build.0 = Debug|Any CPU
		{8E5E96BB-252D-432A-88C6-5A7050FB99CA}.AppStore|iPhoneSimulator.ActiveCfg = Debug|Any CPU
		{8E5E96BB-252D-432A-88C6-5A7050FB99CA}.AppStore|iPhoneSimulator.Build.0 = Debug|Any CPU
		{8E5E96BB-252D-432A-88C6-5A7050FB99CA}.AppStore|x64.ActiveCfg = Debug|Any CPU
		{8E5E96BB-252D-432A-88C6-5A7050FB99CA}.AppStore|x64.Build.0 = Debug|Any CPU
		{8E5E96BB-252D-432A-88C6-5A7050FB99CA}.AppStore|x86.ActiveCfg = Debug|Any CPU
		{8E5E96BB-252D-432A-88C6-5A7050FB99CA}.AppStore|x86.Build.0 = Debug|Any CPU
		{8E5E96BB-252D-432A-88C6-5A7050FB99CA}.Debug|Any CPU.ActiveCfg = Debug|Any CPU
		{8E5E96BB-252D-432A-88C6-5A7050FB99CA}.Debug|Any CPU.Build.0 = Debug|Any CPU
		{8E5E96BB-252D-432A-88C6-5A7050FB99CA}.Debug|ARM.ActiveCfg = Debug|Any CPU
		{8E5E96BB-252D-432A-88C6-5A7050FB99CA}.Debug|ARM.Build.0 = Debug|Any CPU
		{8E5E96BB-252D-432A-88C6-5A7050FB99CA}.Debug|ARM64.ActiveCfg = Debug|Any CPU
		{8E5E96BB-252D-432A-88C6-5A7050FB99CA}.Debug|ARM64.Build.0 = Debug|Any CPU
		{8E5E96BB-252D-432A-88C6-5A7050FB99CA}.Debug|iPhone.ActiveCfg = Debug|Any CPU
		{8E5E96BB-252D-432A-88C6-5A7050FB99CA}.Debug|iPhone.Build.0 = Debug|Any CPU
		{8E5E96BB-252D-432A-88C6-5A7050FB99CA}.Debug|iPhoneSimulator.ActiveCfg = Debug|Any CPU
		{8E5E96BB-252D-432A-88C6-5A7050FB99CA}.Debug|iPhoneSimulator.Build.0 = Debug|Any CPU
		{8E5E96BB-252D-432A-88C6-5A7050FB99CA}.Debug|x64.ActiveCfg = Debug|Any CPU
		{8E5E96BB-252D-432A-88C6-5A7050FB99CA}.Debug|x64.Build.0 = Debug|Any CPU
		{8E5E96BB-252D-432A-88C6-5A7050FB99CA}.Debug|x86.ActiveCfg = Debug|Any CPU
		{8E5E96BB-252D-432A-88C6-5A7050FB99CA}.Debug|x86.Build.0 = Debug|Any CPU
		{8E5E96BB-252D-432A-88C6-5A7050FB99CA}.Release|Any CPU.ActiveCfg = Release|Any CPU
		{8E5E96BB-252D-432A-88C6-5A7050FB99CA}.Release|Any CPU.Build.0 = Release|Any CPU
		{8E5E96BB-252D-432A-88C6-5A7050FB99CA}.Release|ARM.ActiveCfg = Release|Any CPU
		{8E5E96BB-252D-432A-88C6-5A7050FB99CA}.Release|ARM.Build.0 = Release|Any CPU
		{8E5E96BB-252D-432A-88C6-5A7050FB99CA}.Release|ARM64.ActiveCfg = Release|Any CPU
		{8E5E96BB-252D-432A-88C6-5A7050FB99CA}.Release|ARM64.Build.0 = Release|Any CPU
		{8E5E96BB-252D-432A-88C6-5A7050FB99CA}.Release|iPhone.ActiveCfg = Release|Any CPU
		{8E5E96BB-252D-432A-88C6-5A7050FB99CA}.Release|iPhone.Build.0 = Release|Any CPU
		{8E5E96BB-252D-432A-88C6-5A7050FB99CA}.Release|iPhoneSimulator.ActiveCfg = Release|Any CPU
		{8E5E96BB-252D-432A-88C6-5A7050FB99CA}.Release|iPhoneSimulator.Build.0 = Release|Any CPU
		{8E5E96BB-252D-432A-88C6-5A7050FB99CA}.Release|x64.ActiveCfg = Release|Any CPU
		{8E5E96BB-252D-432A-88C6-5A7050FB99CA}.Release|x64.Build.0 = Release|Any CPU
		{8E5E96BB-252D-432A-88C6-5A7050FB99CA}.Release|x86.ActiveCfg = Release|Any CPU
		{8E5E96BB-252D-432A-88C6-5A7050FB99CA}.Release|x86.Build.0 = Release|Any CPU
		{CC911895-7678-4F00-B4B3-3404380D837D}.Ad-Hoc|Any CPU.ActiveCfg = Debug|Any CPU
		{CC911895-7678-4F00-B4B3-3404380D837D}.Ad-Hoc|Any CPU.Build.0 = Debug|Any CPU
		{CC911895-7678-4F00-B4B3-3404380D837D}.Ad-Hoc|ARM.ActiveCfg = Debug|Any CPU
		{CC911895-7678-4F00-B4B3-3404380D837D}.Ad-Hoc|ARM.Build.0 = Debug|Any CPU
		{CC911895-7678-4F00-B4B3-3404380D837D}.Ad-Hoc|ARM64.ActiveCfg = Debug|Any CPU
		{CC911895-7678-4F00-B4B3-3404380D837D}.Ad-Hoc|ARM64.Build.0 = Debug|Any CPU
		{CC911895-7678-4F00-B4B3-3404380D837D}.Ad-Hoc|iPhone.ActiveCfg = Debug|Any CPU
		{CC911895-7678-4F00-B4B3-3404380D837D}.Ad-Hoc|iPhone.Build.0 = Debug|Any CPU
		{CC911895-7678-4F00-B4B3-3404380D837D}.Ad-Hoc|iPhoneSimulator.ActiveCfg = Debug|Any CPU
		{CC911895-7678-4F00-B4B3-3404380D837D}.Ad-Hoc|iPhoneSimulator.Build.0 = Debug|Any CPU
		{CC911895-7678-4F00-B4B3-3404380D837D}.Ad-Hoc|x64.ActiveCfg = Debug|Any CPU
		{CC911895-7678-4F00-B4B3-3404380D837D}.Ad-Hoc|x64.Build.0 = Debug|Any CPU
		{CC911895-7678-4F00-B4B3-3404380D837D}.Ad-Hoc|x86.ActiveCfg = Debug|Any CPU
		{CC911895-7678-4F00-B4B3-3404380D837D}.Ad-Hoc|x86.Build.0 = Debug|Any CPU
		{CC911895-7678-4F00-B4B3-3404380D837D}.AppStore|Any CPU.ActiveCfg = Debug|Any CPU
		{CC911895-7678-4F00-B4B3-3404380D837D}.AppStore|Any CPU.Build.0 = Debug|Any CPU
		{CC911895-7678-4F00-B4B3-3404380D837D}.AppStore|ARM.ActiveCfg = Debug|Any CPU
		{CC911895-7678-4F00-B4B3-3404380D837D}.AppStore|ARM.Build.0 = Debug|Any CPU
		{CC911895-7678-4F00-B4B3-3404380D837D}.AppStore|ARM64.ActiveCfg = Debug|Any CPU
		{CC911895-7678-4F00-B4B3-3404380D837D}.AppStore|ARM64.Build.0 = Debug|Any CPU
		{CC911895-7678-4F00-B4B3-3404380D837D}.AppStore|iPhone.ActiveCfg = Debug|Any CPU
		{CC911895-7678-4F00-B4B3-3404380D837D}.AppStore|iPhone.Build.0 = Debug|Any CPU
		{CC911895-7678-4F00-B4B3-3404380D837D}.AppStore|iPhoneSimulator.ActiveCfg = Debug|Any CPU
		{CC911895-7678-4F00-B4B3-3404380D837D}.AppStore|iPhoneSimulator.Build.0 = Debug|Any CPU
		{CC911895-7678-4F00-B4B3-3404380D837D}.AppStore|x64.ActiveCfg = Debug|Any CPU
		{CC911895-7678-4F00-B4B3-3404380D837D}.AppStore|x64.Build.0 = Debug|Any CPU
		{CC911895-7678-4F00-B4B3-3404380D837D}.AppStore|x86.ActiveCfg = Debug|Any CPU
		{CC911895-7678-4F00-B4B3-3404380D837D}.AppStore|x86.Build.0 = Debug|Any CPU
		{CC911895-7678-4F00-B4B3-3404380D837D}.Debug|Any CPU.ActiveCfg = Debug|Any CPU
		{CC911895-7678-4F00-B4B3-3404380D837D}.Debug|Any CPU.Build.0 = Debug|Any CPU
		{CC911895-7678-4F00-B4B3-3404380D837D}.Debug|ARM.ActiveCfg = Debug|Any CPU
		{CC911895-7678-4F00-B4B3-3404380D837D}.Debug|ARM.Build.0 = Debug|Any CPU
		{CC911895-7678-4F00-B4B3-3404380D837D}.Debug|ARM64.ActiveCfg = Debug|Any CPU
		{CC911895-7678-4F00-B4B3-3404380D837D}.Debug|ARM64.Build.0 = Debug|Any CPU
		{CC911895-7678-4F00-B4B3-3404380D837D}.Debug|iPhone.ActiveCfg = Debug|Any CPU
		{CC911895-7678-4F00-B4B3-3404380D837D}.Debug|iPhone.Build.0 = Debug|Any CPU
		{CC911895-7678-4F00-B4B3-3404380D837D}.Debug|iPhoneSimulator.ActiveCfg = Debug|Any CPU
		{CC911895-7678-4F00-B4B3-3404380D837D}.Debug|iPhoneSimulator.Build.0 = Debug|Any CPU
		{CC911895-7678-4F00-B4B3-3404380D837D}.Debug|x64.ActiveCfg = Debug|Any CPU
		{CC911895-7678-4F00-B4B3-3404380D837D}.Debug|x64.Build.0 = Debug|Any CPU
		{CC911895-7678-4F00-B4B3-3404380D837D}.Debug|x86.ActiveCfg = Debug|Any CPU
		{CC911895-7678-4F00-B4B3-3404380D837D}.Debug|x86.Build.0 = Debug|Any CPU
		{CC911895-7678-4F00-B4B3-3404380D837D}.Release|Any CPU.ActiveCfg = Release|Any CPU
		{CC911895-7678-4F00-B4B3-3404380D837D}.Release|Any CPU.Build.0 = Release|Any CPU
		{CC911895-7678-4F00-B4B3-3404380D837D}.Release|ARM.ActiveCfg = Release|Any CPU
		{CC911895-7678-4F00-B4B3-3404380D837D}.Release|ARM.Build.0 = Release|Any CPU
		{CC911895-7678-4F00-B4B3-3404380D837D}.Release|ARM64.ActiveCfg = Release|Any CPU
		{CC911895-7678-4F00-B4B3-3404380D837D}.Release|ARM64.Build.0 = Release|Any CPU
		{CC911895-7678-4F00-B4B3-3404380D837D}.Release|iPhone.ActiveCfg = Release|Any CPU
		{CC911895-7678-4F00-B4B3-3404380D837D}.Release|iPhone.Build.0 = Release|Any CPU
		{CC911895-7678-4F00-B4B3-3404380D837D}.Release|iPhoneSimulator.ActiveCfg = Release|Any CPU
		{CC911895-7678-4F00-B4B3-3404380D837D}.Release|iPhoneSimulator.Build.0 = Release|Any CPU
		{CC911895-7678-4F00-B4B3-3404380D837D}.Release|x64.ActiveCfg = Release|Any CPU
		{CC911895-7678-4F00-B4B3-3404380D837D}.Release|x64.Build.0 = Release|Any CPU
		{CC911895-7678-4F00-B4B3-3404380D837D}.Release|x86.ActiveCfg = Release|Any CPU
		{CC911895-7678-4F00-B4B3-3404380D837D}.Release|x86.Build.0 = Release|Any CPU
		{0016CAF5-4165-40B9-B976-0CCF76EC6698}.Ad-Hoc|Any CPU.ActiveCfg = Debug|x64
		{0016CAF5-4165-40B9-B976-0CCF76EC6698}.Ad-Hoc|Any CPU.Build.0 = Debug|x64
		{0016CAF5-4165-40B9-B976-0CCF76EC6698}.Ad-Hoc|Any CPU.Deploy.0 = Debug|x64
		{0016CAF5-4165-40B9-B976-0CCF76EC6698}.Ad-Hoc|ARM.ActiveCfg = Debug|x64
		{0016CAF5-4165-40B9-B976-0CCF76EC6698}.Ad-Hoc|ARM.Build.0 = Debug|x64
		{0016CAF5-4165-40B9-B976-0CCF76EC6698}.Ad-Hoc|ARM.Deploy.0 = Debug|x64
		{0016CAF5-4165-40B9-B976-0CCF76EC6698}.Ad-Hoc|ARM64.ActiveCfg = Debug|arm64
		{0016CAF5-4165-40B9-B976-0CCF76EC6698}.Ad-Hoc|ARM64.Build.0 = Debug|arm64
		{0016CAF5-4165-40B9-B976-0CCF76EC6698}.Ad-Hoc|ARM64.Deploy.0 = Debug|arm64
		{0016CAF5-4165-40B9-B976-0CCF76EC6698}.Ad-Hoc|iPhone.ActiveCfg = Debug|x64
		{0016CAF5-4165-40B9-B976-0CCF76EC6698}.Ad-Hoc|iPhone.Build.0 = Debug|x64
		{0016CAF5-4165-40B9-B976-0CCF76EC6698}.Ad-Hoc|iPhone.Deploy.0 = Debug|x64
		{0016CAF5-4165-40B9-B976-0CCF76EC6698}.Ad-Hoc|iPhoneSimulator.ActiveCfg = Debug|x64
		{0016CAF5-4165-40B9-B976-0CCF76EC6698}.Ad-Hoc|iPhoneSimulator.Build.0 = Debug|x64
		{0016CAF5-4165-40B9-B976-0CCF76EC6698}.Ad-Hoc|iPhoneSimulator.Deploy.0 = Debug|x64
		{0016CAF5-4165-40B9-B976-0CCF76EC6698}.Ad-Hoc|x64.ActiveCfg = Debug|x64
		{0016CAF5-4165-40B9-B976-0CCF76EC6698}.Ad-Hoc|x64.Build.0 = Debug|x64
		{0016CAF5-4165-40B9-B976-0CCF76EC6698}.Ad-Hoc|x64.Deploy.0 = Debug|x64
		{0016CAF5-4165-40B9-B976-0CCF76EC6698}.Ad-Hoc|x86.ActiveCfg = Debug|x86
		{0016CAF5-4165-40B9-B976-0CCF76EC6698}.Ad-Hoc|x86.Build.0 = Debug|x86
		{0016CAF5-4165-40B9-B976-0CCF76EC6698}.Ad-Hoc|x86.Deploy.0 = Debug|x86
		{0016CAF5-4165-40B9-B976-0CCF76EC6698}.AppStore|Any CPU.ActiveCfg = Debug|x64
		{0016CAF5-4165-40B9-B976-0CCF76EC6698}.AppStore|Any CPU.Build.0 = Debug|x64
		{0016CAF5-4165-40B9-B976-0CCF76EC6698}.AppStore|Any CPU.Deploy.0 = Debug|x64
		{0016CAF5-4165-40B9-B976-0CCF76EC6698}.AppStore|ARM.ActiveCfg = Debug|x64
		{0016CAF5-4165-40B9-B976-0CCF76EC6698}.AppStore|ARM.Build.0 = Debug|x64
		{0016CAF5-4165-40B9-B976-0CCF76EC6698}.AppStore|ARM.Deploy.0 = Debug|x64
		{0016CAF5-4165-40B9-B976-0CCF76EC6698}.AppStore|ARM64.ActiveCfg = Debug|arm64
		{0016CAF5-4165-40B9-B976-0CCF76EC6698}.AppStore|ARM64.Build.0 = Debug|arm64
		{0016CAF5-4165-40B9-B976-0CCF76EC6698}.AppStore|ARM64.Deploy.0 = Debug|arm64
		{0016CAF5-4165-40B9-B976-0CCF76EC6698}.AppStore|iPhone.ActiveCfg = Debug|x64
		{0016CAF5-4165-40B9-B976-0CCF76EC6698}.AppStore|iPhone.Build.0 = Debug|x64
		{0016CAF5-4165-40B9-B976-0CCF76EC6698}.AppStore|iPhone.Deploy.0 = Debug|x64
		{0016CAF5-4165-40B9-B976-0CCF76EC6698}.AppStore|iPhoneSimulator.ActiveCfg = Debug|x64
		{0016CAF5-4165-40B9-B976-0CCF76EC6698}.AppStore|iPhoneSimulator.Build.0 = Debug|x64
		{0016CAF5-4165-40B9-B976-0CCF76EC6698}.AppStore|iPhoneSimulator.Deploy.0 = Debug|x64
		{0016CAF5-4165-40B9-B976-0CCF76EC6698}.AppStore|x64.ActiveCfg = Debug|x64
		{0016CAF5-4165-40B9-B976-0CCF76EC6698}.AppStore|x64.Build.0 = Debug|x64
		{0016CAF5-4165-40B9-B976-0CCF76EC6698}.AppStore|x64.Deploy.0 = Debug|x64
		{0016CAF5-4165-40B9-B976-0CCF76EC6698}.AppStore|x86.ActiveCfg = Debug|x86
		{0016CAF5-4165-40B9-B976-0CCF76EC6698}.AppStore|x86.Build.0 = Debug|x86
		{0016CAF5-4165-40B9-B976-0CCF76EC6698}.AppStore|x86.Deploy.0 = Debug|x86
		{0016CAF5-4165-40B9-B976-0CCF76EC6698}.Debug|Any CPU.ActiveCfg = Debug|x64
		{0016CAF5-4165-40B9-B976-0CCF76EC6698}.Debug|Any CPU.Build.0 = Debug|x64
		{0016CAF5-4165-40B9-B976-0CCF76EC6698}.Debug|Any CPU.Deploy.0 = Debug|x64
		{0016CAF5-4165-40B9-B976-0CCF76EC6698}.Debug|ARM.ActiveCfg = Debug|x64
		{0016CAF5-4165-40B9-B976-0CCF76EC6698}.Debug|ARM.Build.0 = Debug|x64
		{0016CAF5-4165-40B9-B976-0CCF76EC6698}.Debug|ARM.Deploy.0 = Debug|x64
		{0016CAF5-4165-40B9-B976-0CCF76EC6698}.Debug|ARM64.ActiveCfg = Debug|arm64
		{0016CAF5-4165-40B9-B976-0CCF76EC6698}.Debug|ARM64.Build.0 = Debug|arm64
		{0016CAF5-4165-40B9-B976-0CCF76EC6698}.Debug|ARM64.Deploy.0 = Debug|arm64
		{0016CAF5-4165-40B9-B976-0CCF76EC6698}.Debug|iPhone.ActiveCfg = Debug|x64
		{0016CAF5-4165-40B9-B976-0CCF76EC6698}.Debug|iPhone.Build.0 = Debug|x64
		{0016CAF5-4165-40B9-B976-0CCF76EC6698}.Debug|iPhone.Deploy.0 = Debug|x64
		{0016CAF5-4165-40B9-B976-0CCF76EC6698}.Debug|iPhoneSimulator.ActiveCfg = Debug|x64
		{0016CAF5-4165-40B9-B976-0CCF76EC6698}.Debug|iPhoneSimulator.Build.0 = Debug|x64
		{0016CAF5-4165-40B9-B976-0CCF76EC6698}.Debug|iPhoneSimulator.Deploy.0 = Debug|x64
		{0016CAF5-4165-40B9-B976-0CCF76EC6698}.Debug|x64.ActiveCfg = Debug|x64
		{0016CAF5-4165-40B9-B976-0CCF76EC6698}.Debug|x64.Build.0 = Debug|x64
		{0016CAF5-4165-40B9-B976-0CCF76EC6698}.Debug|x64.Deploy.0 = Debug|x64
		{0016CAF5-4165-40B9-B976-0CCF76EC6698}.Debug|x86.ActiveCfg = Debug|x86
		{0016CAF5-4165-40B9-B976-0CCF76EC6698}.Debug|x86.Build.0 = Debug|x86
		{0016CAF5-4165-40B9-B976-0CCF76EC6698}.Debug|x86.Deploy.0 = Debug|x86
		{0016CAF5-4165-40B9-B976-0CCF76EC6698}.Release|Any CPU.ActiveCfg = Release|x64
		{0016CAF5-4165-40B9-B976-0CCF76EC6698}.Release|Any CPU.Build.0 = Release|x64
		{0016CAF5-4165-40B9-B976-0CCF76EC6698}.Release|Any CPU.Deploy.0 = Release|x64
		{0016CAF5-4165-40B9-B976-0CCF76EC6698}.Release|ARM.ActiveCfg = Release|x64
		{0016CAF5-4165-40B9-B976-0CCF76EC6698}.Release|ARM.Build.0 = Release|x64
		{0016CAF5-4165-40B9-B976-0CCF76EC6698}.Release|ARM.Deploy.0 = Release|x64
		{0016CAF5-4165-40B9-B976-0CCF76EC6698}.Release|ARM64.ActiveCfg = Release|arm64
		{0016CAF5-4165-40B9-B976-0CCF76EC6698}.Release|ARM64.Build.0 = Release|arm64
		{0016CAF5-4165-40B9-B976-0CCF76EC6698}.Release|ARM64.Deploy.0 = Release|arm64
		{0016CAF5-4165-40B9-B976-0CCF76EC6698}.Release|iPhone.ActiveCfg = Release|x64
		{0016CAF5-4165-40B9-B976-0CCF76EC6698}.Release|iPhone.Build.0 = Release|x64
		{0016CAF5-4165-40B9-B976-0CCF76EC6698}.Release|iPhone.Deploy.0 = Release|x64
		{0016CAF5-4165-40B9-B976-0CCF76EC6698}.Release|iPhoneSimulator.ActiveCfg = Release|x64
		{0016CAF5-4165-40B9-B976-0CCF76EC6698}.Release|iPhoneSimulator.Build.0 = Release|x64
		{0016CAF5-4165-40B9-B976-0CCF76EC6698}.Release|iPhoneSimulator.Deploy.0 = Release|x64
		{0016CAF5-4165-40B9-B976-0CCF76EC6698}.Release|x64.ActiveCfg = Release|x64
		{0016CAF5-4165-40B9-B976-0CCF76EC6698}.Release|x64.Build.0 = Release|x64
		{0016CAF5-4165-40B9-B976-0CCF76EC6698}.Release|x64.Deploy.0 = Release|x64
		{0016CAF5-4165-40B9-B976-0CCF76EC6698}.Release|x86.ActiveCfg = Release|x86
		{0016CAF5-4165-40B9-B976-0CCF76EC6698}.Release|x86.Build.0 = Release|x86
		{0016CAF5-4165-40B9-B976-0CCF76EC6698}.Release|x86.Deploy.0 = Release|x86
	EndGlobalSection
	GlobalSection(SolutionProperties) = preSolution
		HideSolutionNode = FALSE
	EndGlobalSection
	GlobalSection(NestedProjects) = preSolution
		{ACF978A8-B8BA-4FED-992F-6414B5923BD5} = {5F8C9141-46C7-4754-B2DF-B7F9022BEE48}
		{B43AD57C-8CD0-4FAD-B262-906EB49A2A2D} = {5F8C9141-46C7-4754-B2DF-B7F9022BEE48}
		{8E5E96BB-252D-432A-88C6-5A7050FB99CA} = {5F8C9141-46C7-4754-B2DF-B7F9022BEE48}
		{CC911895-7678-4F00-B4B3-3404380D837D} = {5F8C9141-46C7-4754-B2DF-B7F9022BEE48}
		{0016CAF5-4165-40B9-B976-0CCF76EC6698} = {5F8C9141-46C7-4754-B2DF-B7F9022BEE48}
	EndGlobalSection
	GlobalSection(ExtensibilityGlobals) = postSolution
		SolutionGuid = {0161FFD3-80EB-4973-AB00-70D3CDDF0448}
	EndGlobalSection
	GlobalSection(SharedMSBuildProjectFiles) = preSolution
		UnoCupertinoSample.Shared\UnoCupertinoSample.Shared.projitems*{0016caf5-4165-40b9-b976-0ccf76ec6698}*SharedItemsImports = 5
		UnoCupertinoSample.Shared\UnoCupertinoSample.Shared.projitems*{6279c845-92f8-4333-ab99-3d213163593c}*SharedItemsImports = 13
		UnoCupertinoSample.Shared\UnoCupertinoSample.Shared.projitems*{8e5e96bb-252d-432a-88c6-5a7050fb99ca}*SharedItemsImports = 5
		UnoCupertinoSample.Shared\UnoCupertinoSample.Shared.projitems*{acf978a8-b8ba-4fed-992f-6414b5923bd5}*SharedItemsImports = 5
		UnoCupertinoSample.Shared\UnoCupertinoSample.Shared.projitems*{b43ad57c-8cd0-4fad-b262-906eb49a2a2d}*SharedItemsImports = 5
		UnoCupertinoSample.Shared\UnoCupertinoSample.Shared.projitems*{cc911895-7678-4f00-b4b3-3404380d837d}*SharedItemsImports = 5
	EndGlobalSection
EndGlobal
