Microsoft Visual Studio Solution File, Format Version 12.00
# Visual Studio Version 17
VisualStudioVersion = 17.2.32210.308
MinimumVisualStudioVersion = 15.0.26124.0

Project("{2150E333-8FDC-42A3-9474-1A3956D46DE8}") = "Source", "Source", "{46688159-E3CA-41FC-9025-F44357266ACC}"
EndProject
Project("{2150E333-8FDC-42A3-9474-1A3956D46DE8}") = "Platforms", "Platforms", "{36AF7983-FDFB-4D8C-B795-29B47E4F372D}"
EndProject

Project("{9A19103F-16F7-4668-BE54-9A1E7A4F7556}") = "SimpleCalculator", "SimpleCalculator\SimpleCalculator.csproj", "{59ECA259-C277-4743-8F70-7D25C265DCE4}"
EndProject
Project("{9A19103F-16F7-4668-BE54-9A1E7A4F7556}") = "SimpleCalculator.Mobile", "SimpleCalculator.Mobile\SimpleCalculator.Mobile.csproj", "{6AADD1D2-9422-439B-9111-58C963DAC5BD}"
EndProject
Project("{9A19103F-16F7-4668-BE54-9A1E7A4F7556}") = "SimpleCalculator.Wasm", "SimpleCalculator.Wasm\SimpleCalculator.Wasm.csproj", "{A4857065-2A24-4B61-A492-AA156D536F64}"
EndProject
Project("{9A19103F-16F7-4668-BE54-9A1E7A4F7556}") = "SimpleCalculator.Skia.Gtk", "SimpleCalculator.Skia.Gtk\SimpleCalculator.Skia.Gtk.csproj", "{4BC08F97-4220-4163-AFD6-A4AB4AA50713}"
EndProject
Project("{9A19103F-16F7-4668-BE54-9A1E7A4F7556}") = "SimpleCalculator.Skia.WPF", "SimpleCalculator.Skia.WPF\SimpleCalculator.Skia.WPF.csproj", "{29AB6488-D8F0-49BB-BC57-5A16DA363652}"
EndProject
Project("{9A19103F-16F7-4668-BE54-9A1E7A4F7556}") = "SimpleCalculator.Windows", "SimpleCalculator.Windows\SimpleCalculator.Windows.csproj", "{6CAD1561-82BC-4613-BE87-43DD590D21D5}"
EndProject
Project("{9A19103F-16F7-4668-BE54-9A1E7A4F7556}") = "SimpleCalculator.Skia.Linux.FrameBuffer", "SimpleCalculator.Skia.Linux.FrameBuffer\SimpleCalculator.Skia.Linux.FrameBuffer.csproj", "{D46693B6-2669-4B6F-A4DE-389BBCF0C231}"
EndProject

Project("{2150E333-8FDC-42A3-9474-1A3956D46DE8}") = "Solution Items", "Solution Items", "{BADA71DC-7FFD-4EDC-9F28-FB74AEADC713}"
	ProjectSection(SolutionItems) = preProject
		Directory.Build.props = Directory.Build.props
		Directory.Build.targets = Directory.Build.targets
		global.json = global.json
	EndProjectSection
EndProject
Global
	GlobalSection(SolutionConfigurationPlatforms) = preSolution
		Debug|Any CPU = Debug|Any CPU
		Debug|ARM = Debug|ARM
		Debug|ARM64 = Debug|ARM64
		Debug|iPhone = Debug|iPhone
		Debug|iPhoneSimulator = Debug|iPhoneSimulator
		Debug|x64 = Debug|x64
		Debug|x86 = Debug|x86
		Release|Any CPU = Release|Any CPU
		Release|ARM = Release|ARM
		Release|ARM64 = Release|ARM64
		Release|iPhone = Release|iPhone
		Release|iPhoneSimulator = Release|iPhoneSimulator
		Release|x64 = Release|x64
		Release|x86 = Release|x86
	EndGlobalSection
	GlobalSection(ProjectConfigurationPlatforms) = postSolution
		{6AADD1D2-9422-439B-9111-58C963DAC5BD}.Debug|Any CPU.ActiveCfg = Debug|Any CPU
		{6AADD1D2-9422-439B-9111-58C963DAC5BD}.Debug|Any CPU.Build.0 = Debug|Any CPU
		{6AADD1D2-9422-439B-9111-58C963DAC5BD}.Debug|Any CPU.Deploy.0 = Debug|Any CPU
		{6AADD1D2-9422-439B-9111-58C963DAC5BD}.Debug|ARM.ActiveCfg = Debug|Any CPU
		{6AADD1D2-9422-439B-9111-58C963DAC5BD}.Debug|ARM.Build.0 = Debug|Any CPU
		{6AADD1D2-9422-439B-9111-58C963DAC5BD}.Debug|ARM.Deploy.0 = Debug|Any CPU
		{6AADD1D2-9422-439B-9111-58C963DAC5BD}.Debug|ARM64.ActiveCfg = Debug|Any CPU
		{6AADD1D2-9422-439B-9111-58C963DAC5BD}.Debug|ARM64.Build.0 = Debug|Any CPU
		{6AADD1D2-9422-439B-9111-58C963DAC5BD}.Debug|ARM64.Deploy.0 = Debug|Any CPU
		{6AADD1D2-9422-439B-9111-58C963DAC5BD}.Debug|iPhone.ActiveCfg = Debug|Any CPU
		{6AADD1D2-9422-439B-9111-58C963DAC5BD}.Debug|iPhone.Build.0 = Debug|Any CPU
		{6AADD1D2-9422-439B-9111-58C963DAC5BD}.Debug|iPhone.Deploy.0 = Debug|Any CPU
		{6AADD1D2-9422-439B-9111-58C963DAC5BD}.Debug|iPhoneSimulator.ActiveCfg = Debug|Any CPU
		{6AADD1D2-9422-439B-9111-58C963DAC5BD}.Debug|iPhoneSimulator.Build.0 = Debug|Any CPU
		{6AADD1D2-9422-439B-9111-58C963DAC5BD}.Debug|iPhoneSimulator.Deploy.0 = Debug|Any CPU
		{6AADD1D2-9422-439B-9111-58C963DAC5BD}.Debug|x64.ActiveCfg = Debug|Any CPU
		{6AADD1D2-9422-439B-9111-58C963DAC5BD}.Debug|x64.Build.0 = Debug|Any CPU
		{6AADD1D2-9422-439B-9111-58C963DAC5BD}.Debug|x64.Deploy.0 = Debug|Any CPU
		{6AADD1D2-9422-439B-9111-58C963DAC5BD}.Debug|x86.ActiveCfg = Debug|Any CPU
		{6AADD1D2-9422-439B-9111-58C963DAC5BD}.Debug|x86.Build.0 = Debug|Any CPU
		{6AADD1D2-9422-439B-9111-58C963DAC5BD}.Debug|x86.Deploy.0 = Debug|Any CPU
		{6AADD1D2-9422-439B-9111-58C963DAC5BD}.Release|Any CPU.ActiveCfg = Release|Any CPU
		{6AADD1D2-9422-439B-9111-58C963DAC5BD}.Release|Any CPU.Build.0 = Release|Any CPU
		{6AADD1D2-9422-439B-9111-58C963DAC5BD}.Release|Any CPU.Deploy.0 = Release|Any CPU
		{6AADD1D2-9422-439B-9111-58C963DAC5BD}.Release|ARM.ActiveCfg = Release|Any CPU
		{6AADD1D2-9422-439B-9111-58C963DAC5BD}.Release|ARM.Build.0 = Release|Any CPU
		{6AADD1D2-9422-439B-9111-58C963DAC5BD}.Release|ARM.Deploy.0 = Release|Any CPU
		{6AADD1D2-9422-439B-9111-58C963DAC5BD}.Release|ARM64.ActiveCfg = Release|Any CPU
		{6AADD1D2-9422-439B-9111-58C963DAC5BD}.Release|ARM64.Build.0 = Release|Any CPU
		{6AADD1D2-9422-439B-9111-58C963DAC5BD}.Release|ARM64.Deploy.0 = Release|Any CPU
		{6AADD1D2-9422-439B-9111-58C963DAC5BD}.Release|iPhone.ActiveCfg = Release|Any CPU
		{6AADD1D2-9422-439B-9111-58C963DAC5BD}.Release|iPhone.Build.0 = Release|Any CPU
		{6AADD1D2-9422-439B-9111-58C963DAC5BD}.Release|iPhone.Deploy.0 = Release|Any CPU
		{6AADD1D2-9422-439B-9111-58C963DAC5BD}.Release|iPhoneSimulator.ActiveCfg = Release|Any CPU
		{6AADD1D2-9422-439B-9111-58C963DAC5BD}.Release|iPhoneSimulator.Build.0 = Release|Any CPU
		{6AADD1D2-9422-439B-9111-58C963DAC5BD}.Release|iPhoneSimulator.Deploy.0 = Release|Any CPU
		{6AADD1D2-9422-439B-9111-58C963DAC5BD}.Release|x64.ActiveCfg = Release|Any CPU
		{6AADD1D2-9422-439B-9111-58C963DAC5BD}.Release|x64.Build.0 = Release|Any CPU
		{6AADD1D2-9422-439B-9111-58C963DAC5BD}.Release|x64.Deploy.0 = Release|Any CPU
		{6AADD1D2-9422-439B-9111-58C963DAC5BD}.Release|x86.ActiveCfg = Release|Any CPU
		{6AADD1D2-9422-439B-9111-58C963DAC5BD}.Release|x86.Build.0 = Release|Any CPU
		{6AADD1D2-9422-439B-9111-58C963DAC5BD}.Release|x86.Deploy.0 = Release|Any CPU
		{A4857065-2A24-4B61-A492-AA156D536F64}.Debug|Any CPU.ActiveCfg = Debug|Any CPU
		{A4857065-2A24-4B61-A492-AA156D536F64}.Debug|Any CPU.Build.0 = Debug|Any CPU
		{A4857065-2A24-4B61-A492-AA156D536F64}.Debug|ARM.ActiveCfg = Debug|Any CPU
		{A4857065-2A24-4B61-A492-AA156D536F64}.Debug|ARM.Build.0 = Debug|Any CPU
		{A4857065-2A24-4B61-A492-AA156D536F64}.Debug|ARM64.ActiveCfg = Debug|Any CPU
		{A4857065-2A24-4B61-A492-AA156D536F64}.Debug|ARM64.Build.0 = Debug|Any CPU
		{A4857065-2A24-4B61-A492-AA156D536F64}.Debug|iPhone.ActiveCfg = Debug|Any CPU
		{A4857065-2A24-4B61-A492-AA156D536F64}.Debug|iPhone.Build.0 = Debug|Any CPU
		{A4857065-2A24-4B61-A492-AA156D536F64}.Debug|iPhoneSimulator.ActiveCfg = Debug|Any CPU
		{A4857065-2A24-4B61-A492-AA156D536F64}.Debug|iPhoneSimulator.Build.0 = Debug|Any CPU
		{A4857065-2A24-4B61-A492-AA156D536F64}.Debug|x64.ActiveCfg = Debug|Any CPU
		{A4857065-2A24-4B61-A492-AA156D536F64}.Debug|x64.Build.0 = Debug|Any CPU
		{A4857065-2A24-4B61-A492-AA156D536F64}.Debug|x86.ActiveCfg = Debug|Any CPU
		{A4857065-2A24-4B61-A492-AA156D536F64}.Debug|x86.Build.0 = Debug|Any CPU
		{A4857065-2A24-4B61-A492-AA156D536F64}.Release|Any CPU.ActiveCfg = Release|Any CPU
		{A4857065-2A24-4B61-A492-AA156D536F64}.Release|Any CPU.Build.0 = Release|Any CPU
		{A4857065-2A24-4B61-A492-AA156D536F64}.Release|ARM.ActiveCfg = Release|Any CPU
		{A4857065-2A24-4B61-A492-AA156D536F64}.Release|ARM.Build.0 = Release|Any CPU
		{A4857065-2A24-4B61-A492-AA156D536F64}.Release|ARM64.ActiveCfg = Release|Any CPU
		{A4857065-2A24-4B61-A492-AA156D536F64}.Release|ARM64.Build.0 = Release|Any CPU
		{A4857065-2A24-4B61-A492-AA156D536F64}.Release|iPhone.ActiveCfg = Release|Any CPU
		{A4857065-2A24-4B61-A492-AA156D536F64}.Release|iPhone.Build.0 = Release|Any CPU
		{A4857065-2A24-4B61-A492-AA156D536F64}.Release|iPhoneSimulator.ActiveCfg = Release|Any CPU
		{A4857065-2A24-4B61-A492-AA156D536F64}.Release|iPhoneSimulator.Build.0 = Release|Any CPU
		{A4857065-2A24-4B61-A492-AA156D536F64}.Release|x64.ActiveCfg = Release|Any CPU
		{A4857065-2A24-4B61-A492-AA156D536F64}.Release|x64.Build.0 = Release|Any CPU
		{A4857065-2A24-4B61-A492-AA156D536F64}.Release|x86.ActiveCfg = Release|Any CPU
		{A4857065-2A24-4B61-A492-AA156D536F64}.Release|x86.Build.0 = Release|Any CPU
		{4BC08F97-4220-4163-AFD6-A4AB4AA50713}.Debug|Any CPU.ActiveCfg = Debug|Any CPU
		{4BC08F97-4220-4163-AFD6-A4AB4AA50713}.Debug|Any CPU.Build.0 = Debug|Any CPU
		{4BC08F97-4220-4163-AFD6-A4AB4AA50713}.Debug|ARM.ActiveCfg = Debug|Any CPU
		{4BC08F97-4220-4163-AFD6-A4AB4AA50713}.Debug|ARM.Build.0 = Debug|Any CPU
		{4BC08F97-4220-4163-AFD6-A4AB4AA50713}.Debug|ARM64.ActiveCfg = Debug|Any CPU
		{4BC08F97-4220-4163-AFD6-A4AB4AA50713}.Debug|ARM64.Build.0 = Debug|Any CPU
		{4BC08F97-4220-4163-AFD6-A4AB4AA50713}.Debug|iPhone.ActiveCfg = Debug|Any CPU
		{4BC08F97-4220-4163-AFD6-A4AB4AA50713}.Debug|iPhone.Build.0 = Debug|Any CPU
		{4BC08F97-4220-4163-AFD6-A4AB4AA50713}.Debug|iPhoneSimulator.ActiveCfg = Debug|Any CPU
		{4BC08F97-4220-4163-AFD6-A4AB4AA50713}.Debug|iPhoneSimulator.Build.0 = Debug|Any CPU
		{4BC08F97-4220-4163-AFD6-A4AB4AA50713}.Debug|x64.ActiveCfg = Debug|Any CPU
		{4BC08F97-4220-4163-AFD6-A4AB4AA50713}.Debug|x64.Build.0 = Debug|Any CPU
		{4BC08F97-4220-4163-AFD6-A4AB4AA50713}.Debug|x86.ActiveCfg = Debug|Any CPU
		{4BC08F97-4220-4163-AFD6-A4AB4AA50713}.Debug|x86.Build.0 = Debug|Any CPU
		{4BC08F97-4220-4163-AFD6-A4AB4AA50713}.Release|Any CPU.ActiveCfg = Release|Any CPU
		{4BC08F97-4220-4163-AFD6-A4AB4AA50713}.Release|Any CPU.Build.0 = Release|Any CPU
		{4BC08F97-4220-4163-AFD6-A4AB4AA50713}.Release|ARM.ActiveCfg = Release|Any CPU
		{4BC08F97-4220-4163-AFD6-A4AB4AA50713}.Release|ARM.Build.0 = Release|Any CPU
		{4BC08F97-4220-4163-AFD6-A4AB4AA50713}.Release|ARM64.ActiveCfg = Release|Any CPU
		{4BC08F97-4220-4163-AFD6-A4AB4AA50713}.Release|ARM64.Build.0 = Release|Any CPU
		{4BC08F97-4220-4163-AFD6-A4AB4AA50713}.Release|iPhone.ActiveCfg = Release|Any CPU
		{4BC08F97-4220-4163-AFD6-A4AB4AA50713}.Release|iPhone.Build.0 = Release|Any CPU
		{4BC08F97-4220-4163-AFD6-A4AB4AA50713}.Release|iPhoneSimulator.ActiveCfg = Release|Any CPU
		{4BC08F97-4220-4163-AFD6-A4AB4AA50713}.Release|iPhoneSimulator.Build.0 = Release|Any CPU
		{4BC08F97-4220-4163-AFD6-A4AB4AA50713}.Release|x64.ActiveCfg = Release|Any CPU
		{4BC08F97-4220-4163-AFD6-A4AB4AA50713}.Release|x64.Build.0 = Release|Any CPU
		{4BC08F97-4220-4163-AFD6-A4AB4AA50713}.Release|x86.ActiveCfg = Release|Any CPU
		{4BC08F97-4220-4163-AFD6-A4AB4AA50713}.Release|x86.Build.0 = Release|Any CPU
		{29AB6488-D8F0-49BB-BC57-5A16DA363652}.Debug|Any CPU.ActiveCfg = Debug|Any CPU
		{29AB6488-D8F0-49BB-BC57-5A16DA363652}.Debug|Any CPU.Build.0 = Debug|Any CPU
		{29AB6488-D8F0-49BB-BC57-5A16DA363652}.Debug|Any CPU.Deploy.0 = Debug|Any CPU
		{29AB6488-D8F0-49BB-BC57-5A16DA363652}.Debug|ARM.ActiveCfg = Debug|Any CPU
		{29AB6488-D8F0-49BB-BC57-5A16DA363652}.Debug|ARM.Build.0 = Debug|Any CPU
		{29AB6488-D8F0-49BB-BC57-5A16DA363652}.Debug|ARM.Deploy.0 = Debug|Any CPU
		{29AB6488-D8F0-49BB-BC57-5A16DA363652}.Debug|ARM64.ActiveCfg = Debug|Any CPU
		{29AB6488-D8F0-49BB-BC57-5A16DA363652}.Debug|ARM64.Build.0 = Debug|Any CPU
		{29AB6488-D8F0-49BB-BC57-5A16DA363652}.Debug|ARM64.Deploy.0 = Debug|Any CPU
		{29AB6488-D8F0-49BB-BC57-5A16DA363652}.Debug|iPhone.ActiveCfg = Debug|Any CPU
		{29AB6488-D8F0-49BB-BC57-5A16DA363652}.Debug|iPhone.Build.0 = Debug|Any CPU
		{29AB6488-D8F0-49BB-BC57-5A16DA363652}.Debug|iPhone.Deploy.0 = Debug|Any CPU
		{29AB6488-D8F0-49BB-BC57-5A16DA363652}.Debug|iPhoneSimulator.ActiveCfg = Debug|Any CPU
		{29AB6488-D8F0-49BB-BC57-5A16DA363652}.Debug|iPhoneSimulator.Build.0 = Debug|Any CPU
		{29AB6488-D8F0-49BB-BC57-5A16DA363652}.Debug|iPhoneSimulator.Deploy.0 = Debug|Any CPU
		{29AB6488-D8F0-49BB-BC57-5A16DA363652}.Debug|x64.ActiveCfg = Debug|Any CPU
		{29AB6488-D8F0-49BB-BC57-5A16DA363652}.Debug|x64.Build.0 = Debug|Any CPU
		{29AB6488-D8F0-49BB-BC57-5A16DA363652}.Debug|x64.Deploy.0 = Debug|Any CPU
		{29AB6488-D8F0-49BB-BC57-5A16DA363652}.Debug|x86.ActiveCfg = Debug|Any CPU
		{29AB6488-D8F0-49BB-BC57-5A16DA363652}.Debug|x86.Build.0 = Debug|Any CPU
		{29AB6488-D8F0-49BB-BC57-5A16DA363652}.Debug|x86.Deploy.0 = Debug|Any CPU
		{29AB6488-D8F0-49BB-BC57-5A16DA363652}.Release|Any CPU.ActiveCfg = Release|Any CPU
		{29AB6488-D8F0-49BB-BC57-5A16DA363652}.Release|ARM.ActiveCfg = Release|Any CPU
		{29AB6488-D8F0-49BB-BC57-5A16DA363652}.Release|ARM.Build.0 = Release|Any CPU
		{29AB6488-D8F0-49BB-BC57-5A16DA363652}.Release|ARM.Deploy.0 = Release|Any CPU
		{29AB6488-D8F0-49BB-BC57-5A16DA363652}.Release|ARM64.ActiveCfg = Release|Any CPU
		{29AB6488-D8F0-49BB-BC57-5A16DA363652}.Release|ARM64.Build.0 = Release|Any CPU
		{29AB6488-D8F0-49BB-BC57-5A16DA363652}.Release|ARM64.Deploy.0 = Release|Any CPU
		{29AB6488-D8F0-49BB-BC57-5A16DA363652}.Release|iPhone.ActiveCfg = Release|Any CPU
		{29AB6488-D8F0-49BB-BC57-5A16DA363652}.Release|iPhone.Build.0 = Release|Any CPU
		{29AB6488-D8F0-49BB-BC57-5A16DA363652}.Release|iPhoneSimulator.ActiveCfg = Release|Any CPU
		{29AB6488-D8F0-49BB-BC57-5A16DA363652}.Release|iPhoneSimulator.Build.0 = Release|Any CPU
		{29AB6488-D8F0-49BB-BC57-5A16DA363652}.Release|iPhoneSimulator.Deploy.0 = Release|Any CPU
		{29AB6488-D8F0-49BB-BC57-5A16DA363652}.Release|x64.ActiveCfg = Release|Any CPU
		{29AB6488-D8F0-49BB-BC57-5A16DA363652}.Release|x64.Build.0 = Release|Any CPU
		{29AB6488-D8F0-49BB-BC57-5A16DA363652}.Release|x64.Deploy.0 = Release|Any CPU
		{29AB6488-D8F0-49BB-BC57-5A16DA363652}.Release|x86.ActiveCfg = Release|Any CPU
		{29AB6488-D8F0-49BB-BC57-5A16DA363652}.Release|x86.Build.0 = Release|Any CPU
		{29AB6488-D8F0-49BB-BC57-5A16DA363652}.Release|x86.Deploy.0 = Release|Any CPU
		{59ECA259-C277-4743-8F70-7D25C265DCE4}.Debug|Any CPU.ActiveCfg = Debug|Any CPU
		{59ECA259-C277-4743-8F70-7D25C265DCE4}.Debug|Any CPU.Build.0 = Debug|Any CPU
		{59ECA259-C277-4743-8F70-7D25C265DCE4}.Debug|ARM.ActiveCfg = Debug|Any CPU
		{59ECA259-C277-4743-8F70-7D25C265DCE4}.Debug|ARM.Build.0 = Debug|Any CPU
		{59ECA259-C277-4743-8F70-7D25C265DCE4}.Debug|ARM64.ActiveCfg = Debug|Any CPU
		{59ECA259-C277-4743-8F70-7D25C265DCE4}.Debug|ARM64.Build.0 = Debug|Any CPU
		{59ECA259-C277-4743-8F70-7D25C265DCE4}.Debug|iPhone.ActiveCfg = Debug|Any CPU
		{59ECA259-C277-4743-8F70-7D25C265DCE4}.Debug|iPhone.Build.0 = Debug|Any CPU
		{59ECA259-C277-4743-8F70-7D25C265DCE4}.Debug|iPhoneSimulator.ActiveCfg = Debug|Any CPU
		{59ECA259-C277-4743-8F70-7D25C265DCE4}.Debug|iPhoneSimulator.Build.0 = Debug|Any CPU
		{59ECA259-C277-4743-8F70-7D25C265DCE4}.Debug|x64.ActiveCfg = Debug|Any CPU
		{59ECA259-C277-4743-8F70-7D25C265DCE4}.Debug|x64.Build.0 = Debug|Any CPU
		{59ECA259-C277-4743-8F70-7D25C265DCE4}.Debug|x86.ActiveCfg = Debug|Any CPU
		{59ECA259-C277-4743-8F70-7D25C265DCE4}.Debug|x86.Build.0 = Debug|Any CPU
		{59ECA259-C277-4743-8F70-7D25C265DCE4}.Release|Any CPU.ActiveCfg = Release|Any CPU
		{59ECA259-C277-4743-8F70-7D25C265DCE4}.Release|Any CPU.Build.0 = Release|Any CPU
		{59ECA259-C277-4743-8F70-7D25C265DCE4}.Release|ARM.ActiveCfg = Release|Any CPU
		{59ECA259-C277-4743-8F70-7D25C265DCE4}.Release|ARM.Build.0 = Release|Any CPU
		{59ECA259-C277-4743-8F70-7D25C265DCE4}.Release|ARM64.ActiveCfg = Release|Any CPU
		{59ECA259-C277-4743-8F70-7D25C265DCE4}.Release|ARM64.Build.0 = Release|Any CPU
		{59ECA259-C277-4743-8F70-7D25C265DCE4}.Release|iPhone.ActiveCfg = Release|Any CPU
		{59ECA259-C277-4743-8F70-7D25C265DCE4}.Release|iPhone.Build.0 = Release|Any CPU
		{59ECA259-C277-4743-8F70-7D25C265DCE4}.Release|iPhoneSimulator.ActiveCfg = Release|Any CPU
		{59ECA259-C277-4743-8F70-7D25C265DCE4}.Release|iPhoneSimulator.Build.0 = Release|Any CPU
		{59ECA259-C277-4743-8F70-7D25C265DCE4}.Release|x64.ActiveCfg = Release|Any CPU
		{59ECA259-C277-4743-8F70-7D25C265DCE4}.Release|x64.Build.0 = Release|Any CPU
		{59ECA259-C277-4743-8F70-7D25C265DCE4}.Release|x86.ActiveCfg = Release|Any CPU
		{59ECA259-C277-4743-8F70-7D25C265DCE4}.Release|x86.Build.0 = Release|Any CPU
		{6CAD1561-82BC-4613-BE87-43DD590D21D5}.Debug|Any CPU.ActiveCfg = Debug|x64
		{6CAD1561-82BC-4613-BE87-43DD590D21D5}.Debug|Any CPU.Build.0 = Debug|x64
		{6CAD1561-82BC-4613-BE87-43DD590D21D5}.Debug|Any CPU.Deploy.0 = Debug|x64
		{6CAD1561-82BC-4613-BE87-43DD590D21D5}.Debug|ARM.ActiveCfg = Debug|x64
		{6CAD1561-82BC-4613-BE87-43DD590D21D5}.Debug|ARM.Build.0 = Debug|x64
		{6CAD1561-82BC-4613-BE87-43DD590D21D5}.Debug|ARM.Deploy.0 = Debug|x64
		{6CAD1561-82BC-4613-BE87-43DD590D21D5}.Debug|ARM64.ActiveCfg = Debug|arm64
		{6CAD1561-82BC-4613-BE87-43DD590D21D5}.Debug|ARM64.Build.0 = Debug|arm64
		{6CAD1561-82BC-4613-BE87-43DD590D21D5}.Debug|ARM64.Deploy.0 = Debug|arm64
		{6CAD1561-82BC-4613-BE87-43DD590D21D5}.Debug|iPhone.ActiveCfg = Debug|x64
		{6CAD1561-82BC-4613-BE87-43DD590D21D5}.Debug|iPhone.Build.0 = Debug|x64
		{6CAD1561-82BC-4613-BE87-43DD590D21D5}.Debug|iPhone.Deploy.0 = Debug|x64
		{6CAD1561-82BC-4613-BE87-43DD590D21D5}.Debug|iPhoneSimulator.ActiveCfg = Debug|x64
		{6CAD1561-82BC-4613-BE87-43DD590D21D5}.Debug|iPhoneSimulator.Build.0 = Debug|x64
		{6CAD1561-82BC-4613-BE87-43DD590D21D5}.Debug|iPhoneSimulator.Deploy.0 = Debug|x64
		{6CAD1561-82BC-4613-BE87-43DD590D21D5}.Debug|x64.ActiveCfg = Debug|x64
		{6CAD1561-82BC-4613-BE87-43DD590D21D5}.Debug|x64.Build.0 = Debug|x64
		{6CAD1561-82BC-4613-BE87-43DD590D21D5}.Debug|x86.ActiveCfg = Debug|x86
		{6CAD1561-82BC-4613-BE87-43DD590D21D5}.Debug|x86.Build.0 = Debug|x86
		{6CAD1561-82BC-4613-BE87-43DD590D21D5}.Release|Any CPU.ActiveCfg = Release|x64
		{6CAD1561-82BC-4613-BE87-43DD590D21D5}.Release|Any CPU.Build.0 = Release|x64
		{6CAD1561-82BC-4613-BE87-43DD590D21D5}.Release|Any CPU.Deploy.0 = Release|x64
		{6CAD1561-82BC-4613-BE87-43DD590D21D5}.Release|ARM.ActiveCfg = Release|x64
		{6CAD1561-82BC-4613-BE87-43DD590D21D5}.Release|ARM.Build.0 = Release|x64
		{6CAD1561-82BC-4613-BE87-43DD590D21D5}.Release|ARM64.ActiveCfg = Release|arm64
		{6CAD1561-82BC-4613-BE87-43DD590D21D5}.Release|ARM64.Build.0 = Release|arm64
		{6CAD1561-82BC-4613-BE87-43DD590D21D5}.Release|iPhone.ActiveCfg = Release|x64
		{6CAD1561-82BC-4613-BE87-43DD590D21D5}.Release|iPhone.Build.0 = Release|x64
		{6CAD1561-82BC-4613-BE87-43DD590D21D5}.Release|iPhoneSimulator.ActiveCfg = Release|x64
		{6CAD1561-82BC-4613-BE87-43DD590D21D5}.Release|iPhoneSimulator.Build.0 = Release|x64
		{6CAD1561-82BC-4613-BE87-43DD590D21D5}.Release|x64.ActiveCfg = Release|x64
		{6CAD1561-82BC-4613-BE87-43DD590D21D5}.Release|x64.Build.0 = Release|x64
		{6CAD1561-82BC-4613-BE87-43DD590D21D5}.Release|x86.ActiveCfg = Release|x86
		{6CAD1561-82BC-4613-BE87-43DD590D21D5}.Release|x86.Build.0 = Release|x86
		{D46693B6-2669-4B6F-A4DE-389BBCF0C231}.Debug|Any CPU.ActiveCfg = Debug|Any CPU
		{D46693B6-2669-4B6F-A4DE-389BBCF0C231}.Debug|Any CPU.Build.0 = Debug|Any CPU
		{D46693B6-2669-4B6F-A4DE-389BBCF0C231}.Debug|ARM.ActiveCfg = Debug|Any CPU
		{D46693B6-2669-4B6F-A4DE-389BBCF0C231}.Debug|ARM.Build.0 = Debug|Any CPU
		{D46693B6-2669-4B6F-A4DE-389BBCF0C231}.Debug|ARM64.ActiveCfg = Debug|Any CPU
		{D46693B6-2669-4B6F-A4DE-389BBCF0C231}.Debug|ARM64.Build.0 = Debug|Any CPU
		{D46693B6-2669-4B6F-A4DE-389BBCF0C231}.Debug|iPhone.ActiveCfg = Debug|Any CPU
		{D46693B6-2669-4B6F-A4DE-389BBCF0C231}.Debug|iPhone.Build.0 = Debug|Any CPU
		{D46693B6-2669-4B6F-A4DE-389BBCF0C231}.Debug|iPhoneSimulator.ActiveCfg = Debug|Any CPU
		{D46693B6-2669-4B6F-A4DE-389BBCF0C231}.Debug|iPhoneSimulator.Build.0 = Debug|Any CPU
		{D46693B6-2669-4B6F-A4DE-389BBCF0C231}.Debug|x64.ActiveCfg = Debug|Any CPU
		{D46693B6-2669-4B6F-A4DE-389BBCF0C231}.Debug|x64.Build.0 = Debug|Any CPU
		{D46693B6-2669-4B6F-A4DE-389BBCF0C231}.Debug|x86.ActiveCfg = Debug|Any CPU
		{D46693B6-2669-4B6F-A4DE-389BBCF0C231}.Debug|x86.Build.0 = Debug|Any CPU
		{D46693B6-2669-4B6F-A4DE-389BBCF0C231}.Release|Any CPU.ActiveCfg = Release|Any CPU
		{D46693B6-2669-4B6F-A4DE-389BBCF0C231}.Release|Any CPU.Build.0 = Release|Any CPU
		{D46693B6-2669-4B6F-A4DE-389BBCF0C231}.Release|ARM.ActiveCfg = Release|Any CPU
		{D46693B6-2669-4B6F-A4DE-389BBCF0C231}.Release|ARM.Build.0 = Release|Any CPU
		{D46693B6-2669-4B6F-A4DE-389BBCF0C231}.Release|ARM64.ActiveCfg = Release|Any CPU
		{D46693B6-2669-4B6F-A4DE-389BBCF0C231}.Release|ARM64.Build.0 = Release|Any CPU
		{D46693B6-2669-4B6F-A4DE-389BBCF0C231}.Release|iPhone.ActiveCfg = Release|Any CPU
		{D46693B6-2669-4B6F-A4DE-389BBCF0C231}.Release|iPhone.Build.0 = Release|Any CPU
		{D46693B6-2669-4B6F-A4DE-389BBCF0C231}.Release|iPhoneSimulator.ActiveCfg = Release|Any CPU
		{D46693B6-2669-4B6F-A4DE-389BBCF0C231}.Release|iPhoneSimulator.Build.0 = Release|Any CPU
		{D46693B6-2669-4B6F-A4DE-389BBCF0C231}.Release|x64.ActiveCfg = Release|Any CPU
		{D46693B6-2669-4B6F-A4DE-389BBCF0C231}.Release|x64.Build.0 = Release|Any CPU
		{D46693B6-2669-4B6F-A4DE-389BBCF0C231}.Release|x86.ActiveCfg = Release|Any CPU
		{D46693B6-2669-4B6F-A4DE-389BBCF0C231}.Release|x86.Build.0 = Release|Any CPU
	EndGlobalSection
	GlobalSection(SolutionProperties) = preSolution
		HideSolutionNode = FALSE
	EndGlobalSection
	GlobalSection(NestedProjects) = preSolution
		{59ECA259-C277-4743-8F70-7D25C265DCE4} = {46688159-E3CA-41FC-9025-F44357266ACC}
		{36AF7983-FDFB-4D8C-B795-29B47E4F372D} = {46688159-E3CA-41FC-9025-F44357266ACC}
		{6AADD1D2-9422-439B-9111-58C963DAC5BD} = {36AF7983-FDFB-4D8C-B795-29B47E4F372D}
		{A4857065-2A24-4B61-A492-AA156D536F64} = {36AF7983-FDFB-4D8C-B795-29B47E4F372D}
		{4BC08F97-4220-4163-AFD6-A4AB4AA50713} = {36AF7983-FDFB-4D8C-B795-29B47E4F372D}
		{29AB6488-D8F0-49BB-BC57-5A16DA363652} = {36AF7983-FDFB-4D8C-B795-29B47E4F372D}
		{6CAD1561-82BC-4613-BE87-43DD590D21D5} = {36AF7983-FDFB-4D8C-B795-29B47E4F372D}
		{D46693B6-2669-4B6F-A4DE-389BBCF0C231} = {36AF7983-FDFB-4D8C-B795-29B47E4F372D}
	EndGlobalSection
	GlobalSection(ExtensibilityGlobals) = postSolution
		SolutionGuid = {5C9F624B-F7F1-4D27-89FA-D2F5D96235F4}
	EndGlobalSection
EndGlobal
