Microsoft Visual Studio Solution File, Format Version 12.00
# Visual Studio Version 17
VisualStudioVersion = 17.2.32210.308
MinimumVisualStudioVersion = 15.0.26124.0

Project("{2150E333-8FDC-42A3-9474-1A3956D46DE8}") = "Tests", "Tests", "{B1FC9A21-09C5-4F0B-9DFC-0873A12E6106}"
EndProject
Project("{9A19103F-16F7-4668-BE54-9A1E7A4F7556}") = "SimpleCalculator", "SimpleCalculator\SimpleCalculator.csproj", "{49A378B7-4760-4545-B6AC-1B2EB8F479A6}"
EndProject
Project("{9A19103F-16F7-4668-BE54-9A1E7A4F7556}") = "SimpleCalculator.Tests", "SimpleCalculator.Tests\SimpleCalculator.Tests.csproj", "{D065E88F-6780-4E13-973A-DF4E44E110EA}"
EndProject

Project("{2150E333-8FDC-42A3-9474-1A3956D46DE8}") = "Solution Items", "Solution Items", "{BADA71DC-7FFD-4EDC-9F28-FB74AEADC713}"
	ProjectSection(SolutionItems) = preProject
		.gitignore = .gitignore
		Directory.Build.props = Directory.Build.props
		Directory.Build.targets = Directory.Build.targets
		solution-config.props.sample = solution-config.props.sample
		global.json = global.json
		Directory.Packages.props = Directory.Packages.props
	EndProjectSection
EndProject
Global
	GlobalSection(SolutionConfigurationPlatforms) = preSolution
		Debug|Any CPU = Debug|Any CPU
		Debug|ARM = Debug|ARM
		Debug|ARM64 = Debug|ARM64
		Debug|iPhone = Debug|iPhone
		Debug|iPhoneSimulator = Debug|iPhoneSimulator
		Debug|x64 = Debug|x64
		Debug|x86 = Debug|x86
		Release|Any CPU = Release|Any CPU
		Release|ARM = Release|ARM
		Release|ARM64 = Release|ARM64
		Release|iPhone = Release|iPhone
		Release|iPhoneSimulator = Release|iPhoneSimulator
		Release|x64 = Release|x64
		Release|x86 = Release|x86
	EndGlobalSection
	GlobalSection(ProjectConfigurationPlatforms) = postSolution
		{49A378B7-4760-4545-B6AC-1B2EB8F479A6}.Debug|Any CPU.ActiveCfg = Debug|Any CPU
		{49A378B7-4760-4545-B6AC-1B2EB8F479A6}.Debug|Any CPU.Build.0 = Debug|Any CPU
		{49A378B7-4760-4545-B6AC-1B2EB8F479A6}.Debug|Any CPU.Deploy.0 = Debug|Any CPU
		{49A378B7-4760-4545-B6AC-1B2EB8F479A6}.Debug|ARM.ActiveCfg = Debug|Any CPU
		{49A378B7-4760-4545-B6AC-1B2EB8F479A6}.Debug|ARM.Build.0 = Debug|Any CPU
		{49A378B7-4760-4545-B6AC-1B2EB8F479A6}.Debug|ARM.Deploy.0 = Debug|Any CPU
		{49A378B7-4760-4545-B6AC-1B2EB8F479A6}.Debug|ARM64.ActiveCfg = Debug|Any CPU
		{49A378B7-4760-4545-B6AC-1B2EB8F479A6}.Debug|ARM64.Build.0 = Debug|Any CPU
		{49A378B7-4760-4545-B6AC-1B2EB8F479A6}.Debug|ARM64.Deploy.0 = Debug|Any CPU
		{49A378B7-4760-4545-B6AC-1B2EB8F479A6}.Debug|iPhone.ActiveCfg = Debug|Any CPU
		{49A378B7-4760-4545-B6AC-1B2EB8F479A6}.Debug|iPhone.Build.0 = Debug|Any CPU
		{49A378B7-4760-4545-B6AC-1B2EB8F479A6}.Debug|iPhone.Deploy.0 = Debug|Any CPU
		{49A378B7-4760-4545-B6AC-1B2EB8F479A6}.Debug|iPhoneSimulator.ActiveCfg = Debug|Any CPU
		{49A378B7-4760-4545-B6AC-1B2EB8F479A6}.Debug|iPhoneSimulator.Build.0 = Debug|Any CPU
		{49A378B7-4760-4545-B6AC-1B2EB8F479A6}.Debug|iPhoneSimulator.Deploy.0 = Debug|Any CPU
		{49A378B7-4760-4545-B6AC-1B2EB8F479A6}.Debug|x64.ActiveCfg = Debug|Any CPU
		{49A378B7-4760-4545-B6AC-1B2EB8F479A6}.Debug|x64.Build.0 = Debug|Any CPU
		{49A378B7-4760-4545-B6AC-1B2EB8F479A6}.Debug|x64.Deploy.0 = Debug|Any CPU
		{49A378B7-4760-4545-B6AC-1B2EB8F479A6}.Debug|x86.ActiveCfg = Debug|Any CPU
		{49A378B7-4760-4545-B6AC-1B2EB8F479A6}.Debug|x86.Build.0 = Debug|Any CPU
		{49A378B7-4760-4545-B6AC-1B2EB8F479A6}.Debug|x86.Deploy.0 = Debug|Any CPU
		{49A378B7-4760-4545-B6AC-1B2EB8F479A6}.Release|Any CPU.ActiveCfg = Release|Any CPU
		{49A378B7-4760-4545-B6AC-1B2EB8F479A6}.Release|Any CPU.Build.0 = Release|Any CPU
		{49A378B7-4760-4545-B6AC-1B2EB8F479A6}.Release|Any CPU.Deploy.0 = Release|Any CPU
		{49A378B7-4760-4545-B6AC-1B2EB8F479A6}.Release|ARM.ActiveCfg = Release|Any CPU
		{49A378B7-4760-4545-B6AC-1B2EB8F479A6}.Release|ARM.Build.0 = Release|Any CPU
		{49A378B7-4760-4545-B6AC-1B2EB8F479A6}.Release|ARM.Deploy.0 = Release|Any CPU
		{49A378B7-4760-4545-B6AC-1B2EB8F479A6}.Release|ARM64.ActiveCfg = Release|Any CPU
		{49A378B7-4760-4545-B6AC-1B2EB8F479A6}.Release|ARM64.Build.0 = Release|Any CPU
		{49A378B7-4760-4545-B6AC-1B2EB8F479A6}.Release|ARM64.Deploy.0 = Release|Any CPU
		{49A378B7-4760-4545-B6AC-1B2EB8F479A6}.Release|iPhone.ActiveCfg = Release|Any CPU
		{49A378B7-4760-4545-B6AC-1B2EB8F479A6}.Release|iPhone.Build.0 = Release|Any CPU
		{49A378B7-4760-4545-B6AC-1B2EB8F479A6}.Release|iPhone.Deploy.0 = Release|Any CPU
		{49A378B7-4760-4545-B6AC-1B2EB8F479A6}.Release|iPhoneSimulator.ActiveCfg = Release|Any CPU
		{49A378B7-4760-4545-B6AC-1B2EB8F479A6}.Release|iPhoneSimulator.Build.0 = Release|Any CPU
		{49A378B7-4760-4545-B6AC-1B2EB8F479A6}.Release|iPhoneSimulator.Deploy.0 = Release|Any CPU
		{49A378B7-4760-4545-B6AC-1B2EB8F479A6}.Release|x64.ActiveCfg = Release|Any CPU
		{49A378B7-4760-4545-B6AC-1B2EB8F479A6}.Release|x64.Build.0 = Release|Any CPU
		{49A378B7-4760-4545-B6AC-1B2EB8F479A6}.Release|x64.Deploy.0 = Release|Any CPU
		{49A378B7-4760-4545-B6AC-1B2EB8F479A6}.Release|x86.ActiveCfg = Release|Any CPU
		{49A378B7-4760-4545-B6AC-1B2EB8F479A6}.Release|x86.Build.0 = Release|Any CPU
		{49A378B7-4760-4545-B6AC-1B2EB8F479A6}.Release|x86.Deploy.0 = Release|Any CPU
		{D065E88F-6780-4E13-973A-DF4E44E110EA}.Debug|Any CPU.ActiveCfg = Debug|Any CPU
		{D065E88F-6780-4E13-973A-DF4E44E110EA}.Debug|Any CPU.Build.0 = Debug|Any CPU
		{D065E88F-6780-4E13-973A-DF4E44E110EA}.Debug|ARM.ActiveCfg = Debug|Any CPU
		{D065E88F-6780-4E13-973A-DF4E44E110EA}.Debug|ARM.Build.0 = Debug|Any CPU
		{D065E88F-6780-4E13-973A-DF4E44E110EA}.Debug|ARM64.ActiveCfg = Debug|Any CPU
		{D065E88F-6780-4E13-973A-DF4E44E110EA}.Debug|ARM64.Build.0 = Debug|Any CPU
		{D065E88F-6780-4E13-973A-DF4E44E110EA}.Debug|iPhone.ActiveCfg = Debug|Any CPU
		{D065E88F-6780-4E13-973A-DF4E44E110EA}.Debug|iPhone.Build.0 = Debug|Any CPU
		{D065E88F-6780-4E13-973A-DF4E44E110EA}.Debug|iPhoneSimulator.ActiveCfg = Debug|Any CPU
		{D065E88F-6780-4E13-973A-DF4E44E110EA}.Debug|iPhoneSimulator.Build.0 = Debug|Any CPU
		{D065E88F-6780-4E13-973A-DF4E44E110EA}.Debug|x64.ActiveCfg = Debug|Any CPU
		{D065E88F-6780-4E13-973A-DF4E44E110EA}.Debug|x64.Build.0 = Debug|Any CPU
		{D065E88F-6780-4E13-973A-DF4E44E110EA}.Debug|x86.ActiveCfg = Debug|Any CPU
		{D065E88F-6780-4E13-973A-DF4E44E110EA}.Debug|x86.Build.0 = Debug|Any CPU
		{D065E88F-6780-4E13-973A-DF4E44E110EA}.Release|Any CPU.ActiveCfg = Release|Any CPU
		{D065E88F-6780-4E13-973A-DF4E44E110EA}.Release|Any CPU.Build.0 = Release|Any CPU
		{D065E88F-6780-4E13-973A-DF4E44E110EA}.Release|ARM.ActiveCfg = Release|Any CPU
		{D065E88F-6780-4E13-973A-DF4E44E110EA}.Release|ARM.Build.0 = Release|Any CPU
		{D065E88F-6780-4E13-973A-DF4E44E110EA}.Release|ARM64.ActiveCfg = Release|Any CPU
		{D065E88F-6780-4E13-973A-DF4E44E110EA}.Release|ARM64.Build.0 = Release|Any CPU
		{D065E88F-6780-4E13-973A-DF4E44E110EA}.Release|iPhone.ActiveCfg = Release|Any CPU
		{D065E88F-6780-4E13-973A-DF4E44E110EA}.Release|iPhone.Build.0 = Release|Any CPU
		{D065E88F-6780-4E13-973A-DF4E44E110EA}.Release|iPhoneSimulator.ActiveCfg = Release|Any CPU
		{D065E88F-6780-4E13-973A-DF4E44E110EA}.Release|iPhoneSimulator.Build.0 = Release|Any CPU
		{D065E88F-6780-4E13-973A-DF4E44E110EA}.Release|x64.ActiveCfg = Release|Any CPU
		{D065E88F-6780-4E13-973A-DF4E44E110EA}.Release|x64.Build.0 = Release|Any CPU
		{D065E88F-6780-4E13-973A-DF4E44E110EA}.Release|x86.ActiveCfg = Release|Any CPU
		{D065E88F-6780-4E13-973A-DF4E44E110EA}.Release|x86.Build.0 = Release|Any CPU
	EndGlobalSection
	GlobalSection(SolutionProperties) = preSolution
		HideSolutionNode = FALSE
	EndGlobalSection
	GlobalSection(NestedProjects) = preSolution
		{D065E88F-6780-4E13-973A-DF4E44E110EA} = {B1FC9A21-09C5-4F0B-9DFC-0873A12E6106}
	EndGlobalSection
	GlobalSection(ExtensibilityGlobals) = postSolution
		SolutionGuid = {8EBB7603-F201-452A-99E0-DE2146A963C5}
	EndGlobalSection
EndGlobal
