
Microsoft Visual Studio Solution File, Format Version 12.00
# Visual Studio Version 17
VisualStudioVersion = 17.1.32210.238
MinimumVisualStudioVersion = 10.0.40219.1
Project("{D954291E-2A0B-460D-934E-DC6B0785DB48}") = "SkiaSharpTest.Shared", "SkiaSharpTest\SkiaSharpTest.Shared\SkiaSharpTest.Shared.shproj", "{6279C845-92F8-4333-AB99-3D213163593C}"
EndProject
Project("{9A19103F-16F7-4668-BE54-9A1E7A4F7556}") = "SkiaSharpTest.Wasm", "SkiaSharpTest\SkiaSharpTest.Wasm\SkiaSharpTest.Wasm.csproj", "{20363580-7906-4674-A521-C88A02857B71}"
EndProject
Project("{9A19103F-16F7-4668-BE54-9A1E7A4F7556}") = "SkiaSharpTest.Skia.Gtk", "SkiaSharpTest\SkiaSharpTest.Skia.Gtk\SkiaSharpTest.Skia.Gtk.csproj", "{F7B8D5EB-983D-4E80-AF84-BE8B707D2949}"
EndProject
Project("{9A19103F-16F7-4668-BE54-9A1E7A4F7556}") = "SkiaSharpTest.Skia.Linux.FrameBuffer", "SkiaSharpTest\SkiaSharpTest.Skia.Linux.FrameBuffer\SkiaSharpTest.Skia.Linux.FrameBuffer.csproj", "{EAF52B71-3EED-4924-BD84-5DD7F2E3D603}"
EndProject
Project("{9A19103F-16F7-4668-BE54-9A1E7A4F7556}") = "SkiaSharpTest.Skia.WPF", "SkiaSharpTest\SkiaSharpTest.Skia.WPF\SkiaSharpTest.Skia.WPF.csproj", "{21C9CD1F-56B9-4900-9508-23C40652C715}"
EndProject
Project("{2150E333-8FDC-42A3-9474-1A3956D46DE8}") = "Platforms", "Platforms", "{7FC3B29C-B94C-4753-9773-D13556EE69C3}"
EndProject
Project("{9A19103F-16F7-4668-BE54-9A1E7A4F7556}") = "SkiaSharpTest.Mobile", "SkiaSharpTest\SkiaSharpTest.Mobile\SkiaSharpTest.Mobile.csproj", "{905D9216-0955-4EE9-9F72-C9585EFDC6D4}"
EndProject
Project("{9A19103F-16F7-4668-BE54-9A1E7A4F7556}") = "SkiaSharpTest.Windows", "SkiaSharpTest\SkiaSharpTest.Windows\SkiaSharpTest.Windows.csproj", "{641F0732-CE9D-472F-8171-CBBC7C1371E7}"
EndProject
Global
	GlobalSection(SolutionConfigurationPlatforms) = preSolution
		Ad-Hoc|Any CPU = Ad-Hoc|Any CPU
		Ad-Hoc|ARM = Ad-Hoc|ARM
		Ad-Hoc|arm64 = Ad-Hoc|arm64
		Ad-Hoc|iPhone = Ad-Hoc|iPhone
		Ad-Hoc|iPhoneSimulator = Ad-Hoc|iPhoneSimulator
		Ad-Hoc|x64 = Ad-Hoc|x64
		Ad-Hoc|x86 = Ad-Hoc|x86
		AppStore|Any CPU = AppStore|Any CPU
		AppStore|ARM = AppStore|ARM
		AppStore|arm64 = AppStore|arm64
		AppStore|iPhone = AppStore|iPhone
		AppStore|iPhoneSimulator = AppStore|iPhoneSimulator
		AppStore|x64 = AppStore|x64
		AppStore|x86 = AppStore|x86
		Debug|Any CPU = Debug|Any CPU
		Debug|ARM = Debug|ARM
		Debug|arm64 = Debug|arm64
		Debug|iPhone = Debug|iPhone
		Debug|iPhoneSimulator = Debug|iPhoneSimulator
		Debug|x64 = Debug|x64
		Debug|x86 = Debug|x86
		Release|Any CPU = Release|Any CPU
		Release|ARM = Release|ARM
		Release|arm64 = Release|arm64
		Release|iPhone = Release|iPhone
		Release|iPhoneSimulator = Release|iPhoneSimulator
		Release|x64 = Release|x64
		Release|x86 = Release|x86
	EndGlobalSection
	GlobalSection(ProjectConfigurationPlatforms) = postSolution
		{20363580-7906-4674-A521-C88A02857B71}.Ad-Hoc|Any CPU.ActiveCfg = Debug|Any CPU
		{20363580-7906-4674-A521-C88A02857B71}.Ad-Hoc|Any CPU.Build.0 = Debug|Any CPU
		{20363580-7906-4674-A521-C88A02857B71}.Ad-Hoc|ARM.ActiveCfg = Debug|Any CPU
		{20363580-7906-4674-A521-C88A02857B71}.Ad-Hoc|ARM.Build.0 = Debug|Any CPU
		{20363580-7906-4674-A521-C88A02857B71}.Ad-Hoc|arm64.ActiveCfg = Release|Any CPU
		{20363580-7906-4674-A521-C88A02857B71}.Ad-Hoc|arm64.Build.0 = Release|Any CPU
		{20363580-7906-4674-A521-C88A02857B71}.Ad-Hoc|iPhone.ActiveCfg = Debug|Any CPU
		{20363580-7906-4674-A521-C88A02857B71}.Ad-Hoc|iPhone.Build.0 = Debug|Any CPU
		{20363580-7906-4674-A521-C88A02857B71}.Ad-Hoc|iPhoneSimulator.ActiveCfg = Debug|Any CPU
		{20363580-7906-4674-A521-C88A02857B71}.Ad-Hoc|iPhoneSimulator.Build.0 = Debug|Any CPU
		{20363580-7906-4674-A521-C88A02857B71}.Ad-Hoc|x64.ActiveCfg = Debug|Any CPU
		{20363580-7906-4674-A521-C88A02857B71}.Ad-Hoc|x64.Build.0 = Debug|Any CPU
		{20363580-7906-4674-A521-C88A02857B71}.Ad-Hoc|x86.ActiveCfg = Debug|Any CPU
		{20363580-7906-4674-A521-C88A02857B71}.Ad-Hoc|x86.Build.0 = Debug|Any CPU
		{20363580-7906-4674-A521-C88A02857B71}.AppStore|Any CPU.ActiveCfg = Debug|Any CPU
		{20363580-7906-4674-A521-C88A02857B71}.AppStore|Any CPU.Build.0 = Debug|Any CPU
		{20363580-7906-4674-A521-C88A02857B71}.AppStore|ARM.ActiveCfg = Debug|Any CPU
		{20363580-7906-4674-A521-C88A02857B71}.AppStore|ARM.Build.0 = Debug|Any CPU
		{20363580-7906-4674-A521-C88A02857B71}.AppStore|arm64.ActiveCfg = Release|Any CPU
		{20363580-7906-4674-A521-C88A02857B71}.AppStore|arm64.Build.0 = Release|Any CPU
		{20363580-7906-4674-A521-C88A02857B71}.AppStore|iPhone.ActiveCfg = Debug|Any CPU
		{20363580-7906-4674-A521-C88A02857B71}.AppStore|iPhone.Build.0 = Debug|Any CPU
		{20363580-7906-4674-A521-C88A02857B71}.AppStore|iPhoneSimulator.ActiveCfg = Debug|Any CPU
		{20363580-7906-4674-A521-C88A02857B71}.AppStore|iPhoneSimulator.Build.0 = Debug|Any CPU
		{20363580-7906-4674-A521-C88A02857B71}.AppStore|x64.ActiveCfg = Debug|Any CPU
		{20363580-7906-4674-A521-C88A02857B71}.AppStore|x64.Build.0 = Debug|Any CPU
		{20363580-7906-4674-A521-C88A02857B71}.AppStore|x86.ActiveCfg = Debug|Any CPU
		{20363580-7906-4674-A521-C88A02857B71}.AppStore|x86.Build.0 = Debug|Any CPU
		{20363580-7906-4674-A521-C88A02857B71}.Debug|Any CPU.ActiveCfg = Debug|Any CPU
		{20363580-7906-4674-A521-C88A02857B71}.Debug|Any CPU.Build.0 = Debug|Any CPU
		{20363580-7906-4674-A521-C88A02857B71}.Debug|ARM.ActiveCfg = Debug|Any CPU
		{20363580-7906-4674-A521-C88A02857B71}.Debug|ARM.Build.0 = Debug|Any CPU
		{20363580-7906-4674-A521-C88A02857B71}.Debug|arm64.ActiveCfg = Debug|Any CPU
		{20363580-7906-4674-A521-C88A02857B71}.Debug|arm64.Build.0 = Debug|Any CPU
		{20363580-7906-4674-A521-C88A02857B71}.Debug|iPhone.ActiveCfg = Debug|Any CPU
		{20363580-7906-4674-A521-C88A02857B71}.Debug|iPhone.Build.0 = Debug|Any CPU
		{20363580-7906-4674-A521-C88A02857B71}.Debug|iPhoneSimulator.ActiveCfg = Debug|Any CPU
		{20363580-7906-4674-A521-C88A02857B71}.Debug|iPhoneSimulator.Build.0 = Debug|Any CPU
		{20363580-7906-4674-A521-C88A02857B71}.Debug|x64.ActiveCfg = Debug|Any CPU
		{20363580-7906-4674-A521-C88A02857B71}.Debug|x64.Build.0 = Debug|Any CPU
		{20363580-7906-4674-A521-C88A02857B71}.Debug|x86.ActiveCfg = Debug|Any CPU
		{20363580-7906-4674-A521-C88A02857B71}.Debug|x86.Build.0 = Debug|Any CPU
		{20363580-7906-4674-A521-C88A02857B71}.Release|Any CPU.ActiveCfg = Release|Any CPU
		{20363580-7906-4674-A521-C88A02857B71}.Release|ARM.ActiveCfg = Release|Any CPU
		{20363580-7906-4674-A521-C88A02857B71}.Release|ARM.Build.0 = Release|Any CPU
		{20363580-7906-4674-A521-C88A02857B71}.Release|arm64.ActiveCfg = Release|Any CPU
		{20363580-7906-4674-A521-C88A02857B71}.Release|arm64.Build.0 = Release|Any CPU
		{20363580-7906-4674-A521-C88A02857B71}.Release|iPhone.ActiveCfg = Release|Any CPU
		{20363580-7906-4674-A521-C88A02857B71}.Release|iPhone.Build.0 = Release|Any CPU
		{20363580-7906-4674-A521-C88A02857B71}.Release|iPhoneSimulator.ActiveCfg = Release|Any CPU
		{20363580-7906-4674-A521-C88A02857B71}.Release|iPhoneSimulator.Build.0 = Release|Any CPU
		{20363580-7906-4674-A521-C88A02857B71}.Release|x64.ActiveCfg = Release|Any CPU
		{20363580-7906-4674-A521-C88A02857B71}.Release|x64.Build.0 = Release|Any CPU
		{20363580-7906-4674-A521-C88A02857B71}.Release|x86.ActiveCfg = Release|Any CPU
		{20363580-7906-4674-A521-C88A02857B71}.Release|x86.Build.0 = Release|Any CPU
		{F7B8D5EB-983D-4E80-AF84-BE8B707D2949}.Ad-Hoc|Any CPU.ActiveCfg = Debug|Any CPU
		{F7B8D5EB-983D-4E80-AF84-BE8B707D2949}.Ad-Hoc|Any CPU.Build.0 = Debug|Any CPU
		{F7B8D5EB-983D-4E80-AF84-BE8B707D2949}.Ad-Hoc|ARM.ActiveCfg = Debug|Any CPU
		{F7B8D5EB-983D-4E80-AF84-BE8B707D2949}.Ad-Hoc|ARM.Build.0 = Debug|Any CPU
		{F7B8D5EB-983D-4E80-AF84-BE8B707D2949}.Ad-Hoc|arm64.ActiveCfg = Release|Any CPU
		{F7B8D5EB-983D-4E80-AF84-BE8B707D2949}.Ad-Hoc|arm64.Build.0 = Release|Any CPU
		{F7B8D5EB-983D-4E80-AF84-BE8B707D2949}.Ad-Hoc|iPhone.ActiveCfg = Debug|Any CPU
		{F7B8D5EB-983D-4E80-AF84-BE8B707D2949}.Ad-Hoc|iPhone.Build.0 = Debug|Any CPU
		{F7B8D5EB-983D-4E80-AF84-BE8B707D2949}.Ad-Hoc|iPhoneSimulator.ActiveCfg = Debug|Any CPU
		{F7B8D5EB-983D-4E80-AF84-BE8B707D2949}.Ad-Hoc|iPhoneSimulator.Build.0 = Debug|Any CPU
		{F7B8D5EB-983D-4E80-AF84-BE8B707D2949}.Ad-Hoc|x64.ActiveCfg = Debug|Any CPU
		{F7B8D5EB-983D-4E80-AF84-BE8B707D2949}.Ad-Hoc|x64.Build.0 = Debug|Any CPU
		{F7B8D5EB-983D-4E80-AF84-BE8B707D2949}.Ad-Hoc|x86.ActiveCfg = Debug|Any CPU
		{F7B8D5EB-983D-4E80-AF84-BE8B707D2949}.Ad-Hoc|x86.Build.0 = Debug|Any CPU
		{F7B8D5EB-983D-4E80-AF84-BE8B707D2949}.AppStore|Any CPU.ActiveCfg = Debug|Any CPU
		{F7B8D5EB-983D-4E80-AF84-BE8B707D2949}.AppStore|Any CPU.Build.0 = Debug|Any CPU
		{F7B8D5EB-983D-4E80-AF84-BE8B707D2949}.AppStore|ARM.ActiveCfg = Debug|Any CPU
		{F7B8D5EB-983D-4E80-AF84-BE8B707D2949}.AppStore|ARM.Build.0 = Debug|Any CPU
		{F7B8D5EB-983D-4E80-AF84-BE8B707D2949}.AppStore|arm64.ActiveCfg = Release|Any CPU
		{F7B8D5EB-983D-4E80-AF84-BE8B707D2949}.AppStore|arm64.Build.0 = Release|Any CPU
		{F7B8D5EB-983D-4E80-AF84-BE8B707D2949}.AppStore|iPhone.ActiveCfg = Debug|Any CPU
		{F7B8D5EB-983D-4E80-AF84-BE8B707D2949}.AppStore|iPhone.Build.0 = Debug|Any CPU
		{F7B8D5EB-983D-4E80-AF84-BE8B707D2949}.AppStore|iPhoneSimulator.ActiveCfg = Debug|Any CPU
		{F7B8D5EB-983D-4E80-AF84-BE8B707D2949}.AppStore|iPhoneSimulator.Build.0 = Debug|Any CPU
		{F7B8D5EB-983D-4E80-AF84-BE8B707D2949}.AppStore|x64.ActiveCfg = Debug|Any CPU
		{F7B8D5EB-983D-4E80-AF84-BE8B707D2949}.AppStore|x64.Build.0 = Debug|Any CPU
		{F7B8D5EB-983D-4E80-AF84-BE8B707D2949}.AppStore|x86.ActiveCfg = Debug|Any CPU
		{F7B8D5EB-983D-4E80-AF84-BE8B707D2949}.AppStore|x86.Build.0 = Debug|Any CPU
		{F7B8D5EB-983D-4E80-AF84-BE8B707D2949}.Debug|Any CPU.ActiveCfg = Debug|Any CPU
		{F7B8D5EB-983D-4E80-AF84-BE8B707D2949}.Debug|Any CPU.Build.0 = Debug|Any CPU
		{F7B8D5EB-983D-4E80-AF84-BE8B707D2949}.Debug|ARM.ActiveCfg = Debug|Any CPU
		{F7B8D5EB-983D-4E80-AF84-BE8B707D2949}.Debug|ARM.Build.0 = Debug|Any CPU
		{F7B8D5EB-983D-4E80-AF84-BE8B707D2949}.Debug|arm64.ActiveCfg = Debug|Any CPU
		{F7B8D5EB-983D-4E80-AF84-BE8B707D2949}.Debug|arm64.Build.0 = Debug|Any CPU
		{F7B8D5EB-983D-4E80-AF84-BE8B707D2949}.Debug|iPhone.ActiveCfg = Debug|Any CPU
		{F7B8D5EB-983D-4E80-AF84-BE8B707D2949}.Debug|iPhone.Build.0 = Debug|Any CPU
		{F7B8D5EB-983D-4E80-AF84-BE8B707D2949}.Debug|iPhoneSimulator.ActiveCfg = Debug|Any CPU
		{F7B8D5EB-983D-4E80-AF84-BE8B707D2949}.Debug|iPhoneSimulator.Build.0 = Debug|Any CPU
		{F7B8D5EB-983D-4E80-AF84-BE8B707D2949}.Debug|x64.ActiveCfg = Debug|Any CPU
		{F7B8D5EB-983D-4E80-AF84-BE8B707D2949}.Debug|x64.Build.0 = Debug|Any CPU
		{F7B8D5EB-983D-4E80-AF84-BE8B707D2949}.Debug|x86.ActiveCfg = Debug|Any CPU
		{F7B8D5EB-983D-4E80-AF84-BE8B707D2949}.Debug|x86.Build.0 = Debug|Any CPU
		{F7B8D5EB-983D-4E80-AF84-BE8B707D2949}.Release|Any CPU.ActiveCfg = Release|Any CPU
		{F7B8D5EB-983D-4E80-AF84-BE8B707D2949}.Release|Any CPU.Build.0 = Release|Any CPU
		{F7B8D5EB-983D-4E80-AF84-BE8B707D2949}.Release|ARM.ActiveCfg = Release|Any CPU
		{F7B8D5EB-983D-4E80-AF84-BE8B707D2949}.Release|ARM.Build.0 = Release|Any CPU
		{F7B8D5EB-983D-4E80-AF84-BE8B707D2949}.Release|arm64.ActiveCfg = Release|Any CPU
		{F7B8D5EB-983D-4E80-AF84-BE8B707D2949}.Release|arm64.Build.0 = Release|Any CPU
		{F7B8D5EB-983D-4E80-AF84-BE8B707D2949}.Release|iPhone.ActiveCfg = Release|Any CPU
		{F7B8D5EB-983D-4E80-AF84-BE8B707D2949}.Release|iPhone.Build.0 = Release|Any CPU
		{F7B8D5EB-983D-4E80-AF84-BE8B707D2949}.Release|iPhoneSimulator.ActiveCfg = Release|Any CPU
		{F7B8D5EB-983D-4E80-AF84-BE8B707D2949}.Release|iPhoneSimulator.Build.0 = Release|Any CPU
		{F7B8D5EB-983D-4E80-AF84-BE8B707D2949}.Release|x64.ActiveCfg = Release|Any CPU
		{F7B8D5EB-983D-4E80-AF84-BE8B707D2949}.Release|x64.Build.0 = Release|Any CPU
		{F7B8D5EB-983D-4E80-AF84-BE8B707D2949}.Release|x86.ActiveCfg = Release|Any CPU
		{F7B8D5EB-983D-4E80-AF84-BE8B707D2949}.Release|x86.Build.0 = Release|Any CPU
		{EAF52B71-3EED-4924-BD84-5DD7F2E3D603}.Ad-Hoc|Any CPU.ActiveCfg = Debug|Any CPU
		{EAF52B71-3EED-4924-BD84-5DD7F2E3D603}.Ad-Hoc|Any CPU.Build.0 = Debug|Any CPU
		{EAF52B71-3EED-4924-BD84-5DD7F2E3D603}.Ad-Hoc|ARM.ActiveCfg = Debug|Any CPU
		{EAF52B71-3EED-4924-BD84-5DD7F2E3D603}.Ad-Hoc|ARM.Build.0 = Debug|Any CPU
		{EAF52B71-3EED-4924-BD84-5DD7F2E3D603}.Ad-Hoc|arm64.ActiveCfg = Release|Any CPU
		{EAF52B71-3EED-4924-BD84-5DD7F2E3D603}.Ad-Hoc|arm64.Build.0 = Release|Any CPU
		{EAF52B71-3EED-4924-BD84-5DD7F2E3D603}.Ad-Hoc|iPhone.ActiveCfg = Debug|Any CPU
		{EAF52B71-3EED-4924-BD84-5DD7F2E3D603}.Ad-Hoc|iPhone.Build.0 = Debug|Any CPU
		{EAF52B71-3EED-4924-BD84-5DD7F2E3D603}.Ad-Hoc|iPhoneSimulator.ActiveCfg = Debug|Any CPU
		{EAF52B71-3EED-4924-BD84-5DD7F2E3D603}.Ad-Hoc|iPhoneSimulator.Build.0 = Debug|Any CPU
		{EAF52B71-3EED-4924-BD84-5DD7F2E3D603}.Ad-Hoc|x64.ActiveCfg = Debug|Any CPU
		{EAF52B71-3EED-4924-BD84-5DD7F2E3D603}.Ad-Hoc|x64.Build.0 = Debug|Any CPU
		{EAF52B71-3EED-4924-BD84-5DD7F2E3D603}.Ad-Hoc|x86.ActiveCfg = Debug|Any CPU
		{EAF52B71-3EED-4924-BD84-5DD7F2E3D603}.Ad-Hoc|x86.Build.0 = Debug|Any CPU
		{EAF52B71-3EED-4924-BD84-5DD7F2E3D603}.AppStore|Any CPU.ActiveCfg = Debug|Any CPU
		{EAF52B71-3EED-4924-BD84-5DD7F2E3D603}.AppStore|Any CPU.Build.0 = Debug|Any CPU
		{EAF52B71-3EED-4924-BD84-5DD7F2E3D603}.AppStore|ARM.ActiveCfg = Debug|Any CPU
		{EAF52B71-3EED-4924-BD84-5DD7F2E3D603}.AppStore|ARM.Build.0 = Debug|Any CPU
		{EAF52B71-3EED-4924-BD84-5DD7F2E3D603}.AppStore|arm64.ActiveCfg = Release|Any CPU
		{EAF52B71-3EED-4924-BD84-5DD7F2E3D603}.AppStore|arm64.Build.0 = Release|Any CPU
		{EAF52B71-3EED-4924-BD84-5DD7F2E3D603}.AppStore|iPhone.ActiveCfg = Debug|Any CPU
		{EAF52B71-3EED-4924-BD84-5DD7F2E3D603}.AppStore|iPhone.Build.0 = Debug|Any CPU
		{EAF52B71-3EED-4924-BD84-5DD7F2E3D603}.AppStore|iPhoneSimulator.ActiveCfg = Debug|Any CPU
		{EAF52B71-3EED-4924-BD84-5DD7F2E3D603}.AppStore|iPhoneSimulator.Build.0 = Debug|Any CPU
		{EAF52B71-3EED-4924-BD84-5DD7F2E3D603}.AppStore|x64.ActiveCfg = Debug|Any CPU
		{EAF52B71-3EED-4924-BD84-5DD7F2E3D603}.AppStore|x64.Build.0 = Debug|Any CPU
		{EAF52B71-3EED-4924-BD84-5DD7F2E3D603}.AppStore|x86.ActiveCfg = Debug|Any CPU
		{EAF52B71-3EED-4924-BD84-5DD7F2E3D603}.AppStore|x86.Build.0 = Debug|Any CPU
		{EAF52B71-3EED-4924-BD84-5DD7F2E3D603}.Debug|Any CPU.ActiveCfg = Debug|Any CPU
		{EAF52B71-3EED-4924-BD84-5DD7F2E3D603}.Debug|Any CPU.Build.0 = Debug|Any CPU
		{EAF52B71-3EED-4924-BD84-5DD7F2E3D603}.Debug|ARM.ActiveCfg = Debug|Any CPU
		{EAF52B71-3EED-4924-BD84-5DD7F2E3D603}.Debug|ARM.Build.0 = Debug|Any CPU
		{EAF52B71-3EED-4924-BD84-5DD7F2E3D603}.Debug|arm64.ActiveCfg = Debug|Any CPU
		{EAF52B71-3EED-4924-BD84-5DD7F2E3D603}.Debug|arm64.Build.0 = Debug|Any CPU
		{EAF52B71-3EED-4924-BD84-5DD7F2E3D603}.Debug|iPhone.ActiveCfg = Debug|Any CPU
		{EAF52B71-3EED-4924-BD84-5DD7F2E3D603}.Debug|iPhone.Build.0 = Debug|Any CPU
		{EAF52B71-3EED-4924-BD84-5DD7F2E3D603}.Debug|iPhoneSimulator.ActiveCfg = Debug|Any CPU
		{EAF52B71-3EED-4924-BD84-5DD7F2E3D603}.Debug|iPhoneSimulator.Build.0 = Debug|Any CPU
		{EAF52B71-3EED-4924-BD84-5DD7F2E3D603}.Debug|x64.ActiveCfg = Debug|Any CPU
		{EAF52B71-3EED-4924-BD84-5DD7F2E3D603}.Debug|x64.Build.0 = Debug|Any CPU
		{EAF52B71-3EED-4924-BD84-5DD7F2E3D603}.Debug|x86.ActiveCfg = Debug|Any CPU
		{EAF52B71-3EED-4924-BD84-5DD7F2E3D603}.Debug|x86.Build.0 = Debug|Any CPU
		{EAF52B71-3EED-4924-BD84-5DD7F2E3D603}.Release|Any CPU.ActiveCfg = Release|Any CPU
		{EAF52B71-3EED-4924-BD84-5DD7F2E3D603}.Release|Any CPU.Build.0 = Release|Any CPU
		{EAF52B71-3EED-4924-BD84-5DD7F2E3D603}.Release|ARM.ActiveCfg = Release|Any CPU
		{EAF52B71-3EED-4924-BD84-5DD7F2E3D603}.Release|ARM.Build.0 = Release|Any CPU
		{EAF52B71-3EED-4924-BD84-5DD7F2E3D603}.Release|arm64.ActiveCfg = Release|Any CPU
		{EAF52B71-3EED-4924-BD84-5DD7F2E3D603}.Release|arm64.Build.0 = Release|Any CPU
		{EAF52B71-3EED-4924-BD84-5DD7F2E3D603}.Release|iPhone.ActiveCfg = Release|Any CPU
		{EAF52B71-3EED-4924-BD84-5DD7F2E3D603}.Release|iPhone.Build.0 = Release|Any CPU
		{EAF52B71-3EED-4924-BD84-5DD7F2E3D603}.Release|iPhoneSimulator.ActiveCfg = Release|Any CPU
		{EAF52B71-3EED-4924-BD84-5DD7F2E3D603}.Release|iPhoneSimulator.Build.0 = Release|Any CPU
		{EAF52B71-3EED-4924-BD84-5DD7F2E3D603}.Release|x64.ActiveCfg = Release|Any CPU
		{EAF52B71-3EED-4924-BD84-5DD7F2E3D603}.Release|x64.Build.0 = Release|Any CPU
		{EAF52B71-3EED-4924-BD84-5DD7F2E3D603}.Release|x86.ActiveCfg = Release|Any CPU
		{EAF52B71-3EED-4924-BD84-5DD7F2E3D603}.Release|x86.Build.0 = Release|Any CPU
		{21C9CD1F-56B9-4900-9508-23C40652C715}.Ad-Hoc|Any CPU.ActiveCfg = Debug|Any CPU
		{21C9CD1F-56B9-4900-9508-23C40652C715}.Ad-Hoc|Any CPU.Build.0 = Debug|Any CPU
		{21C9CD1F-56B9-4900-9508-23C40652C715}.Ad-Hoc|ARM.ActiveCfg = Debug|Any CPU
		{21C9CD1F-56B9-4900-9508-23C40652C715}.Ad-Hoc|ARM.Build.0 = Debug|Any CPU
		{21C9CD1F-56B9-4900-9508-23C40652C715}.Ad-Hoc|arm64.ActiveCfg = Release|Any CPU
		{21C9CD1F-56B9-4900-9508-23C40652C715}.Ad-Hoc|arm64.Build.0 = Release|Any CPU
		{21C9CD1F-56B9-4900-9508-23C40652C715}.Ad-Hoc|iPhone.ActiveCfg = Debug|Any CPU
		{21C9CD1F-56B9-4900-9508-23C40652C715}.Ad-Hoc|iPhone.Build.0 = Debug|Any CPU
		{21C9CD1F-56B9-4900-9508-23C40652C715}.Ad-Hoc|iPhoneSimulator.ActiveCfg = Debug|Any CPU
		{21C9CD1F-56B9-4900-9508-23C40652C715}.Ad-Hoc|iPhoneSimulator.Build.0 = Debug|Any CPU
		{21C9CD1F-56B9-4900-9508-23C40652C715}.Ad-Hoc|x64.ActiveCfg = Debug|Any CPU
		{21C9CD1F-56B9-4900-9508-23C40652C715}.Ad-Hoc|x64.Build.0 = Debug|Any CPU
		{21C9CD1F-56B9-4900-9508-23C40652C715}.Ad-Hoc|x86.ActiveCfg = Debug|Any CPU
		{21C9CD1F-56B9-4900-9508-23C40652C715}.Ad-Hoc|x86.Build.0 = Debug|Any CPU
		{21C9CD1F-56B9-4900-9508-23C40652C715}.AppStore|Any CPU.ActiveCfg = Debug|Any CPU
		{21C9CD1F-56B9-4900-9508-23C40652C715}.AppStore|Any CPU.Build.0 = Debug|Any CPU
		{21C9CD1F-56B9-4900-9508-23C40652C715}.AppStore|ARM.ActiveCfg = Debug|Any CPU
		{21C9CD1F-56B9-4900-9508-23C40652C715}.AppStore|ARM.Build.0 = Debug|Any CPU
		{21C9CD1F-56B9-4900-9508-23C40652C715}.AppStore|arm64.ActiveCfg = Release|Any CPU
		{21C9CD1F-56B9-4900-9508-23C40652C715}.AppStore|arm64.Build.0 = Release|Any CPU
		{21C9CD1F-56B9-4900-9508-23C40652C715}.AppStore|iPhone.ActiveCfg = Debug|Any CPU
		{21C9CD1F-56B9-4900-9508-23C40652C715}.AppStore|iPhone.Build.0 = Debug|Any CPU
		{21C9CD1F-56B9-4900-9508-23C40652C715}.AppStore|iPhoneSimulator.ActiveCfg = Debug|Any CPU
		{21C9CD1F-56B9-4900-9508-23C40652C715}.AppStore|iPhoneSimulator.Build.0 = Debug|Any CPU
		{21C9CD1F-56B9-4900-9508-23C40652C715}.AppStore|x64.ActiveCfg = Debug|Any CPU
		{21C9CD1F-56B9-4900-9508-23C40652C715}.AppStore|x64.Build.0 = Debug|Any CPU
		{21C9CD1F-56B9-4900-9508-23C40652C715}.AppStore|x86.ActiveCfg = Debug|Any CPU
		{21C9CD1F-56B9-4900-9508-23C40652C715}.AppStore|x86.Build.0 = Debug|Any CPU
		{21C9CD1F-56B9-4900-9508-23C40652C715}.Debug|Any CPU.ActiveCfg = Debug|Any CPU
		{21C9CD1F-56B9-4900-9508-23C40652C715}.Debug|Any CPU.Build.0 = Debug|Any CPU
		{21C9CD1F-56B9-4900-9508-23C40652C715}.Debug|ARM.ActiveCfg = Debug|Any CPU
		{21C9CD1F-56B9-4900-9508-23C40652C715}.Debug|ARM.Build.0 = Debug|Any CPU
		{21C9CD1F-56B9-4900-9508-23C40652C715}.Debug|arm64.ActiveCfg = Debug|Any CPU
		{21C9CD1F-56B9-4900-9508-23C40652C715}.Debug|arm64.Build.0 = Debug|Any CPU
		{21C9CD1F-56B9-4900-9508-23C40652C715}.Debug|iPhone.ActiveCfg = Debug|Any CPU
		{21C9CD1F-56B9-4900-9508-23C40652C715}.Debug|iPhone.Build.0 = Debug|Any CPU
		{21C9CD1F-56B9-4900-9508-23C40652C715}.Debug|iPhoneSimulator.ActiveCfg = Debug|Any CPU
		{21C9CD1F-56B9-4900-9508-23C40652C715}.Debug|iPhoneSimulator.Build.0 = Debug|Any CPU
		{21C9CD1F-56B9-4900-9508-23C40652C715}.Debug|x64.ActiveCfg = Debug|Any CPU
		{21C9CD1F-56B9-4900-9508-23C40652C715}.Debug|x64.Build.0 = Debug|Any CPU
		{21C9CD1F-56B9-4900-9508-23C40652C715}.Debug|x86.ActiveCfg = Debug|Any CPU
		{21C9CD1F-56B9-4900-9508-23C40652C715}.Debug|x86.Build.0 = Debug|Any CPU
		{21C9CD1F-56B9-4900-9508-23C40652C715}.Release|Any CPU.ActiveCfg = Release|Any CPU
		{21C9CD1F-56B9-4900-9508-23C40652C715}.Release|Any CPU.Build.0 = Release|Any CPU
		{21C9CD1F-56B9-4900-9508-23C40652C715}.Release|ARM.ActiveCfg = Release|Any CPU
		{21C9CD1F-56B9-4900-9508-23C40652C715}.Release|ARM.Build.0 = Release|Any CPU
		{21C9CD1F-56B9-4900-9508-23C40652C715}.Release|arm64.ActiveCfg = Release|Any CPU
		{21C9CD1F-56B9-4900-9508-23C40652C715}.Release|arm64.Build.0 = Release|Any CPU
		{21C9CD1F-56B9-4900-9508-23C40652C715}.Release|iPhone.ActiveCfg = Release|Any CPU
		{21C9CD1F-56B9-4900-9508-23C40652C715}.Release|iPhone.Build.0 = Release|Any CPU
		{21C9CD1F-56B9-4900-9508-23C40652C715}.Release|iPhoneSimulator.ActiveCfg = Release|Any CPU
		{21C9CD1F-56B9-4900-9508-23C40652C715}.Release|iPhoneSimulator.Build.0 = Release|Any CPU
		{21C9CD1F-56B9-4900-9508-23C40652C715}.Release|x64.ActiveCfg = Release|Any CPU
		{21C9CD1F-56B9-4900-9508-23C40652C715}.Release|x64.Build.0 = Release|Any CPU
		{21C9CD1F-56B9-4900-9508-23C40652C715}.Release|x86.ActiveCfg = Release|Any CPU
		{21C9CD1F-56B9-4900-9508-23C40652C715}.Release|x86.Build.0 = Release|Any CPU
		{905D9216-0955-4EE9-9F72-C9585EFDC6D4}.Ad-Hoc|Any CPU.ActiveCfg = Debug|Any CPU
		{905D9216-0955-4EE9-9F72-C9585EFDC6D4}.Ad-Hoc|Any CPU.Build.0 = Debug|Any CPU
		{905D9216-0955-4EE9-9F72-C9585EFDC6D4}.Ad-Hoc|ARM.ActiveCfg = Debug|Any CPU
		{905D9216-0955-4EE9-9F72-C9585EFDC6D4}.Ad-Hoc|ARM.Build.0 = Debug|Any CPU
		{905D9216-0955-4EE9-9F72-C9585EFDC6D4}.Ad-Hoc|arm64.ActiveCfg = Release|Any CPU
		{905D9216-0955-4EE9-9F72-C9585EFDC6D4}.Ad-Hoc|arm64.Build.0 = Release|Any CPU
		{905D9216-0955-4EE9-9F72-C9585EFDC6D4}.Ad-Hoc|iPhone.ActiveCfg = Debug|Any CPU
		{905D9216-0955-4EE9-9F72-C9585EFDC6D4}.Ad-Hoc|iPhone.Build.0 = Debug|Any CPU
		{905D9216-0955-4EE9-9F72-C9585EFDC6D4}.Ad-Hoc|iPhoneSimulator.ActiveCfg = Debug|Any CPU
		{905D9216-0955-4EE9-9F72-C9585EFDC6D4}.Ad-Hoc|iPhoneSimulator.Build.0 = Debug|Any CPU
		{905D9216-0955-4EE9-9F72-C9585EFDC6D4}.Ad-Hoc|x64.ActiveCfg = Debug|Any CPU
		{905D9216-0955-4EE9-9F72-C9585EFDC6D4}.Ad-Hoc|x64.Build.0 = Debug|Any CPU
		{905D9216-0955-4EE9-9F72-C9585EFDC6D4}.Ad-Hoc|x86.ActiveCfg = Debug|Any CPU
		{905D9216-0955-4EE9-9F72-C9585EFDC6D4}.Ad-Hoc|x86.Build.0 = Debug|Any CPU
		{905D9216-0955-4EE9-9F72-C9585EFDC6D4}.AppStore|Any CPU.ActiveCfg = Debug|Any CPU
		{905D9216-0955-4EE9-9F72-C9585EFDC6D4}.AppStore|Any CPU.Build.0 = Debug|Any CPU
		{905D9216-0955-4EE9-9F72-C9585EFDC6D4}.AppStore|ARM.ActiveCfg = Debug|Any CPU
		{905D9216-0955-4EE9-9F72-C9585EFDC6D4}.AppStore|ARM.Build.0 = Debug|Any CPU
		{905D9216-0955-4EE9-9F72-C9585EFDC6D4}.AppStore|arm64.ActiveCfg = Release|Any CPU
		{905D9216-0955-4EE9-9F72-C9585EFDC6D4}.AppStore|arm64.Build.0 = Release|Any CPU
		{905D9216-0955-4EE9-9F72-C9585EFDC6D4}.AppStore|iPhone.ActiveCfg = Debug|Any CPU
		{905D9216-0955-4EE9-9F72-C9585EFDC6D4}.AppStore|iPhone.Build.0 = Debug|Any CPU
		{905D9216-0955-4EE9-9F72-C9585EFDC6D4}.AppStore|iPhoneSimulator.ActiveCfg = Debug|Any CPU
		{905D9216-0955-4EE9-9F72-C9585EFDC6D4}.AppStore|iPhoneSimulator.Build.0 = Debug|Any CPU
		{905D9216-0955-4EE9-9F72-C9585EFDC6D4}.AppStore|x64.ActiveCfg = Debug|Any CPU
		{905D9216-0955-4EE9-9F72-C9585EFDC6D4}.AppStore|x64.Build.0 = Debug|Any CPU
		{905D9216-0955-4EE9-9F72-C9585EFDC6D4}.AppStore|x86.ActiveCfg = Debug|Any CPU
		{905D9216-0955-4EE9-9F72-C9585EFDC6D4}.AppStore|x86.Build.0 = Debug|Any CPU
		{905D9216-0955-4EE9-9F72-C9585EFDC6D4}.Debug|Any CPU.ActiveCfg = Debug|Any CPU
		{905D9216-0955-4EE9-9F72-C9585EFDC6D4}.Debug|Any CPU.Build.0 = Debug|Any CPU
		{905D9216-0955-4EE9-9F72-C9585EFDC6D4}.Debug|Any CPU.Deploy.0 = Debug|Any CPU
		{905D9216-0955-4EE9-9F72-C9585EFDC6D4}.Debug|ARM.ActiveCfg = Debug|Any CPU
		{905D9216-0955-4EE9-9F72-C9585EFDC6D4}.Debug|ARM.Build.0 = Debug|Any CPU
		{905D9216-0955-4EE9-9F72-C9585EFDC6D4}.Debug|arm64.ActiveCfg = Debug|Any CPU
		{905D9216-0955-4EE9-9F72-C9585EFDC6D4}.Debug|arm64.Build.0 = Debug|Any CPU
		{905D9216-0955-4EE9-9F72-C9585EFDC6D4}.Debug|iPhone.ActiveCfg = Debug|Any CPU
		{905D9216-0955-4EE9-9F72-C9585EFDC6D4}.Debug|iPhone.Build.0 = Debug|Any CPU
		{905D9216-0955-4EE9-9F72-C9585EFDC6D4}.Debug|iPhoneSimulator.ActiveCfg = Debug|Any CPU
		{905D9216-0955-4EE9-9F72-C9585EFDC6D4}.Debug|iPhoneSimulator.Build.0 = Debug|Any CPU
		{905D9216-0955-4EE9-9F72-C9585EFDC6D4}.Debug|x64.ActiveCfg = Debug|Any CPU
		{905D9216-0955-4EE9-9F72-C9585EFDC6D4}.Debug|x64.Build.0 = Debug|Any CPU
		{905D9216-0955-4EE9-9F72-C9585EFDC6D4}.Debug|x86.ActiveCfg = Debug|Any CPU
		{905D9216-0955-4EE9-9F72-C9585EFDC6D4}.Debug|x86.Build.0 = Debug|Any CPU
		{905D9216-0955-4EE9-9F72-C9585EFDC6D4}.Release|Any CPU.ActiveCfg = Release|Any CPU
		{905D9216-0955-4EE9-9F72-C9585EFDC6D4}.Release|Any CPU.Build.0 = Release|Any CPU
		{905D9216-0955-4EE9-9F72-C9585EFDC6D4}.Release|ARM.ActiveCfg = Release|Any CPU
		{905D9216-0955-4EE9-9F72-C9585EFDC6D4}.Release|ARM.Build.0 = Release|Any CPU
		{905D9216-0955-4EE9-9F72-C9585EFDC6D4}.Release|arm64.ActiveCfg = Release|Any CPU
		{905D9216-0955-4EE9-9F72-C9585EFDC6D4}.Release|arm64.Build.0 = Release|Any CPU
		{905D9216-0955-4EE9-9F72-C9585EFDC6D4}.Release|iPhone.ActiveCfg = Release|Any CPU
		{905D9216-0955-4EE9-9F72-C9585EFDC6D4}.Release|iPhone.Build.0 = Release|Any CPU
		{905D9216-0955-4EE9-9F72-C9585EFDC6D4}.Release|iPhoneSimulator.ActiveCfg = Release|Any CPU
		{905D9216-0955-4EE9-9F72-C9585EFDC6D4}.Release|iPhoneSimulator.Build.0 = Release|Any CPU
		{905D9216-0955-4EE9-9F72-C9585EFDC6D4}.Release|x64.ActiveCfg = Release|Any CPU
		{905D9216-0955-4EE9-9F72-C9585EFDC6D4}.Release|x64.Build.0 = Release|Any CPU
		{905D9216-0955-4EE9-9F72-C9585EFDC6D4}.Release|x86.ActiveCfg = Release|Any CPU
		{905D9216-0955-4EE9-9F72-C9585EFDC6D4}.Release|x86.Build.0 = Release|Any CPU
		{641F0732-CE9D-472F-8171-CBBC7C1371E7}.Ad-Hoc|Any CPU.ActiveCfg = Debug|x64
		{641F0732-CE9D-472F-8171-CBBC7C1371E7}.Ad-Hoc|Any CPU.Build.0 = Debug|x64
		{641F0732-CE9D-472F-8171-CBBC7C1371E7}.Ad-Hoc|Any CPU.Deploy.0 = Debug|x64
		{641F0732-CE9D-472F-8171-CBBC7C1371E7}.Ad-Hoc|ARM.ActiveCfg = Debug|x64
		{641F0732-CE9D-472F-8171-CBBC7C1371E7}.Ad-Hoc|ARM.Build.0 = Debug|x64
		{641F0732-CE9D-472F-8171-CBBC7C1371E7}.Ad-Hoc|ARM.Deploy.0 = Debug|x64
		{641F0732-CE9D-472F-8171-CBBC7C1371E7}.Ad-Hoc|arm64.ActiveCfg = Debug|arm64
		{641F0732-CE9D-472F-8171-CBBC7C1371E7}.Ad-Hoc|arm64.Build.0 = Debug|arm64
		{641F0732-CE9D-472F-8171-CBBC7C1371E7}.Ad-Hoc|arm64.Deploy.0 = Debug|arm64
		{641F0732-CE9D-472F-8171-CBBC7C1371E7}.Ad-Hoc|iPhone.ActiveCfg = Debug|x64
		{641F0732-CE9D-472F-8171-CBBC7C1371E7}.Ad-Hoc|iPhone.Build.0 = Debug|x64
		{641F0732-CE9D-472F-8171-CBBC7C1371E7}.Ad-Hoc|iPhone.Deploy.0 = Debug|x64
		{641F0732-CE9D-472F-8171-CBBC7C1371E7}.Ad-Hoc|iPhoneSimulator.ActiveCfg = Debug|x64
		{641F0732-CE9D-472F-8171-CBBC7C1371E7}.Ad-Hoc|iPhoneSimulator.Build.0 = Debug|x64
		{641F0732-CE9D-472F-8171-CBBC7C1371E7}.Ad-Hoc|iPhoneSimulator.Deploy.0 = Debug|x64
		{641F0732-CE9D-472F-8171-CBBC7C1371E7}.Ad-Hoc|x64.ActiveCfg = Debug|x64
		{641F0732-CE9D-472F-8171-CBBC7C1371E7}.Ad-Hoc|x64.Build.0 = Debug|x64
		{641F0732-CE9D-472F-8171-CBBC7C1371E7}.Ad-Hoc|x64.Deploy.0 = Debug|x64
		{641F0732-CE9D-472F-8171-CBBC7C1371E7}.Ad-Hoc|x86.ActiveCfg = Debug|x86
		{641F0732-CE9D-472F-8171-CBBC7C1371E7}.Ad-Hoc|x86.Build.0 = Debug|x86
		{641F0732-CE9D-472F-8171-CBBC7C1371E7}.Ad-Hoc|x86.Deploy.0 = Debug|x86
		{641F0732-CE9D-472F-8171-CBBC7C1371E7}.AppStore|Any CPU.ActiveCfg = Debug|x64
		{641F0732-CE9D-472F-8171-CBBC7C1371E7}.AppStore|Any CPU.Build.0 = Debug|x64
		{641F0732-CE9D-472F-8171-CBBC7C1371E7}.AppStore|Any CPU.Deploy.0 = Debug|x64
		{641F0732-CE9D-472F-8171-CBBC7C1371E7}.AppStore|ARM.ActiveCfg = Debug|x64
		{641F0732-CE9D-472F-8171-CBBC7C1371E7}.AppStore|ARM.Build.0 = Debug|x64
		{641F0732-CE9D-472F-8171-CBBC7C1371E7}.AppStore|ARM.Deploy.0 = Debug|x64
		{641F0732-CE9D-472F-8171-CBBC7C1371E7}.AppStore|arm64.ActiveCfg = Debug|arm64
		{641F0732-CE9D-472F-8171-CBBC7C1371E7}.AppStore|arm64.Build.0 = Debug|arm64
		{641F0732-CE9D-472F-8171-CBBC7C1371E7}.AppStore|arm64.Deploy.0 = Debug|arm64
		{641F0732-CE9D-472F-8171-CBBC7C1371E7}.AppStore|iPhone.ActiveCfg = Debug|x64
		{641F0732-CE9D-472F-8171-CBBC7C1371E7}.AppStore|iPhone.Build.0 = Debug|x64
		{641F0732-CE9D-472F-8171-CBBC7C1371E7}.AppStore|iPhone.Deploy.0 = Debug|x64
		{641F0732-CE9D-472F-8171-CBBC7C1371E7}.AppStore|iPhoneSimulator.ActiveCfg = Debug|x64
		{641F0732-CE9D-472F-8171-CBBC7C1371E7}.AppStore|iPhoneSimulator.Build.0 = Debug|x64
		{641F0732-CE9D-472F-8171-CBBC7C1371E7}.AppStore|iPhoneSimulator.Deploy.0 = Debug|x64
		{641F0732-CE9D-472F-8171-CBBC7C1371E7}.AppStore|x64.ActiveCfg = Debug|x64
		{641F0732-CE9D-472F-8171-CBBC7C1371E7}.AppStore|x64.Build.0 = Debug|x64
		{641F0732-CE9D-472F-8171-CBBC7C1371E7}.AppStore|x64.Deploy.0 = Debug|x64
		{641F0732-CE9D-472F-8171-CBBC7C1371E7}.AppStore|x86.ActiveCfg = Debug|x86
		{641F0732-CE9D-472F-8171-CBBC7C1371E7}.AppStore|x86.Build.0 = Debug|x86
		{641F0732-CE9D-472F-8171-CBBC7C1371E7}.AppStore|x86.Deploy.0 = Debug|x86
		{641F0732-CE9D-472F-8171-CBBC7C1371E7}.Debug|Any CPU.ActiveCfg = Debug|x64
		{641F0732-CE9D-472F-8171-CBBC7C1371E7}.Debug|Any CPU.Build.0 = Debug|x64
		{641F0732-CE9D-472F-8171-CBBC7C1371E7}.Debug|Any CPU.Deploy.0 = Debug|x64
		{641F0732-CE9D-472F-8171-CBBC7C1371E7}.Debug|ARM.ActiveCfg = Debug|x64
		{641F0732-CE9D-472F-8171-CBBC7C1371E7}.Debug|ARM.Build.0 = Debug|x64
		{641F0732-CE9D-472F-8171-CBBC7C1371E7}.Debug|ARM.Deploy.0 = Debug|x64
		{641F0732-CE9D-472F-8171-CBBC7C1371E7}.Debug|arm64.ActiveCfg = Debug|arm64
		{641F0732-CE9D-472F-8171-CBBC7C1371E7}.Debug|arm64.Build.0 = Debug|arm64
		{641F0732-CE9D-472F-8171-CBBC7C1371E7}.Debug|arm64.Deploy.0 = Debug|arm64
		{641F0732-CE9D-472F-8171-CBBC7C1371E7}.Debug|iPhone.ActiveCfg = Debug|x64
		{641F0732-CE9D-472F-8171-CBBC7C1371E7}.Debug|iPhone.Build.0 = Debug|x64
		{641F0732-CE9D-472F-8171-CBBC7C1371E7}.Debug|iPhone.Deploy.0 = Debug|x64
		{641F0732-CE9D-472F-8171-CBBC7C1371E7}.Debug|iPhoneSimulator.ActiveCfg = Debug|x64
		{641F0732-CE9D-472F-8171-CBBC7C1371E7}.Debug|iPhoneSimulator.Build.0 = Debug|x64
		{641F0732-CE9D-472F-8171-CBBC7C1371E7}.Debug|iPhoneSimulator.Deploy.0 = Debug|x64
		{641F0732-CE9D-472F-8171-CBBC7C1371E7}.Debug|x64.ActiveCfg = Debug|x64
		{641F0732-CE9D-472F-8171-CBBC7C1371E7}.Debug|x64.Build.0 = Debug|x64
		{641F0732-CE9D-472F-8171-CBBC7C1371E7}.Debug|x64.Deploy.0 = Debug|x64
		{641F0732-CE9D-472F-8171-CBBC7C1371E7}.Debug|x86.ActiveCfg = Debug|x86
		{641F0732-CE9D-472F-8171-CBBC7C1371E7}.Debug|x86.Build.0 = Debug|x86
		{641F0732-CE9D-472F-8171-CBBC7C1371E7}.Debug|x86.Deploy.0 = Debug|x86
		{641F0732-CE9D-472F-8171-CBBC7C1371E7}.Release|Any CPU.ActiveCfg = Release|x64
		{641F0732-CE9D-472F-8171-CBBC7C1371E7}.Release|Any CPU.Build.0 = Release|x64
		{641F0732-CE9D-472F-8171-CBBC7C1371E7}.Release|Any CPU.Deploy.0 = Release|x64
		{641F0732-CE9D-472F-8171-CBBC7C1371E7}.Release|ARM.ActiveCfg = Release|x64
		{641F0732-CE9D-472F-8171-CBBC7C1371E7}.Release|ARM.Build.0 = Release|x64
		{641F0732-CE9D-472F-8171-CBBC7C1371E7}.Release|ARM.Deploy.0 = Release|x64
		{641F0732-CE9D-472F-8171-CBBC7C1371E7}.Release|arm64.ActiveCfg = Release|arm64
		{641F0732-CE9D-472F-8171-CBBC7C1371E7}.Release|arm64.Build.0 = Release|arm64
		{641F0732-CE9D-472F-8171-CBBC7C1371E7}.Release|arm64.Deploy.0 = Release|arm64
		{641F0732-CE9D-472F-8171-CBBC7C1371E7}.Release|iPhone.ActiveCfg = Release|x64
		{641F0732-CE9D-472F-8171-CBBC7C1371E7}.Release|iPhone.Build.0 = Release|x64
		{641F0732-CE9D-472F-8171-CBBC7C1371E7}.Release|iPhone.Deploy.0 = Release|x64
		{641F0732-CE9D-472F-8171-CBBC7C1371E7}.Release|iPhoneSimulator.ActiveCfg = Release|x64
		{641F0732-CE9D-472F-8171-CBBC7C1371E7}.Release|iPhoneSimulator.Build.0 = Release|x64
		{641F0732-CE9D-472F-8171-CBBC7C1371E7}.Release|iPhoneSimulator.Deploy.0 = Release|x64
		{641F0732-CE9D-472F-8171-CBBC7C1371E7}.Release|x64.ActiveCfg = Release|x64
		{641F0732-CE9D-472F-8171-CBBC7C1371E7}.Release|x64.Build.0 = Release|x64
		{641F0732-CE9D-472F-8171-CBBC7C1371E7}.Release|x64.Deploy.0 = Release|x64
		{641F0732-CE9D-472F-8171-CBBC7C1371E7}.Release|x86.ActiveCfg = Release|x86
		{641F0732-CE9D-472F-8171-CBBC7C1371E7}.Release|x86.Build.0 = Release|x86
		{641F0732-CE9D-472F-8171-CBBC7C1371E7}.Release|x86.Deploy.0 = Release|x86
	EndGlobalSection
	GlobalSection(SolutionProperties) = preSolution
		HideSolutionNode = FALSE
	EndGlobalSection
	GlobalSection(NestedProjects) = preSolution
		{20363580-7906-4674-A521-C88A02857B71} = {7FC3B29C-B94C-4753-9773-D13556EE69C3}
		{F7B8D5EB-983D-4E80-AF84-BE8B707D2949} = {7FC3B29C-B94C-4753-9773-D13556EE69C3}
		{EAF52B71-3EED-4924-BD84-5DD7F2E3D603} = {7FC3B29C-B94C-4753-9773-D13556EE69C3}
		{21C9CD1F-56B9-4900-9508-23C40652C715} = {7FC3B29C-B94C-4753-9773-D13556EE69C3}
		{905D9216-0955-4EE9-9F72-C9585EFDC6D4} = {7FC3B29C-B94C-4753-9773-D13556EE69C3}
		{641F0732-CE9D-472F-8171-CBBC7C1371E7} = {7FC3B29C-B94C-4753-9773-D13556EE69C3}
	EndGlobalSection
	GlobalSection(ExtensibilityGlobals) = postSolution
		SolutionGuid = {02027908-EB09-478B-A363-A69555CF55D4}
	EndGlobalSection
	GlobalSection(SharedMSBuildProjectFiles) = preSolution
		SkiaSharpTest\SkiaSharpTest.Shared\SkiaSharpTest.Shared.projitems*{20363580-7906-4674-a521-c88a02857b71}*SharedItemsImports = 5
		SkiaSharpTest\SkiaSharpTest.Shared\SkiaSharpTest.Shared.projitems*{21c9cd1f-56b9-4900-9508-23c40652c715}*SharedItemsImports = 5
		SkiaSharpTest\SkiaSharpTest.Shared\SkiaSharpTest.Shared.projitems*{6279c845-92f8-4333-ab99-3d213163593c}*SharedItemsImports = 13
		SkiaSharpTest\SkiaSharpTest.Shared\SkiaSharpTest.Shared.projitems*{641f0732-ce9d-472f-8171-cbbc7c1371e7}*SharedItemsImports = 5
		SkiaSharpTest\SkiaSharpTest.Shared\SkiaSharpTest.Shared.projitems*{905d9216-0955-4ee9-9f72-c9585efdc6d4}*SharedItemsImports = 5
		SkiaSharpTest\SkiaSharpTest.Shared\SkiaSharpTest.Shared.projitems*{eaf52b71-3eed-4924-bd84-5dd7f2e3d603}*SharedItemsImports = 5
		SkiaSharpTest\SkiaSharpTest.Shared\SkiaSharpTest.Shared.projitems*{f7b8d5eb-983d-4e80-af84-be8b707d2949}*SharedItemsImports = 5
	EndGlobalSection
EndGlobal
