
Microsoft Visual Studio Solution File, Format Version 12.00
# Visual Studio Version 17
VisualStudioVersion = 17.6.33723.286
MinimumVisualStudioVersion = 10.0.40219.1
Project("{2150E333-8FDC-42A3-9474-1A3956D46DE8}") = "Source", "Source", "{941FFCE7-9824-4CF4-B4CC-EEC87B23FC1D}"
EndProject
Project("{2150E333-8FDC-42A3-9474-1A3956D46DE8}") = "Platforms", "Platforms", "{85523E00-215A-49C1-9907-9F27155FE7C7}"
EndProject
Project("{9A19103F-16F7-4668-BE54-9A1E7A4F7556}") = "UnoEffectsSample", "UnoEffectsSample\UnoEffectsSample.csproj", "{7B7AA1AA-4A28-48F3-BBA7-CEEC1F00A508}"
EndProject
Project("{9A19103F-16F7-4668-BE54-9A1E7A4F7556}") = "UnoEffectsSample.Mobile", "UnoEffectsSample.Mobile\UnoEffectsSample.Mobile.csproj", "{6EB50452-3D1E-4B68-BD7D-FC5FC8953D66}"
EndProject
Project("{9A19103F-16F7-4668-BE54-9A1E7A4F7556}") = "UnoEffectsSample.Windows", "UnoEffectsSample.Windows\UnoEffectsSample.Windows.csproj", "{28CA483A-2285-4981-98D3-B6B40645FF85}"
EndProject
Project("{9A19103F-16F7-4668-BE54-9A1E7A4F7556}") = "UnoEffectsSample.Wasm", "UnoEffectsSample.Wasm\UnoEffectsSample.Wasm.csproj", "{9B706CA1-ED4D-451A-868A-BF86C1BC216F}"
EndProject
Project("{9A19103F-16F7-4668-BE54-9A1E7A4F7556}") = "UnoEffectsSample.Skia.Gtk", "UnoEffectsSample.Skia.Gtk\UnoEffectsSample.Skia.Gtk.csproj", "{8951BB43-BB77-429C-B88C-F57F9CB24907}"
EndProject
Global
	GlobalSection(SolutionConfigurationPlatforms) = preSolution
		Debug|Any CPU = Debug|Any CPU
		Debug|arm64 = Debug|arm64
		Debug|x64 = Debug|x64
		Debug|x86 = Debug|x86
		Release|Any CPU = Release|Any CPU
		Release|arm64 = Release|arm64
		Release|x64 = Release|x64
		Release|x86 = Release|x86
	EndGlobalSection
	GlobalSection(ProjectConfigurationPlatforms) = postSolution
		{7B7AA1AA-4A28-48F3-BBA7-CEEC1F00A508}.Debug|Any CPU.ActiveCfg = Debug|Any CPU
		{7B7AA1AA-4A28-48F3-BBA7-CEEC1F00A508}.Debug|Any CPU.Build.0 = Debug|Any CPU
		{7B7AA1AA-4A28-48F3-BBA7-CEEC1F00A508}.Debug|arm64.ActiveCfg = Debug|Any CPU
		{7B7AA1AA-4A28-48F3-BBA7-CEEC1F00A508}.Debug|arm64.Build.0 = Debug|Any CPU
		{7B7AA1AA-4A28-48F3-BBA7-CEEC1F00A508}.Debug|x64.ActiveCfg = Debug|Any CPU
		{7B7AA1AA-4A28-48F3-BBA7-CEEC1F00A508}.Debug|x64.Build.0 = Debug|Any CPU
		{7B7AA1AA-4A28-48F3-BBA7-CEEC1F00A508}.Debug|x86.ActiveCfg = Debug|Any CPU
		{7B7AA1AA-4A28-48F3-BBA7-CEEC1F00A508}.Debug|x86.Build.0 = Debug|Any CPU
		{7B7AA1AA-4A28-48F3-BBA7-CEEC1F00A508}.Release|Any CPU.ActiveCfg = Release|Any CPU
		{7B7AA1AA-4A28-48F3-BBA7-CEEC1F00A508}.Release|Any CPU.Build.0 = Release|Any CPU
		{7B7AA1AA-4A28-48F3-BBA7-CEEC1F00A508}.Release|arm64.ActiveCfg = Release|Any CPU
		{7B7AA1AA-4A28-48F3-BBA7-CEEC1F00A508}.Release|arm64.Build.0 = Release|Any CPU
		{7B7AA1AA-4A28-48F3-BBA7-CEEC1F00A508}.Release|x64.ActiveCfg = Release|Any CPU
		{7B7AA1AA-4A28-48F3-BBA7-CEEC1F00A508}.Release|x64.Build.0 = Release|Any CPU
		{7B7AA1AA-4A28-48F3-BBA7-CEEC1F00A508}.Release|x86.ActiveCfg = Release|Any CPU
		{7B7AA1AA-4A28-48F3-BBA7-CEEC1F00A508}.Release|x86.Build.0 = Release|Any CPU
		{6EB50452-3D1E-4B68-BD7D-FC5FC8953D66}.Debug|Any CPU.ActiveCfg = Debug|Any CPU
		{6EB50452-3D1E-4B68-BD7D-FC5FC8953D66}.Debug|Any CPU.Build.0 = Debug|Any CPU
		{6EB50452-3D1E-4B68-BD7D-FC5FC8953D66}.Debug|Any CPU.Deploy.0 = Debug|Any CPU
		{6EB50452-3D1E-4B68-BD7D-FC5FC8953D66}.Debug|arm64.ActiveCfg = Debug|Any CPU
		{6EB50452-3D1E-4B68-BD7D-FC5FC8953D66}.Debug|arm64.Build.0 = Debug|Any CPU
		{6EB50452-3D1E-4B68-BD7D-FC5FC8953D66}.Debug|arm64.Deploy.0 = Debug|Any CPU
		{6EB50452-3D1E-4B68-BD7D-FC5FC8953D66}.Debug|x64.ActiveCfg = Debug|Any CPU
		{6EB50452-3D1E-4B68-BD7D-FC5FC8953D66}.Debug|x64.Build.0 = Debug|Any CPU
		{6EB50452-3D1E-4B68-BD7D-FC5FC8953D66}.Debug|x64.Deploy.0 = Debug|Any CPU
		{6EB50452-3D1E-4B68-BD7D-FC5FC8953D66}.Debug|x86.ActiveCfg = Debug|Any CPU
		{6EB50452-3D1E-4B68-BD7D-FC5FC8953D66}.Debug|x86.Build.0 = Debug|Any CPU
		{6EB50452-3D1E-4B68-BD7D-FC5FC8953D66}.Debug|x86.Deploy.0 = Debug|Any CPU
		{6EB50452-3D1E-4B68-BD7D-FC5FC8953D66}.Release|Any CPU.ActiveCfg = Release|Any CPU
		{6EB50452-3D1E-4B68-BD7D-FC5FC8953D66}.Release|Any CPU.Build.0 = Release|Any CPU
		{6EB50452-3D1E-4B68-BD7D-FC5FC8953D66}.Release|Any CPU.Deploy.0 = Release|Any CPU
		{6EB50452-3D1E-4B68-BD7D-FC5FC8953D66}.Release|arm64.ActiveCfg = Release|Any CPU
		{6EB50452-3D1E-4B68-BD7D-FC5FC8953D66}.Release|arm64.Build.0 = Release|Any CPU
		{6EB50452-3D1E-4B68-BD7D-FC5FC8953D66}.Release|arm64.Deploy.0 = Release|Any CPU
		{6EB50452-3D1E-4B68-BD7D-FC5FC8953D66}.Release|x64.ActiveCfg = Release|Any CPU
		{6EB50452-3D1E-4B68-BD7D-FC5FC8953D66}.Release|x64.Build.0 = Release|Any CPU
		{6EB50452-3D1E-4B68-BD7D-FC5FC8953D66}.Release|x64.Deploy.0 = Release|Any CPU
		{6EB50452-3D1E-4B68-BD7D-FC5FC8953D66}.Release|x86.ActiveCfg = Release|Any CPU
		{6EB50452-3D1E-4B68-BD7D-FC5FC8953D66}.Release|x86.Build.0 = Release|Any CPU
		{6EB50452-3D1E-4B68-BD7D-FC5FC8953D66}.Release|x86.Deploy.0 = Release|Any CPU
		{28CA483A-2285-4981-98D3-B6B40645FF85}.Debug|Any CPU.ActiveCfg = Debug|x64
		{28CA483A-2285-4981-98D3-B6B40645FF85}.Debug|Any CPU.Build.0 = Debug|x64
		{28CA483A-2285-4981-98D3-B6B40645FF85}.Debug|Any CPU.Deploy.0 = Debug|x64
		{28CA483A-2285-4981-98D3-B6B40645FF85}.Debug|arm64.ActiveCfg = Debug|arm64
		{28CA483A-2285-4981-98D3-B6B40645FF85}.Debug|arm64.Build.0 = Debug|arm64
		{28CA483A-2285-4981-98D3-B6B40645FF85}.Debug|arm64.Deploy.0 = Debug|arm64
		{28CA483A-2285-4981-98D3-B6B40645FF85}.Debug|x64.ActiveCfg = Debug|x64
		{28CA483A-2285-4981-98D3-B6B40645FF85}.Debug|x64.Build.0 = Debug|x64
		{28CA483A-2285-4981-98D3-B6B40645FF85}.Debug|x64.Deploy.0 = Debug|x64
		{28CA483A-2285-4981-98D3-B6B40645FF85}.Debug|x86.ActiveCfg = Debug|x86
		{28CA483A-2285-4981-98D3-B6B40645FF85}.Debug|x86.Build.0 = Debug|x86
		{28CA483A-2285-4981-98D3-B6B40645FF85}.Debug|x86.Deploy.0 = Debug|x86
		{28CA483A-2285-4981-98D3-B6B40645FF85}.Release|Any CPU.ActiveCfg = Release|x64
		{28CA483A-2285-4981-98D3-B6B40645FF85}.Release|Any CPU.Build.0 = Release|x64
		{28CA483A-2285-4981-98D3-B6B40645FF85}.Release|Any CPU.Deploy.0 = Release|x64
		{28CA483A-2285-4981-98D3-B6B40645FF85}.Release|arm64.ActiveCfg = Release|arm64
		{28CA483A-2285-4981-98D3-B6B40645FF85}.Release|arm64.Build.0 = Release|arm64
		{28CA483A-2285-4981-98D3-B6B40645FF85}.Release|arm64.Deploy.0 = Release|arm64
		{28CA483A-2285-4981-98D3-B6B40645FF85}.Release|x64.ActiveCfg = Release|x64
		{28CA483A-2285-4981-98D3-B6B40645FF85}.Release|x64.Build.0 = Release|x64
		{28CA483A-2285-4981-98D3-B6B40645FF85}.Release|x64.Deploy.0 = Release|x64
		{28CA483A-2285-4981-98D3-B6B40645FF85}.Release|x86.ActiveCfg = Release|x86
		{28CA483A-2285-4981-98D3-B6B40645FF85}.Release|x86.Build.0 = Release|x86
		{28CA483A-2285-4981-98D3-B6B40645FF85}.Release|x86.Deploy.0 = Release|x86
		{9B706CA1-ED4D-451A-868A-BF86C1BC216F}.Debug|Any CPU.ActiveCfg = Debug|Any CPU
		{9B706CA1-ED4D-451A-868A-BF86C1BC216F}.Debug|Any CPU.Build.0 = Debug|Any CPU
		{9B706CA1-ED4D-451A-868A-BF86C1BC216F}.Debug|arm64.ActiveCfg = Debug|Any CPU
		{9B706CA1-ED4D-451A-868A-BF86C1BC216F}.Debug|arm64.Build.0 = Debug|Any CPU
		{9B706CA1-ED4D-451A-868A-BF86C1BC216F}.Debug|x64.ActiveCfg = Debug|Any CPU
		{9B706CA1-ED4D-451A-868A-BF86C1BC216F}.Debug|x64.Build.0 = Debug|Any CPU
		{9B706CA1-ED4D-451A-868A-BF86C1BC216F}.Debug|x86.ActiveCfg = Debug|Any CPU
		{9B706CA1-ED4D-451A-868A-BF86C1BC216F}.Debug|x86.Build.0 = Debug|Any CPU
		{9B706CA1-ED4D-451A-868A-BF86C1BC216F}.Release|Any CPU.ActiveCfg = Release|Any CPU
		{9B706CA1-ED4D-451A-868A-BF86C1BC216F}.Release|Any CPU.Build.0 = Release|Any CPU
		{9B706CA1-ED4D-451A-868A-BF86C1BC216F}.Release|arm64.ActiveCfg = Release|Any CPU
		{9B706CA1-ED4D-451A-868A-BF86C1BC216F}.Release|arm64.Build.0 = Release|Any CPU
		{9B706CA1-ED4D-451A-868A-BF86C1BC216F}.Release|x64.ActiveCfg = Release|Any CPU
		{9B706CA1-ED4D-451A-868A-BF86C1BC216F}.Release|x64.Build.0 = Release|Any CPU
		{9B706CA1-ED4D-451A-868A-BF86C1BC216F}.Release|x86.ActiveCfg = Release|Any CPU
		{9B706CA1-ED4D-451A-868A-BF86C1BC216F}.Release|x86.Build.0 = Release|Any CPU
		{8951BB43-BB77-429C-B88C-F57F9CB24907}.Debug|Any CPU.ActiveCfg = Debug|Any CPU
		{8951BB43-BB77-429C-B88C-F57F9CB24907}.Debug|Any CPU.Build.0 = Debug|Any CPU
		{8951BB43-BB77-429C-B88C-F57F9CB24907}.Debug|arm64.ActiveCfg = Debug|Any CPU
		{8951BB43-BB77-429C-B88C-F57F9CB24907}.Debug|arm64.Build.0 = Debug|Any CPU
		{8951BB43-BB77-429C-B88C-F57F9CB24907}.Debug|x64.ActiveCfg = Debug|Any CPU
		{8951BB43-BB77-429C-B88C-F57F9CB24907}.Debug|x64.Build.0 = Debug|Any CPU
		{8951BB43-BB77-429C-B88C-F57F9CB24907}.Debug|x86.ActiveCfg = Debug|Any CPU
		{8951BB43-BB77-429C-B88C-F57F9CB24907}.Debug|x86.Build.0 = Debug|Any CPU
		{8951BB43-BB77-429C-B88C-F57F9CB24907}.Release|Any CPU.ActiveCfg = Release|Any CPU
		{8951BB43-BB77-429C-B88C-F57F9CB24907}.Release|Any CPU.Build.0 = Release|Any CPU
		{8951BB43-BB77-429C-B88C-F57F9CB24907}.Release|arm64.ActiveCfg = Release|Any CPU
		{8951BB43-BB77-429C-B88C-F57F9CB24907}.Release|arm64.Build.0 = Release|Any CPU
		{8951BB43-BB77-429C-B88C-F57F9CB24907}.Release|x64.ActiveCfg = Release|Any CPU
		{8951BB43-BB77-429C-B88C-F57F9CB24907}.Release|x64.Build.0 = Release|Any CPU
		{8951BB43-BB77-429C-B88C-F57F9CB24907}.Release|x86.ActiveCfg = Release|Any CPU
		{8951BB43-BB77-429C-B88C-F57F9CB24907}.Release|x86.Build.0 = Release|Any CPU
	EndGlobalSection
	GlobalSection(SolutionProperties) = preSolution
		HideSolutionNode = FALSE
	EndGlobalSection
	GlobalSection(NestedProjects) = preSolution
		{85523E00-215A-49C1-9907-9F27155FE7C7} = {941FFCE7-9824-4CF4-B4CC-EEC87B23FC1D}
		{7B7AA1AA-4A28-48F3-BBA7-CEEC1F00A508} = {941FFCE7-9824-4CF4-B4CC-EEC87B23FC1D}
		{6EB50452-3D1E-4B68-BD7D-FC5FC8953D66} = {85523E00-215A-49C1-9907-9F27155FE7C7}
		{28CA483A-2285-4981-98D3-B6B40645FF85} = {85523E00-215A-49C1-9907-9F27155FE7C7}
		{9B706CA1-ED4D-451A-868A-BF86C1BC216F} = {85523E00-215A-49C1-9907-9F27155FE7C7}
		{8951BB43-BB77-429C-B88C-F57F9CB24907} = {85523E00-215A-49C1-9907-9F27155FE7C7}
	EndGlobalSection
	GlobalSection(ExtensibilityGlobals) = postSolution
		SolutionGuid = {8323B29F-7DBD-47DF-A165-049FB98A0353}
	EndGlobalSection
EndGlobal
