Microsoft Visual Studio Solution File, Format Version 12.00
# Visual Studio Version 17
VisualStudioVersion = 17.2.32210.308
MinimumVisualStudioVersion = 15.0.26124.0
Project("{2150E333-8FDC-42A3-9474-1A3956D46DE8}") = "Source", "Source", "{341A7D05-4EE9-430A-A561-688FB64041E4}"
EndProject
Project("{2150E333-8FDC-42A3-9474-1A3956D46DE8}") = "Platforms", "Platforms", "{585D2565-F6F3-4CF1-87E9-52368E639164}"
EndProject
Project("{9A19103F-16F7-4668-BE54-9A1E7A4F7556}") = "DevExpressApp", "DevExpressApp\DevExpressApp.csproj", "{3FB9A5DB-2CF8-4AD4-9C1B-40D28B272C43}"
EndProject
Project("{9A19103F-16F7-4668-BE54-9A1E7A4F7556}") = "DevExpressApp.Base", "DevExpressApp.Base\DevExpressApp.Base.csproj", "{2189102C-8698-4760-A2C5-ADED686F84E2}"
EndProject
Project("{9A19103F-16F7-4668-BE54-9A1E7A4F7556}") = "DevExpressApp.Mobile", "DevExpressApp.Mobile\DevExpressApp.Mobile.csproj", "{1EDF93F2-2944-4222-A6B8-B2BF38332F03}"
EndProject
Project("{9A19103F-16F7-4668-BE54-9A1E7A4F7556}") = "DevExpressApp.Windows", "DevExpressApp.Windows\DevExpressApp.Windows.csproj", "{A7BDEC38-C02E-46B6-A43F-39AEFD22A17E}"
EndProject
Project("{9A19103F-16F7-4668-BE54-9A1E7A4F7556}") = "DevExpressApp.MauiControls", "DevExpressApp.MauiControls\DevExpressApp.MauiControls.csproj", "{2669B8D0-86EE-4E7D-B7ED-789D82311F81}"
EndProject
Project("{2150E333-8FDC-42A3-9474-1A3956D46DE8}") = "Solution Items", "Solution Items", "{BADA71DC-7FFD-4EDC-9F28-FB74AEADC713}"
	ProjectSection(SolutionItems) = preProject
		.gitignore = .gitignore
		Directory.Build.props = Directory.Build.props
		Directory.Build.targets = Directory.Build.targets
		Directory.Packages.props = Directory.Packages.props
		solution-config.props.sample = solution-config.props.sample
	EndProjectSection
EndProject
Global
	GlobalSection(SolutionConfigurationPlatforms) = preSolution
		Debug|Any CPU = Debug|Any CPU
		Debug|ARM = Debug|ARM
		Debug|ARM64 = Debug|ARM64
		Debug|iPhone = Debug|iPhone
		Debug|iPhoneSimulator = Debug|iPhoneSimulator
		Debug|x64 = Debug|x64
		Debug|x86 = Debug|x86
		Release|Any CPU = Release|Any CPU
		Release|ARM = Release|ARM
		Release|ARM64 = Release|ARM64
		Release|iPhone = Release|iPhone
		Release|iPhoneSimulator = Release|iPhoneSimulator
		Release|x64 = Release|x64
		Release|x86 = Release|x86
	EndGlobalSection
	GlobalSection(ProjectConfigurationPlatforms) = postSolution
		{3FB9A5DB-2CF8-4AD4-9C1B-40D28B272C43}.Debug|Any CPU.ActiveCfg = Debug|Any CPU
		{3FB9A5DB-2CF8-4AD4-9C1B-40D28B272C43}.Debug|Any CPU.Build.0 = Debug|Any CPU
		{3FB9A5DB-2CF8-4AD4-9C1B-40D28B272C43}.Debug|ARM.ActiveCfg = Debug|Any CPU
		{3FB9A5DB-2CF8-4AD4-9C1B-40D28B272C43}.Debug|ARM.Build.0 = Debug|Any CPU
		{3FB9A5DB-2CF8-4AD4-9C1B-40D28B272C43}.Debug|ARM64.ActiveCfg = Debug|Any CPU
		{3FB9A5DB-2CF8-4AD4-9C1B-40D28B272C43}.Debug|ARM64.Build.0 = Debug|Any CPU
		{3FB9A5DB-2CF8-4AD4-9C1B-40D28B272C43}.Debug|iPhone.ActiveCfg = Debug|Any CPU
		{3FB9A5DB-2CF8-4AD4-9C1B-40D28B272C43}.Debug|iPhone.Build.0 = Debug|Any CPU
		{3FB9A5DB-2CF8-4AD4-9C1B-40D28B272C43}.Debug|iPhoneSimulator.ActiveCfg = Debug|Any CPU
		{3FB9A5DB-2CF8-4AD4-9C1B-40D28B272C43}.Debug|iPhoneSimulator.Build.0 = Debug|Any CPU
		{3FB9A5DB-2CF8-4AD4-9C1B-40D28B272C43}.Debug|x64.ActiveCfg = Debug|Any CPU
		{3FB9A5DB-2CF8-4AD4-9C1B-40D28B272C43}.Debug|x64.Build.0 = Debug|Any CPU
		{3FB9A5DB-2CF8-4AD4-9C1B-40D28B272C43}.Debug|x86.ActiveCfg = Debug|Any CPU
		{3FB9A5DB-2CF8-4AD4-9C1B-40D28B272C43}.Debug|x86.Build.0 = Debug|Any CPU
		{3FB9A5DB-2CF8-4AD4-9C1B-40D28B272C43}.Release|Any CPU.ActiveCfg = Release|Any CPU
		{3FB9A5DB-2CF8-4AD4-9C1B-40D28B272C43}.Release|Any CPU.Build.0 = Release|Any CPU
		{3FB9A5DB-2CF8-4AD4-9C1B-40D28B272C43}.Release|ARM.ActiveCfg = Release|Any CPU
		{3FB9A5DB-2CF8-4AD4-9C1B-40D28B272C43}.Release|ARM.Build.0 = Release|Any CPU
		{3FB9A5DB-2CF8-4AD4-9C1B-40D28B272C43}.Release|ARM64.ActiveCfg = Release|Any CPU
		{3FB9A5DB-2CF8-4AD4-9C1B-40D28B272C43}.Release|ARM64.Build.0 = Release|Any CPU
		{3FB9A5DB-2CF8-4AD4-9C1B-40D28B272C43}.Release|iPhone.ActiveCfg = Release|Any CPU
		{3FB9A5DB-2CF8-4AD4-9C1B-40D28B272C43}.Release|iPhone.Build.0 = Release|Any CPU
		{3FB9A5DB-2CF8-4AD4-9C1B-40D28B272C43}.Release|iPhoneSimulator.ActiveCfg = Release|Any CPU
		{3FB9A5DB-2CF8-4AD4-9C1B-40D28B272C43}.Release|iPhoneSimulator.Build.0 = Release|Any CPU
		{3FB9A5DB-2CF8-4AD4-9C1B-40D28B272C43}.Release|x64.ActiveCfg = Release|Any CPU
		{3FB9A5DB-2CF8-4AD4-9C1B-40D28B272C43}.Release|x64.Build.0 = Release|Any CPU
		{3FB9A5DB-2CF8-4AD4-9C1B-40D28B272C43}.Release|x86.ActiveCfg = Release|Any CPU
		{3FB9A5DB-2CF8-4AD4-9C1B-40D28B272C43}.Release|x86.Build.0 = Release|Any CPU
		{2189102C-8698-4760-A2C5-ADED686F84E2}.Debug|Any CPU.ActiveCfg = Debug|Any CPU
		{2189102C-8698-4760-A2C5-ADED686F84E2}.Debug|Any CPU.Build.0 = Debug|Any CPU
		{2189102C-8698-4760-A2C5-ADED686F84E2}.Debug|ARM.ActiveCfg = Debug|Any CPU
		{2189102C-8698-4760-A2C5-ADED686F84E2}.Debug|ARM.Build.0 = Debug|Any CPU
		{2189102C-8698-4760-A2C5-ADED686F84E2}.Debug|ARM64.ActiveCfg = Debug|Any CPU
		{2189102C-8698-4760-A2C5-ADED686F84E2}.Debug|ARM64.Build.0 = Debug|Any CPU
		{2189102C-8698-4760-A2C5-ADED686F84E2}.Debug|iPhone.ActiveCfg = Debug|Any CPU
		{2189102C-8698-4760-A2C5-ADED686F84E2}.Debug|iPhone.Build.0 = Debug|Any CPU
		{2189102C-8698-4760-A2C5-ADED686F84E2}.Debug|iPhoneSimulator.ActiveCfg = Debug|Any CPU
		{2189102C-8698-4760-A2C5-ADED686F84E2}.Debug|iPhoneSimulator.Build.0 = Debug|Any CPU
		{2189102C-8698-4760-A2C5-ADED686F84E2}.Debug|x64.ActiveCfg = Debug|Any CPU
		{2189102C-8698-4760-A2C5-ADED686F84E2}.Debug|x64.Build.0 = Debug|Any CPU
		{2189102C-8698-4760-A2C5-ADED686F84E2}.Debug|x86.ActiveCfg = Debug|Any CPU
		{2189102C-8698-4760-A2C5-ADED686F84E2}.Debug|x86.Build.0 = Debug|Any CPU
		{2189102C-8698-4760-A2C5-ADED686F84E2}.Release|Any CPU.ActiveCfg = Release|Any CPU
		{2189102C-8698-4760-A2C5-ADED686F84E2}.Release|Any CPU.Build.0 = Release|Any CPU
		{2189102C-8698-4760-A2C5-ADED686F84E2}.Release|ARM.ActiveCfg = Release|Any CPU
		{2189102C-8698-4760-A2C5-ADED686F84E2}.Release|ARM.Build.0 = Release|Any CPU
		{2189102C-8698-4760-A2C5-ADED686F84E2}.Release|ARM64.ActiveCfg = Release|Any CPU
		{2189102C-8698-4760-A2C5-ADED686F84E2}.Release|ARM64.Build.0 = Release|Any CPU
		{2189102C-8698-4760-A2C5-ADED686F84E2}.Release|iPhone.ActiveCfg = Release|Any CPU
		{2189102C-8698-4760-A2C5-ADED686F84E2}.Release|iPhone.Build.0 = Release|Any CPU
		{2189102C-8698-4760-A2C5-ADED686F84E2}.Release|iPhoneSimulator.ActiveCfg = Release|Any CPU
		{2189102C-8698-4760-A2C5-ADED686F84E2}.Release|iPhoneSimulator.Build.0 = Release|Any CPU
		{2189102C-8698-4760-A2C5-ADED686F84E2}.Release|x64.ActiveCfg = Release|Any CPU
		{2189102C-8698-4760-A2C5-ADED686F84E2}.Release|x64.Build.0 = Release|Any CPU
		{2189102C-8698-4760-A2C5-ADED686F84E2}.Release|x86.ActiveCfg = Release|Any CPU
		{2189102C-8698-4760-A2C5-ADED686F84E2}.Release|x86.Build.0 = Release|Any CPU
		{1EDF93F2-2944-4222-A6B8-B2BF38332F03}.Debug|Any CPU.ActiveCfg = Debug|Any CPU
		{1EDF93F2-2944-4222-A6B8-B2BF38332F03}.Debug|Any CPU.Build.0 = Debug|Any CPU
		{1EDF93F2-2944-4222-A6B8-B2BF38332F03}.Debug|Any CPU.Deploy.0 = Debug|Any CPU
		{1EDF93F2-2944-4222-A6B8-B2BF38332F03}.Debug|ARM.ActiveCfg = Debug|Any CPU
		{1EDF93F2-2944-4222-A6B8-B2BF38332F03}.Debug|ARM.Build.0 = Debug|Any CPU
		{1EDF93F2-2944-4222-A6B8-B2BF38332F03}.Debug|ARM.Deploy.0 = Debug|Any CPU
		{1EDF93F2-2944-4222-A6B8-B2BF38332F03}.Debug|ARM64.ActiveCfg = Debug|Any CPU
		{1EDF93F2-2944-4222-A6B8-B2BF38332F03}.Debug|ARM64.Build.0 = Debug|Any CPU
		{1EDF93F2-2944-4222-A6B8-B2BF38332F03}.Debug|ARM64.Deploy.0 = Debug|Any CPU
		{1EDF93F2-2944-4222-A6B8-B2BF38332F03}.Debug|iPhone.ActiveCfg = Debug|Any CPU
		{1EDF93F2-2944-4222-A6B8-B2BF38332F03}.Debug|iPhone.Build.0 = Debug|Any CPU
		{1EDF93F2-2944-4222-A6B8-B2BF38332F03}.Debug|iPhone.Deploy.0 = Debug|Any CPU
		{1EDF93F2-2944-4222-A6B8-B2BF38332F03}.Debug|iPhoneSimulator.ActiveCfg = Debug|Any CPU
		{1EDF93F2-2944-4222-A6B8-B2BF38332F03}.Debug|iPhoneSimulator.Build.0 = Debug|Any CPU
		{1EDF93F2-2944-4222-A6B8-B2BF38332F03}.Debug|iPhoneSimulator.Deploy.0 = Debug|Any CPU
		{1EDF93F2-2944-4222-A6B8-B2BF38332F03}.Debug|x64.ActiveCfg = Debug|Any CPU
		{1EDF93F2-2944-4222-A6B8-B2BF38332F03}.Debug|x64.Build.0 = Debug|Any CPU
		{1EDF93F2-2944-4222-A6B8-B2BF38332F03}.Debug|x64.Deploy.0 = Debug|Any CPU
		{1EDF93F2-2944-4222-A6B8-B2BF38332F03}.Debug|x86.ActiveCfg = Debug|Any CPU
		{1EDF93F2-2944-4222-A6B8-B2BF38332F03}.Debug|x86.Build.0 = Debug|Any CPU
		{1EDF93F2-2944-4222-A6B8-B2BF38332F03}.Debug|x86.Deploy.0 = Debug|Any CPU
		{1EDF93F2-2944-4222-A6B8-B2BF38332F03}.Release|Any CPU.ActiveCfg = Release|Any CPU
		{1EDF93F2-2944-4222-A6B8-B2BF38332F03}.Release|Any CPU.Build.0 = Release|Any CPU
		{1EDF93F2-2944-4222-A6B8-B2BF38332F03}.Release|Any CPU.Deploy.0 = Release|Any CPU
		{1EDF93F2-2944-4222-A6B8-B2BF38332F03}.Release|ARM.ActiveCfg = Release|Any CPU
		{1EDF93F2-2944-4222-A6B8-B2BF38332F03}.Release|ARM.Build.0 = Release|Any CPU
		{1EDF93F2-2944-4222-A6B8-B2BF38332F03}.Release|ARM.Deploy.0 = Release|Any CPU
		{1EDF93F2-2944-4222-A6B8-B2BF38332F03}.Release|ARM64.ActiveCfg = Release|Any CPU
		{1EDF93F2-2944-4222-A6B8-B2BF38332F03}.Release|ARM64.Build.0 = Release|Any CPU
		{1EDF93F2-2944-4222-A6B8-B2BF38332F03}.Release|ARM64.Deploy.0 = Release|Any CPU
		{1EDF93F2-2944-4222-A6B8-B2BF38332F03}.Release|iPhone.ActiveCfg = Release|Any CPU
		{1EDF93F2-2944-4222-A6B8-B2BF38332F03}.Release|iPhone.Build.0 = Release|Any CPU
		{1EDF93F2-2944-4222-A6B8-B2BF38332F03}.Release|iPhone.Deploy.0 = Release|Any CPU
		{1EDF93F2-2944-4222-A6B8-B2BF38332F03}.Release|iPhoneSimulator.ActiveCfg = Release|Any CPU
		{1EDF93F2-2944-4222-A6B8-B2BF38332F03}.Release|iPhoneSimulator.Build.0 = Release|Any CPU
		{1EDF93F2-2944-4222-A6B8-B2BF38332F03}.Release|iPhoneSimulator.Deploy.0 = Release|Any CPU
		{1EDF93F2-2944-4222-A6B8-B2BF38332F03}.Release|x64.ActiveCfg = Release|Any CPU
		{1EDF93F2-2944-4222-A6B8-B2BF38332F03}.Release|x64.Build.0 = Release|Any CPU
		{1EDF93F2-2944-4222-A6B8-B2BF38332F03}.Release|x64.Deploy.0 = Release|Any CPU
		{1EDF93F2-2944-4222-A6B8-B2BF38332F03}.Release|x86.ActiveCfg = Release|Any CPU
		{1EDF93F2-2944-4222-A6B8-B2BF38332F03}.Release|x86.Build.0 = Release|Any CPU
		{1EDF93F2-2944-4222-A6B8-B2BF38332F03}.Release|x86.Deploy.0 = Release|Any CPU
		{A7BDEC38-C02E-46B6-A43F-39AEFD22A17E}.Debug|Any CPU.ActiveCfg = Debug|x64
		{A7BDEC38-C02E-46B6-A43F-39AEFD22A17E}.Debug|Any CPU.Build.0 = Debug|x64
		{A7BDEC38-C02E-46B6-A43F-39AEFD22A17E}.Debug|Any CPU.Deploy.0 = Debug|x64
		{A7BDEC38-C02E-46B6-A43F-39AEFD22A17E}.Debug|ARM.ActiveCfg = Debug|x64
		{A7BDEC38-C02E-46B6-A43F-39AEFD22A17E}.Debug|ARM.Build.0 = Debug|x64
		{A7BDEC38-C02E-46B6-A43F-39AEFD22A17E}.Debug|ARM.Deploy.0 = Debug|x64
		{A7BDEC38-C02E-46B6-A43F-39AEFD22A17E}.Debug|ARM64.ActiveCfg = Debug|arm64
		{A7BDEC38-C02E-46B6-A43F-39AEFD22A17E}.Debug|ARM64.Build.0 = Debug|arm64
		{A7BDEC38-C02E-46B6-A43F-39AEFD22A17E}.Debug|ARM64.Deploy.0 = Debug|arm64
		{A7BDEC38-C02E-46B6-A43F-39AEFD22A17E}.Debug|iPhone.ActiveCfg = Debug|x64
		{A7BDEC38-C02E-46B6-A43F-39AEFD22A17E}.Debug|iPhone.Build.0 = Debug|x64
		{A7BDEC38-C02E-46B6-A43F-39AEFD22A17E}.Debug|iPhone.Deploy.0 = Debug|x64
		{A7BDEC38-C02E-46B6-A43F-39AEFD22A17E}.Debug|iPhoneSimulator.ActiveCfg = Debug|x64
		{A7BDEC38-C02E-46B6-A43F-39AEFD22A17E}.Debug|iPhoneSimulator.Build.0 = Debug|x64
		{A7BDEC38-C02E-46B6-A43F-39AEFD22A17E}.Debug|iPhoneSimulator.Deploy.0 = Debug|x64
		{A7BDEC38-C02E-46B6-A43F-39AEFD22A17E}.Debug|x64.ActiveCfg = Debug|x64
		{A7BDEC38-C02E-46B6-A43F-39AEFD22A17E}.Debug|x64.Build.0 = Debug|x64
		{A7BDEC38-C02E-46B6-A43F-39AEFD22A17E}.Debug|x86.ActiveCfg = Debug|x86
		{A7BDEC38-C02E-46B6-A43F-39AEFD22A17E}.Debug|x86.Build.0 = Debug|x86
		{A7BDEC38-C02E-46B6-A43F-39AEFD22A17E}.Release|Any CPU.ActiveCfg = Release|x64
		{A7BDEC38-C02E-46B6-A43F-39AEFD22A17E}.Release|Any CPU.Build.0 = Release|x64
		{A7BDEC38-C02E-46B6-A43F-39AEFD22A17E}.Release|Any CPU.Deploy.0 = Release|x64
		{A7BDEC38-C02E-46B6-A43F-39AEFD22A17E}.Release|ARM.ActiveCfg = Release|x64
		{A7BDEC38-C02E-46B6-A43F-39AEFD22A17E}.Release|ARM.Build.0 = Release|x64
		{A7BDEC38-C02E-46B6-A43F-39AEFD22A17E}.Release|ARM64.ActiveCfg = Release|arm64
		{A7BDEC38-C02E-46B6-A43F-39AEFD22A17E}.Release|ARM64.Build.0 = Release|arm64
		{A7BDEC38-C02E-46B6-A43F-39AEFD22A17E}.Release|iPhone.ActiveCfg = Release|x64
		{A7BDEC38-C02E-46B6-A43F-39AEFD22A17E}.Release|iPhone.Build.0 = Release|x64
		{A7BDEC38-C02E-46B6-A43F-39AEFD22A17E}.Release|iPhoneSimulator.ActiveCfg = Release|x64
		{A7BDEC38-C02E-46B6-A43F-39AEFD22A17E}.Release|iPhoneSimulator.Build.0 = Release|x64
		{A7BDEC38-C02E-46B6-A43F-39AEFD22A17E}.Release|x64.ActiveCfg = Release|x64
		{A7BDEC38-C02E-46B6-A43F-39AEFD22A17E}.Release|x64.Build.0 = Release|x64
		{A7BDEC38-C02E-46B6-A43F-39AEFD22A17E}.Release|x86.ActiveCfg = Release|x86
		{A7BDEC38-C02E-46B6-A43F-39AEFD22A17E}.Release|x86.Build.0 = Release|x86
		{2669B8D0-86EE-4E7D-B7ED-789D82311F81}.Debug|Any CPU.ActiveCfg = Debug|Any CPU
		{2669B8D0-86EE-4E7D-B7ED-789D82311F81}.Debug|Any CPU.Build.0 = Debug|Any CPU
		{2669B8D0-86EE-4E7D-B7ED-789D82311F81}.Debug|ARM.ActiveCfg = Debug|Any CPU
		{2669B8D0-86EE-4E7D-B7ED-789D82311F81}.Debug|ARM.Build.0 = Debug|Any CPU
		{2669B8D0-86EE-4E7D-B7ED-789D82311F81}.Debug|ARM64.ActiveCfg = Debug|Any CPU
		{2669B8D0-86EE-4E7D-B7ED-789D82311F81}.Debug|ARM64.Build.0 = Debug|Any CPU
		{2669B8D0-86EE-4E7D-B7ED-789D82311F81}.Debug|iPhone.ActiveCfg = Debug|Any CPU
		{2669B8D0-86EE-4E7D-B7ED-789D82311F81}.Debug|iPhone.Build.0 = Debug|Any CPU
		{2669B8D0-86EE-4E7D-B7ED-789D82311F81}.Debug|iPhoneSimulator.ActiveCfg = Debug|Any CPU
		{2669B8D0-86EE-4E7D-B7ED-789D82311F81}.Debug|iPhoneSimulator.Build.0 = Debug|Any CPU
		{2669B8D0-86EE-4E7D-B7ED-789D82311F81}.Debug|x64.ActiveCfg = Debug|Any CPU
		{2669B8D0-86EE-4E7D-B7ED-789D82311F81}.Debug|x64.Build.0 = Debug|Any CPU
		{2669B8D0-86EE-4E7D-B7ED-789D82311F81}.Debug|x86.ActiveCfg = Debug|Any CPU
		{2669B8D0-86EE-4E7D-B7ED-789D82311F81}.Debug|x86.Build.0 = Debug|Any CPU
		{2669B8D0-86EE-4E7D-B7ED-789D82311F81}.Release|Any CPU.ActiveCfg = Release|Any CPU
		{2669B8D0-86EE-4E7D-B7ED-789D82311F81}.Release|Any CPU.Build.0 = Release|Any CPU
		{2669B8D0-86EE-4E7D-B7ED-789D82311F81}.Release|ARM.ActiveCfg = Release|Any CPU
		{2669B8D0-86EE-4E7D-B7ED-789D82311F81}.Release|ARM.Build.0 = Release|Any CPU
		{2669B8D0-86EE-4E7D-B7ED-789D82311F81}.Release|ARM64.ActiveCfg = Release|Any CPU
		{2669B8D0-86EE-4E7D-B7ED-789D82311F81}.Release|ARM64.Build.0 = Release|Any CPU
		{2669B8D0-86EE-4E7D-B7ED-789D82311F81}.Release|iPhone.ActiveCfg = Release|Any CPU
		{2669B8D0-86EE-4E7D-B7ED-789D82311F81}.Release|iPhone.Build.0 = Release|Any CPU
		{2669B8D0-86EE-4E7D-B7ED-789D82311F81}.Release|iPhoneSimulator.ActiveCfg = Release|Any CPU
		{2669B8D0-86EE-4E7D-B7ED-789D82311F81}.Release|iPhoneSimulator.Build.0 = Release|Any CPU
		{2669B8D0-86EE-4E7D-B7ED-789D82311F81}.Release|x64.ActiveCfg = Release|Any CPU
		{2669B8D0-86EE-4E7D-B7ED-789D82311F81}.Release|x64.Build.0 = Release|Any CPU
		{2669B8D0-86EE-4E7D-B7ED-789D82311F81}.Release|x86.ActiveCfg = Release|Any CPU
		{2669B8D0-86EE-4E7D-B7ED-789D82311F81}.Release|x86.Build.0 = Release|Any CPU
	EndGlobalSection
	GlobalSection(SolutionProperties) = preSolution
		HideSolutionNode = FALSE
	EndGlobalSection
	GlobalSection(NestedProjects) = preSolution
		{585D2565-F6F3-4CF1-87E9-52368E639164} = {341A7D05-4EE9-430A-A561-688FB64041E4}
		{3FB9A5DB-2CF8-4AD4-9C1B-40D28B272C43} = {341A7D05-4EE9-430A-A561-688FB64041E4}
		{2189102C-8698-4760-A2C5-ADED686F84E2} = {585D2565-F6F3-4CF1-87E9-52368E639164}
		{1EDF93F2-2944-4222-A6B8-B2BF38332F03} = {585D2565-F6F3-4CF1-87E9-52368E639164}
		{A7BDEC38-C02E-46B6-A43F-39AEFD22A17E} = {585D2565-F6F3-4CF1-87E9-52368E639164}
		{2669B8D0-86EE-4E7D-B7ED-789D82311F81} = {341A7D05-4EE9-430A-A561-688FB64041E4}
	EndGlobalSection
	GlobalSection(ExtensibilityGlobals) = postSolution
		SolutionGuid = {A7E44D8D-129A-47F5-9640-A55AE85831FA}
	EndGlobalSection
EndGlobal
