
Microsoft Visual Studio Solution File, Format Version 12.00
# Visual Studio Version 17
VisualStudioVersion = 17.0.31903.59
MinimumVisualStudioVersion = 15.0.26124.0
Project("{2150E333-8FDC-42A3-9474-1A3956D46DE8}") = "Platforms", "Platforms", "{B33CA1B4-44EE-4E67-ACF2-8DD48F6F5423}"
EndProject
Project("{2150E333-8FDC-42A3-9474-1A3956D46DE8}") = "Test", "Test", "{B4E6A7DE-E0E4-4511-89C7-4A76589C21C6}"
EndProject
Project("{2150E333-8FDC-42A3-9474-1A3956D46DE8}") = "Solution Items", "Solution Items", "{88282CD7-EDD2-4009-A342-C4F25EF91079}"
	ProjectSection(SolutionItems) = preProject
		Directory.Build.props = Directory.Build.props
		Directory.Build.targets = Directory.Build.targets
		Directory.Packages.props = Directory.Packages.props
		global.json = global.json
	EndProjectSection
EndProject
Project("{9A19103F-16F7-4668-BE54-9A1E7A4F7556}") = "Commerce", "Commerce\Commerce\Commerce.csproj", "{651E8C28-9128-4B0E-A521-CDF7F3ADDC1C}"
EndProject
Project("{9A19103F-16F7-4668-BE54-9A1E7A4F7556}") = "Commerce.Tests", "Commerce\Commerce.Tests\Commerce.Tests.csproj", "{1308D983-7C6A-43FD-AAEC-3F4CA9B0609D}"
EndProject
Project("{9A19103F-16F7-4668-BE54-9A1E7A4F7556}") = "Commerce.UITests", "Commerce\Commerce.UITests\Commerce.UITests.csproj", "{433779CF-7A8C-480A-97D5-7130740EE59E}"
EndProject
Project("{9A19103F-16F7-4668-BE54-9A1E7A4F7556}") = "Commerce.Mobile", "Commerce\Commerce.Mobile\Commerce.Mobile.csproj", "{BF0EEE22-757F-4183-AA69-6C281EF8E1BD}"
EndProject
Project("{9A19103F-16F7-4668-BE54-9A1E7A4F7556}") = "Commerce.Windows", "Commerce\Commerce.Windows\Commerce.Windows.csproj", "{D844F3BE-2B61-4D4F-8BD1-63C10EC87384}"
EndProject
Project("{9A19103F-16F7-4668-BE54-9A1E7A4F7556}") = "Commerce.Wasm", "Commerce\Commerce.Wasm\Commerce.Wasm.csproj", "{9379C469-7087-4ABD-97EC-CE9DF15DAC70}"
EndProject
Project("{9A19103F-16F7-4668-BE54-9A1E7A4F7556}") = "Commerce.Skia.Gtk", "Commerce\Commerce.Skia.Gtk\Commerce.Skia.Gtk.csproj", "{D00839DE-9847-45B6-A41A-8883D183DE51}"
EndProject
Project("{9A19103F-16F7-4668-BE54-9A1E7A4F7556}") = "Commerce.Skia.Wpf", "Commerce\Commerce.Skia.WPF\Commerce.Skia.Wpf.csproj", "{91D01397-A47C-4B9D-B9DB-61B268048DBA}"
EndProject
Project("{9A19103F-16F7-4668-BE54-9A1E7A4F7556}") = "Commerce.Skia.Linux.FrameBuffer", "Commerce\Commerce.Skia.Linux.FrameBuffer\Commerce.Skia.Linux.FrameBuffer.csproj", "{1FDE27EF-B38E-4E1F-94E4-37FA2242B6A0}"
EndProject
Global
	GlobalSection(SolutionConfigurationPlatforms) = preSolution
		Ad-Hoc|Any CPU = Ad-Hoc|Any CPU
		Ad-Hoc|ARM = Ad-Hoc|ARM
		Ad-Hoc|ARM64 = Ad-Hoc|ARM64
		Ad-Hoc|iPhone = Ad-Hoc|iPhone
		Ad-Hoc|iPhoneSimulator = Ad-Hoc|iPhoneSimulator
		Ad-Hoc|x64 = Ad-Hoc|x64
		Ad-Hoc|x86 = Ad-Hoc|x86
		AppStore|Any CPU = AppStore|Any CPU
		AppStore|ARM = AppStore|ARM
		AppStore|ARM64 = AppStore|ARM64
		AppStore|iPhone = AppStore|iPhone
		AppStore|iPhoneSimulator = AppStore|iPhoneSimulator
		AppStore|x64 = AppStore|x64
		AppStore|x86 = AppStore|x86
		Debug|Any CPU = Debug|Any CPU
		Debug|ARM = Debug|ARM
		Debug|ARM64 = Debug|ARM64
		Debug|iPhone = Debug|iPhone
		Debug|iPhoneSimulator = Debug|iPhoneSimulator
		Debug|x64 = Debug|x64
		Debug|x86 = Debug|x86
		Release|Any CPU = Release|Any CPU
		Release|ARM = Release|ARM
		Release|ARM64 = Release|ARM64
		Release|iPhone = Release|iPhone
		Release|iPhoneSimulator = Release|iPhoneSimulator
		Release|x64 = Release|x64
		Release|x86 = Release|x86
	EndGlobalSection
	GlobalSection(ProjectConfigurationPlatforms) = postSolution
		{651E8C28-9128-4B0E-A521-CDF7F3ADDC1C}.Ad-Hoc|Any CPU.ActiveCfg = Debug|Any CPU
		{651E8C28-9128-4B0E-A521-CDF7F3ADDC1C}.Ad-Hoc|Any CPU.Build.0 = Debug|Any CPU
		{651E8C28-9128-4B0E-A521-CDF7F3ADDC1C}.Ad-Hoc|ARM.ActiveCfg = Debug|Any CPU
		{651E8C28-9128-4B0E-A521-CDF7F3ADDC1C}.Ad-Hoc|ARM.Build.0 = Debug|Any CPU
		{651E8C28-9128-4B0E-A521-CDF7F3ADDC1C}.Ad-Hoc|ARM64.ActiveCfg = Debug|Any CPU
		{651E8C28-9128-4B0E-A521-CDF7F3ADDC1C}.Ad-Hoc|ARM64.Build.0 = Debug|Any CPU
		{651E8C28-9128-4B0E-A521-CDF7F3ADDC1C}.Ad-Hoc|iPhone.ActiveCfg = Debug|Any CPU
		{651E8C28-9128-4B0E-A521-CDF7F3ADDC1C}.Ad-Hoc|iPhone.Build.0 = Debug|Any CPU
		{651E8C28-9128-4B0E-A521-CDF7F3ADDC1C}.Ad-Hoc|iPhoneSimulator.ActiveCfg = Debug|Any CPU
		{651E8C28-9128-4B0E-A521-CDF7F3ADDC1C}.Ad-Hoc|iPhoneSimulator.Build.0 = Debug|Any CPU
		{651E8C28-9128-4B0E-A521-CDF7F3ADDC1C}.Ad-Hoc|x64.ActiveCfg = Debug|Any CPU
		{651E8C28-9128-4B0E-A521-CDF7F3ADDC1C}.Ad-Hoc|x64.Build.0 = Debug|Any CPU
		{651E8C28-9128-4B0E-A521-CDF7F3ADDC1C}.Ad-Hoc|x86.ActiveCfg = Debug|Any CPU
		{651E8C28-9128-4B0E-A521-CDF7F3ADDC1C}.Ad-Hoc|x86.Build.0 = Debug|Any CPU
		{651E8C28-9128-4B0E-A521-CDF7F3ADDC1C}.AppStore|Any CPU.ActiveCfg = Debug|Any CPU
		{651E8C28-9128-4B0E-A521-CDF7F3ADDC1C}.AppStore|Any CPU.Build.0 = Debug|Any CPU
		{651E8C28-9128-4B0E-A521-CDF7F3ADDC1C}.AppStore|ARM.ActiveCfg = Debug|Any CPU
		{651E8C28-9128-4B0E-A521-CDF7F3ADDC1C}.AppStore|ARM.Build.0 = Debug|Any CPU
		{651E8C28-9128-4B0E-A521-CDF7F3ADDC1C}.AppStore|ARM64.ActiveCfg = Debug|Any CPU
		{651E8C28-9128-4B0E-A521-CDF7F3ADDC1C}.AppStore|ARM64.Build.0 = Debug|Any CPU
		{651E8C28-9128-4B0E-A521-CDF7F3ADDC1C}.AppStore|iPhone.ActiveCfg = Debug|Any CPU
		{651E8C28-9128-4B0E-A521-CDF7F3ADDC1C}.AppStore|iPhone.Build.0 = Debug|Any CPU
		{651E8C28-9128-4B0E-A521-CDF7F3ADDC1C}.AppStore|iPhoneSimulator.ActiveCfg = Debug|Any CPU
		{651E8C28-9128-4B0E-A521-CDF7F3ADDC1C}.AppStore|iPhoneSimulator.Build.0 = Debug|Any CPU
		{651E8C28-9128-4B0E-A521-CDF7F3ADDC1C}.AppStore|x64.ActiveCfg = Debug|Any CPU
		{651E8C28-9128-4B0E-A521-CDF7F3ADDC1C}.AppStore|x64.Build.0 = Debug|Any CPU
		{651E8C28-9128-4B0E-A521-CDF7F3ADDC1C}.AppStore|x86.ActiveCfg = Debug|Any CPU
		{651E8C28-9128-4B0E-A521-CDF7F3ADDC1C}.AppStore|x86.Build.0 = Debug|Any CPU
		{651E8C28-9128-4B0E-A521-CDF7F3ADDC1C}.Debug|Any CPU.ActiveCfg = Debug|Any CPU
		{651E8C28-9128-4B0E-A521-CDF7F3ADDC1C}.Debug|Any CPU.Build.0 = Debug|Any CPU
		{651E8C28-9128-4B0E-A521-CDF7F3ADDC1C}.Debug|ARM.ActiveCfg = Debug|Any CPU
		{651E8C28-9128-4B0E-A521-CDF7F3ADDC1C}.Debug|ARM.Build.0 = Debug|Any CPU
		{651E8C28-9128-4B0E-A521-CDF7F3ADDC1C}.Debug|ARM64.ActiveCfg = Debug|Any CPU
		{651E8C28-9128-4B0E-A521-CDF7F3ADDC1C}.Debug|ARM64.Build.0 = Debug|Any CPU
		{651E8C28-9128-4B0E-A521-CDF7F3ADDC1C}.Debug|iPhone.ActiveCfg = Debug|Any CPU
		{651E8C28-9128-4B0E-A521-CDF7F3ADDC1C}.Debug|iPhone.Build.0 = Debug|Any CPU
		{651E8C28-9128-4B0E-A521-CDF7F3ADDC1C}.Debug|iPhoneSimulator.ActiveCfg = Debug|Any CPU
		{651E8C28-9128-4B0E-A521-CDF7F3ADDC1C}.Debug|iPhoneSimulator.Build.0 = Debug|Any CPU
		{651E8C28-9128-4B0E-A521-CDF7F3ADDC1C}.Debug|x64.ActiveCfg = Debug|Any CPU
		{651E8C28-9128-4B0E-A521-CDF7F3ADDC1C}.Debug|x64.Build.0 = Debug|Any CPU
		{651E8C28-9128-4B0E-A521-CDF7F3ADDC1C}.Debug|x86.ActiveCfg = Debug|Any CPU
		{651E8C28-9128-4B0E-A521-CDF7F3ADDC1C}.Debug|x86.Build.0 = Debug|Any CPU
		{651E8C28-9128-4B0E-A521-CDF7F3ADDC1C}.Release|Any CPU.ActiveCfg = Release|Any CPU
		{651E8C28-9128-4B0E-A521-CDF7F3ADDC1C}.Release|Any CPU.Build.0 = Release|Any CPU
		{651E8C28-9128-4B0E-A521-CDF7F3ADDC1C}.Release|ARM.ActiveCfg = Release|Any CPU
		{651E8C28-9128-4B0E-A521-CDF7F3ADDC1C}.Release|ARM.Build.0 = Release|Any CPU
		{651E8C28-9128-4B0E-A521-CDF7F3ADDC1C}.Release|ARM64.ActiveCfg = Release|Any CPU
		{651E8C28-9128-4B0E-A521-CDF7F3ADDC1C}.Release|ARM64.Build.0 = Release|Any CPU
		{651E8C28-9128-4B0E-A521-CDF7F3ADDC1C}.Release|iPhone.ActiveCfg = Release|Any CPU
		{651E8C28-9128-4B0E-A521-CDF7F3ADDC1C}.Release|iPhone.Build.0 = Release|Any CPU
		{651E8C28-9128-4B0E-A521-CDF7F3ADDC1C}.Release|iPhoneSimulator.ActiveCfg = Release|Any CPU
		{651E8C28-9128-4B0E-A521-CDF7F3ADDC1C}.Release|iPhoneSimulator.Build.0 = Release|Any CPU
		{651E8C28-9128-4B0E-A521-CDF7F3ADDC1C}.Release|x64.ActiveCfg = Release|Any CPU
		{651E8C28-9128-4B0E-A521-CDF7F3ADDC1C}.Release|x64.Build.0 = Release|Any CPU
		{651E8C28-9128-4B0E-A521-CDF7F3ADDC1C}.Release|x86.ActiveCfg = Release|Any CPU
		{651E8C28-9128-4B0E-A521-CDF7F3ADDC1C}.Release|x86.Build.0 = Release|Any CPU
		{1308D983-7C6A-43FD-AAEC-3F4CA9B0609D}.Ad-Hoc|Any CPU.ActiveCfg = Debug|Any CPU
		{1308D983-7C6A-43FD-AAEC-3F4CA9B0609D}.Ad-Hoc|Any CPU.Build.0 = Debug|Any CPU
		{1308D983-7C6A-43FD-AAEC-3F4CA9B0609D}.Ad-Hoc|ARM.ActiveCfg = Debug|Any CPU
		{1308D983-7C6A-43FD-AAEC-3F4CA9B0609D}.Ad-Hoc|ARM.Build.0 = Debug|Any CPU
		{1308D983-7C6A-43FD-AAEC-3F4CA9B0609D}.Ad-Hoc|ARM64.ActiveCfg = Debug|Any CPU
		{1308D983-7C6A-43FD-AAEC-3F4CA9B0609D}.Ad-Hoc|ARM64.Build.0 = Debug|Any CPU
		{1308D983-7C6A-43FD-AAEC-3F4CA9B0609D}.Ad-Hoc|iPhone.ActiveCfg = Debug|Any CPU
		{1308D983-7C6A-43FD-AAEC-3F4CA9B0609D}.Ad-Hoc|iPhone.Build.0 = Debug|Any CPU
		{1308D983-7C6A-43FD-AAEC-3F4CA9B0609D}.Ad-Hoc|iPhoneSimulator.ActiveCfg = Debug|Any CPU
		{1308D983-7C6A-43FD-AAEC-3F4CA9B0609D}.Ad-Hoc|iPhoneSimulator.Build.0 = Debug|Any CPU
		{1308D983-7C6A-43FD-AAEC-3F4CA9B0609D}.Ad-Hoc|x64.ActiveCfg = Debug|Any CPU
		{1308D983-7C6A-43FD-AAEC-3F4CA9B0609D}.Ad-Hoc|x64.Build.0 = Debug|Any CPU
		{1308D983-7C6A-43FD-AAEC-3F4CA9B0609D}.Ad-Hoc|x86.ActiveCfg = Debug|Any CPU
		{1308D983-7C6A-43FD-AAEC-3F4CA9B0609D}.Ad-Hoc|x86.Build.0 = Debug|Any CPU
		{1308D983-7C6A-43FD-AAEC-3F4CA9B0609D}.AppStore|Any CPU.ActiveCfg = Debug|Any CPU
		{1308D983-7C6A-43FD-AAEC-3F4CA9B0609D}.AppStore|Any CPU.Build.0 = Debug|Any CPU
		{1308D983-7C6A-43FD-AAEC-3F4CA9B0609D}.AppStore|ARM.ActiveCfg = Debug|Any CPU
		{1308D983-7C6A-43FD-AAEC-3F4CA9B0609D}.AppStore|ARM.Build.0 = Debug|Any CPU
		{1308D983-7C6A-43FD-AAEC-3F4CA9B0609D}.AppStore|ARM64.ActiveCfg = Debug|Any CPU
		{1308D983-7C6A-43FD-AAEC-3F4CA9B0609D}.AppStore|ARM64.Build.0 = Debug|Any CPU
		{1308D983-7C6A-43FD-AAEC-3F4CA9B0609D}.AppStore|iPhone.ActiveCfg = Debug|Any CPU
		{1308D983-7C6A-43FD-AAEC-3F4CA9B0609D}.AppStore|iPhone.Build.0 = Debug|Any CPU
		{1308D983-7C6A-43FD-AAEC-3F4CA9B0609D}.AppStore|iPhoneSimulator.ActiveCfg = Debug|Any CPU
		{1308D983-7C6A-43FD-AAEC-3F4CA9B0609D}.AppStore|iPhoneSimulator.Build.0 = Debug|Any CPU
		{1308D983-7C6A-43FD-AAEC-3F4CA9B0609D}.AppStore|x64.ActiveCfg = Debug|Any CPU
		{1308D983-7C6A-43FD-AAEC-3F4CA9B0609D}.AppStore|x64.Build.0 = Debug|Any CPU
		{1308D983-7C6A-43FD-AAEC-3F4CA9B0609D}.AppStore|x86.ActiveCfg = Debug|Any CPU
		{1308D983-7C6A-43FD-AAEC-3F4CA9B0609D}.AppStore|x86.Build.0 = Debug|Any CPU
		{1308D983-7C6A-43FD-AAEC-3F4CA9B0609D}.Debug|Any CPU.ActiveCfg = Debug|Any CPU
		{1308D983-7C6A-43FD-AAEC-3F4CA9B0609D}.Debug|Any CPU.Build.0 = Debug|Any CPU
		{1308D983-7C6A-43FD-AAEC-3F4CA9B0609D}.Debug|ARM.ActiveCfg = Debug|Any CPU
		{1308D983-7C6A-43FD-AAEC-3F4CA9B0609D}.Debug|ARM.Build.0 = Debug|Any CPU
		{1308D983-7C6A-43FD-AAEC-3F4CA9B0609D}.Debug|ARM64.ActiveCfg = Debug|Any CPU
		{1308D983-7C6A-43FD-AAEC-3F4CA9B0609D}.Debug|ARM64.Build.0 = Debug|Any CPU
		{1308D983-7C6A-43FD-AAEC-3F4CA9B0609D}.Debug|iPhone.ActiveCfg = Debug|Any CPU
		{1308D983-7C6A-43FD-AAEC-3F4CA9B0609D}.Debug|iPhone.Build.0 = Debug|Any CPU
		{1308D983-7C6A-43FD-AAEC-3F4CA9B0609D}.Debug|iPhoneSimulator.ActiveCfg = Debug|Any CPU
		{1308D983-7C6A-43FD-AAEC-3F4CA9B0609D}.Debug|iPhoneSimulator.Build.0 = Debug|Any CPU
		{1308D983-7C6A-43FD-AAEC-3F4CA9B0609D}.Debug|x64.ActiveCfg = Debug|Any CPU
		{1308D983-7C6A-43FD-AAEC-3F4CA9B0609D}.Debug|x64.Build.0 = Debug|Any CPU
		{1308D983-7C6A-43FD-AAEC-3F4CA9B0609D}.Debug|x86.ActiveCfg = Debug|Any CPU
		{1308D983-7C6A-43FD-AAEC-3F4CA9B0609D}.Debug|x86.Build.0 = Debug|Any CPU
		{1308D983-7C6A-43FD-AAEC-3F4CA9B0609D}.Release|Any CPU.ActiveCfg = Release|Any CPU
		{1308D983-7C6A-43FD-AAEC-3F4CA9B0609D}.Release|Any CPU.Build.0 = Release|Any CPU
		{1308D983-7C6A-43FD-AAEC-3F4CA9B0609D}.Release|ARM.ActiveCfg = Release|Any CPU
		{1308D983-7C6A-43FD-AAEC-3F4CA9B0609D}.Release|ARM.Build.0 = Release|Any CPU
		{1308D983-7C6A-43FD-AAEC-3F4CA9B0609D}.Release|ARM64.ActiveCfg = Release|Any CPU
		{1308D983-7C6A-43FD-AAEC-3F4CA9B0609D}.Release|ARM64.Build.0 = Release|Any CPU
		{1308D983-7C6A-43FD-AAEC-3F4CA9B0609D}.Release|iPhone.ActiveCfg = Release|Any CPU
		{1308D983-7C6A-43FD-AAEC-3F4CA9B0609D}.Release|iPhone.Build.0 = Release|Any CPU
		{1308D983-7C6A-43FD-AAEC-3F4CA9B0609D}.Release|iPhoneSimulator.ActiveCfg = Release|Any CPU
		{1308D983-7C6A-43FD-AAEC-3F4CA9B0609D}.Release|iPhoneSimulator.Build.0 = Release|Any CPU
		{1308D983-7C6A-43FD-AAEC-3F4CA9B0609D}.Release|x64.ActiveCfg = Release|Any CPU
		{1308D983-7C6A-43FD-AAEC-3F4CA9B0609D}.Release|x64.Build.0 = Release|Any CPU
		{1308D983-7C6A-43FD-AAEC-3F4CA9B0609D}.Release|x86.ActiveCfg = Release|Any CPU
		{1308D983-7C6A-43FD-AAEC-3F4CA9B0609D}.Release|x86.Build.0 = Release|Any CPU
		{433779CF-7A8C-480A-97D5-7130740EE59E}.Ad-Hoc|Any CPU.ActiveCfg = Debug|Any CPU
		{433779CF-7A8C-480A-97D5-7130740EE59E}.Ad-Hoc|Any CPU.Build.0 = Debug|Any CPU
		{433779CF-7A8C-480A-97D5-7130740EE59E}.Ad-Hoc|ARM.ActiveCfg = Debug|Any CPU
		{433779CF-7A8C-480A-97D5-7130740EE59E}.Ad-Hoc|ARM.Build.0 = Debug|Any CPU
		{433779CF-7A8C-480A-97D5-7130740EE59E}.Ad-Hoc|ARM64.ActiveCfg = Debug|Any CPU
		{433779CF-7A8C-480A-97D5-7130740EE59E}.Ad-Hoc|ARM64.Build.0 = Debug|Any CPU
		{433779CF-7A8C-480A-97D5-7130740EE59E}.Ad-Hoc|iPhone.ActiveCfg = Debug|Any CPU
		{433779CF-7A8C-480A-97D5-7130740EE59E}.Ad-Hoc|iPhone.Build.0 = Debug|Any CPU
		{433779CF-7A8C-480A-97D5-7130740EE59E}.Ad-Hoc|iPhoneSimulator.ActiveCfg = Debug|Any CPU
		{433779CF-7A8C-480A-97D5-7130740EE59E}.Ad-Hoc|iPhoneSimulator.Build.0 = Debug|Any CPU
		{433779CF-7A8C-480A-97D5-7130740EE59E}.Ad-Hoc|x64.ActiveCfg = Debug|Any CPU
		{433779CF-7A8C-480A-97D5-7130740EE59E}.Ad-Hoc|x64.Build.0 = Debug|Any CPU
		{433779CF-7A8C-480A-97D5-7130740EE59E}.Ad-Hoc|x86.ActiveCfg = Debug|Any CPU
		{433779CF-7A8C-480A-97D5-7130740EE59E}.Ad-Hoc|x86.Build.0 = Debug|Any CPU
		{433779CF-7A8C-480A-97D5-7130740EE59E}.AppStore|Any CPU.ActiveCfg = Debug|Any CPU
		{433779CF-7A8C-480A-97D5-7130740EE59E}.AppStore|Any CPU.Build.0 = Debug|Any CPU
		{433779CF-7A8C-480A-97D5-7130740EE59E}.AppStore|ARM.ActiveCfg = Debug|Any CPU
		{433779CF-7A8C-480A-97D5-7130740EE59E}.AppStore|ARM.Build.0 = Debug|Any CPU
		{433779CF-7A8C-480A-97D5-7130740EE59E}.AppStore|ARM64.ActiveCfg = Debug|Any CPU
		{433779CF-7A8C-480A-97D5-7130740EE59E}.AppStore|ARM64.Build.0 = Debug|Any CPU
		{433779CF-7A8C-480A-97D5-7130740EE59E}.AppStore|iPhone.ActiveCfg = Debug|Any CPU
		{433779CF-7A8C-480A-97D5-7130740EE59E}.AppStore|iPhone.Build.0 = Debug|Any CPU
		{433779CF-7A8C-480A-97D5-7130740EE59E}.AppStore|iPhoneSimulator.ActiveCfg = Debug|Any CPU
		{433779CF-7A8C-480A-97D5-7130740EE59E}.AppStore|iPhoneSimulator.Build.0 = Debug|Any CPU
		{433779CF-7A8C-480A-97D5-7130740EE59E}.AppStore|x64.ActiveCfg = Debug|Any CPU
		{433779CF-7A8C-480A-97D5-7130740EE59E}.AppStore|x64.Build.0 = Debug|Any CPU
		{433779CF-7A8C-480A-97D5-7130740EE59E}.AppStore|x86.ActiveCfg = Debug|Any CPU
		{433779CF-7A8C-480A-97D5-7130740EE59E}.AppStore|x86.Build.0 = Debug|Any CPU
		{433779CF-7A8C-480A-97D5-7130740EE59E}.Debug|Any CPU.ActiveCfg = Debug|Any CPU
		{433779CF-7A8C-480A-97D5-7130740EE59E}.Debug|Any CPU.Build.0 = Debug|Any CPU
		{433779CF-7A8C-480A-97D5-7130740EE59E}.Debug|ARM.ActiveCfg = Debug|Any CPU
		{433779CF-7A8C-480A-97D5-7130740EE59E}.Debug|ARM.Build.0 = Debug|Any CPU
		{433779CF-7A8C-480A-97D5-7130740EE59E}.Debug|ARM64.ActiveCfg = Debug|Any CPU
		{433779CF-7A8C-480A-97D5-7130740EE59E}.Debug|ARM64.Build.0 = Debug|Any CPU
		{433779CF-7A8C-480A-97D5-7130740EE59E}.Debug|iPhone.ActiveCfg = Debug|Any CPU
		{433779CF-7A8C-480A-97D5-7130740EE59E}.Debug|iPhone.Build.0 = Debug|Any CPU
		{433779CF-7A8C-480A-97D5-7130740EE59E}.Debug|iPhoneSimulator.ActiveCfg = Debug|Any CPU
		{433779CF-7A8C-480A-97D5-7130740EE59E}.Debug|iPhoneSimulator.Build.0 = Debug|Any CPU
		{433779CF-7A8C-480A-97D5-7130740EE59E}.Debug|x64.ActiveCfg = Debug|Any CPU
		{433779CF-7A8C-480A-97D5-7130740EE59E}.Debug|x64.Build.0 = Debug|Any CPU
		{433779CF-7A8C-480A-97D5-7130740EE59E}.Debug|x86.ActiveCfg = Debug|Any CPU
		{433779CF-7A8C-480A-97D5-7130740EE59E}.Debug|x86.Build.0 = Debug|Any CPU
		{433779CF-7A8C-480A-97D5-7130740EE59E}.Release|Any CPU.ActiveCfg = Release|Any CPU
		{433779CF-7A8C-480A-97D5-7130740EE59E}.Release|Any CPU.Build.0 = Release|Any CPU
		{433779CF-7A8C-480A-97D5-7130740EE59E}.Release|ARM.ActiveCfg = Release|Any CPU
		{433779CF-7A8C-480A-97D5-7130740EE59E}.Release|ARM.Build.0 = Release|Any CPU
		{433779CF-7A8C-480A-97D5-7130740EE59E}.Release|ARM64.ActiveCfg = Release|Any CPU
		{433779CF-7A8C-480A-97D5-7130740EE59E}.Release|ARM64.Build.0 = Release|Any CPU
		{433779CF-7A8C-480A-97D5-7130740EE59E}.Release|iPhone.ActiveCfg = Release|Any CPU
		{433779CF-7A8C-480A-97D5-7130740EE59E}.Release|iPhone.Build.0 = Release|Any CPU
		{433779CF-7A8C-480A-97D5-7130740EE59E}.Release|iPhoneSimulator.ActiveCfg = Release|Any CPU
		{433779CF-7A8C-480A-97D5-7130740EE59E}.Release|iPhoneSimulator.Build.0 = Release|Any CPU
		{433779CF-7A8C-480A-97D5-7130740EE59E}.Release|x64.ActiveCfg = Release|Any CPU
		{433779CF-7A8C-480A-97D5-7130740EE59E}.Release|x64.Build.0 = Release|Any CPU
		{433779CF-7A8C-480A-97D5-7130740EE59E}.Release|x86.ActiveCfg = Release|Any CPU
		{433779CF-7A8C-480A-97D5-7130740EE59E}.Release|x86.Build.0 = Release|Any CPU
		{BF0EEE22-757F-4183-AA69-6C281EF8E1BD}.Ad-Hoc|Any CPU.ActiveCfg = Debug|Any CPU
		{BF0EEE22-757F-4183-AA69-6C281EF8E1BD}.Ad-Hoc|Any CPU.Build.0 = Debug|Any CPU
		{BF0EEE22-757F-4183-AA69-6C281EF8E1BD}.Ad-Hoc|Any CPU.Deploy.0 = Debug|Any CPU
		{BF0EEE22-757F-4183-AA69-6C281EF8E1BD}.Ad-Hoc|ARM.ActiveCfg = Debug|Any CPU
		{BF0EEE22-757F-4183-AA69-6C281EF8E1BD}.Ad-Hoc|ARM.Build.0 = Debug|Any CPU
		{BF0EEE22-757F-4183-AA69-6C281EF8E1BD}.Ad-Hoc|ARM.Deploy.0 = Debug|Any CPU
		{BF0EEE22-757F-4183-AA69-6C281EF8E1BD}.Ad-Hoc|ARM64.ActiveCfg = Debug|Any CPU
		{BF0EEE22-757F-4183-AA69-6C281EF8E1BD}.Ad-Hoc|ARM64.Build.0 = Debug|Any CPU
		{BF0EEE22-757F-4183-AA69-6C281EF8E1BD}.Ad-Hoc|ARM64.Deploy.0 = Debug|Any CPU
		{BF0EEE22-757F-4183-AA69-6C281EF8E1BD}.Ad-Hoc|iPhone.ActiveCfg = Debug|Any CPU
		{BF0EEE22-757F-4183-AA69-6C281EF8E1BD}.Ad-Hoc|iPhone.Build.0 = Debug|Any CPU
		{BF0EEE22-757F-4183-AA69-6C281EF8E1BD}.Ad-Hoc|iPhone.Deploy.0 = Debug|Any CPU
		{BF0EEE22-757F-4183-AA69-6C281EF8E1BD}.Ad-Hoc|iPhoneSimulator.ActiveCfg = Debug|Any CPU
		{BF0EEE22-757F-4183-AA69-6C281EF8E1BD}.Ad-Hoc|iPhoneSimulator.Build.0 = Debug|Any CPU
		{BF0EEE22-757F-4183-AA69-6C281EF8E1BD}.Ad-Hoc|iPhoneSimulator.Deploy.0 = Debug|Any CPU
		{BF0EEE22-757F-4183-AA69-6C281EF8E1BD}.Ad-Hoc|x64.ActiveCfg = Debug|Any CPU
		{BF0EEE22-757F-4183-AA69-6C281EF8E1BD}.Ad-Hoc|x64.Build.0 = Debug|Any CPU
		{BF0EEE22-757F-4183-AA69-6C281EF8E1BD}.Ad-Hoc|x64.Deploy.0 = Debug|Any CPU
		{BF0EEE22-757F-4183-AA69-6C281EF8E1BD}.Ad-Hoc|x86.ActiveCfg = Debug|Any CPU
		{BF0EEE22-757F-4183-AA69-6C281EF8E1BD}.Ad-Hoc|x86.Build.0 = Debug|Any CPU
		{BF0EEE22-757F-4183-AA69-6C281EF8E1BD}.Ad-Hoc|x86.Deploy.0 = Debug|Any CPU
		{BF0EEE22-757F-4183-AA69-6C281EF8E1BD}.AppStore|Any CPU.ActiveCfg = Debug|Any CPU
		{BF0EEE22-757F-4183-AA69-6C281EF8E1BD}.AppStore|Any CPU.Build.0 = Debug|Any CPU
		{BF0EEE22-757F-4183-AA69-6C281EF8E1BD}.AppStore|Any CPU.Deploy.0 = Debug|Any CPU
		{BF0EEE22-757F-4183-AA69-6C281EF8E1BD}.AppStore|ARM.ActiveCfg = Debug|Any CPU
		{BF0EEE22-757F-4183-AA69-6C281EF8E1BD}.AppStore|ARM.Build.0 = Debug|Any CPU
		{BF0EEE22-757F-4183-AA69-6C281EF8E1BD}.AppStore|ARM.Deploy.0 = Debug|Any CPU
		{BF0EEE22-757F-4183-AA69-6C281EF8E1BD}.AppStore|ARM64.ActiveCfg = Debug|Any CPU
		{BF0EEE22-757F-4183-AA69-6C281EF8E1BD}.AppStore|ARM64.Build.0 = Debug|Any CPU
		{BF0EEE22-757F-4183-AA69-6C281EF8E1BD}.AppStore|ARM64.Deploy.0 = Debug|Any CPU
		{BF0EEE22-757F-4183-AA69-6C281EF8E1BD}.AppStore|iPhone.ActiveCfg = Debug|Any CPU
		{BF0EEE22-757F-4183-AA69-6C281EF8E1BD}.AppStore|iPhone.Build.0 = Debug|Any CPU
		{BF0EEE22-757F-4183-AA69-6C281EF8E1BD}.AppStore|iPhone.Deploy.0 = Debug|Any CPU
		{BF0EEE22-757F-4183-AA69-6C281EF8E1BD}.AppStore|iPhoneSimulator.ActiveCfg = Debug|Any CPU
		{BF0EEE22-757F-4183-AA69-6C281EF8E1BD}.AppStore|iPhoneSimulator.Build.0 = Debug|Any CPU
		{BF0EEE22-757F-4183-AA69-6C281EF8E1BD}.AppStore|iPhoneSimulator.Deploy.0 = Debug|Any CPU
		{BF0EEE22-757F-4183-AA69-6C281EF8E1BD}.AppStore|x64.ActiveCfg = Debug|Any CPU
		{BF0EEE22-757F-4183-AA69-6C281EF8E1BD}.AppStore|x64.Build.0 = Debug|Any CPU
		{BF0EEE22-757F-4183-AA69-6C281EF8E1BD}.AppStore|x64.Deploy.0 = Debug|Any CPU
		{BF0EEE22-757F-4183-AA69-6C281EF8E1BD}.AppStore|x86.ActiveCfg = Debug|Any CPU
		{BF0EEE22-757F-4183-AA69-6C281EF8E1BD}.AppStore|x86.Build.0 = Debug|Any CPU
		{BF0EEE22-757F-4183-AA69-6C281EF8E1BD}.AppStore|x86.Deploy.0 = Debug|Any CPU
		{BF0EEE22-757F-4183-AA69-6C281EF8E1BD}.Debug|Any CPU.ActiveCfg = Debug|Any CPU
		{BF0EEE22-757F-4183-AA69-6C281EF8E1BD}.Debug|Any CPU.Build.0 = Debug|Any CPU
		{BF0EEE22-757F-4183-AA69-6C281EF8E1BD}.Debug|Any CPU.Deploy.0 = Debug|Any CPU
		{BF0EEE22-757F-4183-AA69-6C281EF8E1BD}.Debug|ARM.ActiveCfg = Debug|Any CPU
		{BF0EEE22-757F-4183-AA69-6C281EF8E1BD}.Debug|ARM.Build.0 = Debug|Any CPU
		{BF0EEE22-757F-4183-AA69-6C281EF8E1BD}.Debug|ARM.Deploy.0 = Debug|Any CPU
		{BF0EEE22-757F-4183-AA69-6C281EF8E1BD}.Debug|ARM64.ActiveCfg = Debug|Any CPU
		{BF0EEE22-757F-4183-AA69-6C281EF8E1BD}.Debug|ARM64.Build.0 = Debug|Any CPU
		{BF0EEE22-757F-4183-AA69-6C281EF8E1BD}.Debug|ARM64.Deploy.0 = Debug|Any CPU
		{BF0EEE22-757F-4183-AA69-6C281EF8E1BD}.Debug|iPhone.ActiveCfg = Debug|Any CPU
		{BF0EEE22-757F-4183-AA69-6C281EF8E1BD}.Debug|iPhone.Build.0 = Debug|Any CPU
		{BF0EEE22-757F-4183-AA69-6C281EF8E1BD}.Debug|iPhone.Deploy.0 = Debug|Any CPU
		{BF0EEE22-757F-4183-AA69-6C281EF8E1BD}.Debug|iPhoneSimulator.ActiveCfg = Debug|Any CPU
		{BF0EEE22-757F-4183-AA69-6C281EF8E1BD}.Debug|iPhoneSimulator.Build.0 = Debug|Any CPU
		{BF0EEE22-757F-4183-AA69-6C281EF8E1BD}.Debug|iPhoneSimulator.Deploy.0 = Debug|Any CPU
		{BF0EEE22-757F-4183-AA69-6C281EF8E1BD}.Debug|x64.ActiveCfg = Debug|Any CPU
		{BF0EEE22-757F-4183-AA69-6C281EF8E1BD}.Debug|x64.Build.0 = Debug|Any CPU
		{BF0EEE22-757F-4183-AA69-6C281EF8E1BD}.Debug|x64.Deploy.0 = Debug|Any CPU
		{BF0EEE22-757F-4183-AA69-6C281EF8E1BD}.Debug|x86.ActiveCfg = Debug|Any CPU
		{BF0EEE22-757F-4183-AA69-6C281EF8E1BD}.Debug|x86.Build.0 = Debug|Any CPU
		{BF0EEE22-757F-4183-AA69-6C281EF8E1BD}.Debug|x86.Deploy.0 = Debug|Any CPU
		{BF0EEE22-757F-4183-AA69-6C281EF8E1BD}.Release|Any CPU.ActiveCfg = Release|Any CPU
		{BF0EEE22-757F-4183-AA69-6C281EF8E1BD}.Release|Any CPU.Build.0 = Release|Any CPU
		{BF0EEE22-757F-4183-AA69-6C281EF8E1BD}.Release|Any CPU.Deploy.0 = Release|Any CPU
		{BF0EEE22-757F-4183-AA69-6C281EF8E1BD}.Release|ARM.ActiveCfg = Release|Any CPU
		{BF0EEE22-757F-4183-AA69-6C281EF8E1BD}.Release|ARM.Build.0 = Release|Any CPU
		{BF0EEE22-757F-4183-AA69-6C281EF8E1BD}.Release|ARM.Deploy.0 = Release|Any CPU
		{BF0EEE22-757F-4183-AA69-6C281EF8E1BD}.Release|ARM64.ActiveCfg = Release|Any CPU
		{BF0EEE22-757F-4183-AA69-6C281EF8E1BD}.Release|ARM64.Build.0 = Release|Any CPU
		{BF0EEE22-757F-4183-AA69-6C281EF8E1BD}.Release|ARM64.Deploy.0 = Release|Any CPU
		{BF0EEE22-757F-4183-AA69-6C281EF8E1BD}.Release|iPhone.ActiveCfg = Release|Any CPU
		{BF0EEE22-757F-4183-AA69-6C281EF8E1BD}.Release|iPhone.Build.0 = Release|Any CPU
		{BF0EEE22-757F-4183-AA69-6C281EF8E1BD}.Release|iPhone.Deploy.0 = Release|Any CPU
		{BF0EEE22-757F-4183-AA69-6C281EF8E1BD}.Release|iPhoneSimulator.ActiveCfg = Release|Any CPU
		{BF0EEE22-757F-4183-AA69-6C281EF8E1BD}.Release|iPhoneSimulator.Build.0 = Release|Any CPU
		{BF0EEE22-757F-4183-AA69-6C281EF8E1BD}.Release|iPhoneSimulator.Deploy.0 = Release|Any CPU
		{BF0EEE22-757F-4183-AA69-6C281EF8E1BD}.Release|x64.ActiveCfg = Release|Any CPU
		{BF0EEE22-757F-4183-AA69-6C281EF8E1BD}.Release|x64.Build.0 = Release|Any CPU
		{BF0EEE22-757F-4183-AA69-6C281EF8E1BD}.Release|x64.Deploy.0 = Release|Any CPU
		{BF0EEE22-757F-4183-AA69-6C281EF8E1BD}.Release|x86.ActiveCfg = Release|Any CPU
		{BF0EEE22-757F-4183-AA69-6C281EF8E1BD}.Release|x86.Build.0 = Release|Any CPU
		{BF0EEE22-757F-4183-AA69-6C281EF8E1BD}.Release|x86.Deploy.0 = Release|Any CPU
		{D844F3BE-2B61-4D4F-8BD1-63C10EC87384}.Ad-Hoc|Any CPU.ActiveCfg = Debug|x64
		{D844F3BE-2B61-4D4F-8BD1-63C10EC87384}.Ad-Hoc|Any CPU.Build.0 = Debug|x64
		{D844F3BE-2B61-4D4F-8BD1-63C10EC87384}.Ad-Hoc|ARM.ActiveCfg = Debug|x64
		{D844F3BE-2B61-4D4F-8BD1-63C10EC87384}.Ad-Hoc|ARM.Build.0 = Debug|x64
		{D844F3BE-2B61-4D4F-8BD1-63C10EC87384}.Ad-Hoc|ARM64.ActiveCfg = Debug|arm64
		{D844F3BE-2B61-4D4F-8BD1-63C10EC87384}.Ad-Hoc|ARM64.Build.0 = Debug|arm64
		{D844F3BE-2B61-4D4F-8BD1-63C10EC87384}.Ad-Hoc|iPhone.ActiveCfg = Debug|x64
		{D844F3BE-2B61-4D4F-8BD1-63C10EC87384}.Ad-Hoc|iPhone.Build.0 = Debug|x64
		{D844F3BE-2B61-4D4F-8BD1-63C10EC87384}.Ad-Hoc|iPhoneSimulator.ActiveCfg = Debug|x64
		{D844F3BE-2B61-4D4F-8BD1-63C10EC87384}.Ad-Hoc|iPhoneSimulator.Build.0 = Debug|x64
		{D844F3BE-2B61-4D4F-8BD1-63C10EC87384}.Ad-Hoc|x64.ActiveCfg = Debug|x64
		{D844F3BE-2B61-4D4F-8BD1-63C10EC87384}.Ad-Hoc|x64.Build.0 = Debug|x64
		{D844F3BE-2B61-4D4F-8BD1-63C10EC87384}.Ad-Hoc|x86.ActiveCfg = Debug|x86
		{D844F3BE-2B61-4D4F-8BD1-63C10EC87384}.Ad-Hoc|x86.Build.0 = Debug|x86
		{D844F3BE-2B61-4D4F-8BD1-63C10EC87384}.AppStore|Any CPU.ActiveCfg = Debug|x64
		{D844F3BE-2B61-4D4F-8BD1-63C10EC87384}.AppStore|Any CPU.Build.0 = Debug|x64
		{D844F3BE-2B61-4D4F-8BD1-63C10EC87384}.AppStore|ARM.ActiveCfg = Debug|x64
		{D844F3BE-2B61-4D4F-8BD1-63C10EC87384}.AppStore|ARM.Build.0 = Debug|x64
		{D844F3BE-2B61-4D4F-8BD1-63C10EC87384}.AppStore|ARM64.ActiveCfg = Debug|arm64
		{D844F3BE-2B61-4D4F-8BD1-63C10EC87384}.AppStore|ARM64.Build.0 = Debug|arm64
		{D844F3BE-2B61-4D4F-8BD1-63C10EC87384}.AppStore|iPhone.ActiveCfg = Debug|x64
		{D844F3BE-2B61-4D4F-8BD1-63C10EC87384}.AppStore|iPhone.Build.0 = Debug|x64
		{D844F3BE-2B61-4D4F-8BD1-63C10EC87384}.AppStore|iPhoneSimulator.ActiveCfg = Debug|x64
		{D844F3BE-2B61-4D4F-8BD1-63C10EC87384}.AppStore|iPhoneSimulator.Build.0 = Debug|x64
		{D844F3BE-2B61-4D4F-8BD1-63C10EC87384}.AppStore|x64.ActiveCfg = Debug|x64
		{D844F3BE-2B61-4D4F-8BD1-63C10EC87384}.AppStore|x64.Build.0 = Debug|x64
		{D844F3BE-2B61-4D4F-8BD1-63C10EC87384}.AppStore|x86.ActiveCfg = Debug|x86
		{D844F3BE-2B61-4D4F-8BD1-63C10EC87384}.AppStore|x86.Build.0 = Debug|x86
		{D844F3BE-2B61-4D4F-8BD1-63C10EC87384}.Debug|Any CPU.ActiveCfg = Debug|x64
		{D844F3BE-2B61-4D4F-8BD1-63C10EC87384}.Debug|Any CPU.Build.0 = Debug|x64
		{D844F3BE-2B61-4D4F-8BD1-63C10EC87384}.Debug|Any CPU.Deploy.0 = Debug|x64
		{D844F3BE-2B61-4D4F-8BD1-63C10EC87384}.Debug|ARM.ActiveCfg = Debug|x64
		{D844F3BE-2B61-4D4F-8BD1-63C10EC87384}.Debug|ARM.Build.0 = Debug|x64
		{D844F3BE-2B61-4D4F-8BD1-63C10EC87384}.Debug|ARM64.ActiveCfg = Debug|arm64
		{D844F3BE-2B61-4D4F-8BD1-63C10EC87384}.Debug|ARM64.Build.0 = Debug|arm64
		{D844F3BE-2B61-4D4F-8BD1-63C10EC87384}.Debug|iPhone.ActiveCfg = Debug|x64
		{D844F3BE-2B61-4D4F-8BD1-63C10EC87384}.Debug|iPhone.Build.0 = Debug|x64
		{D844F3BE-2B61-4D4F-8BD1-63C10EC87384}.Debug|iPhoneSimulator.ActiveCfg = Debug|x64
		{D844F3BE-2B61-4D4F-8BD1-63C10EC87384}.Debug|iPhoneSimulator.Build.0 = Debug|x64
		{D844F3BE-2B61-4D4F-8BD1-63C10EC87384}.Debug|x64.ActiveCfg = Debug|x64
		{D844F3BE-2B61-4D4F-8BD1-63C10EC87384}.Debug|x64.Build.0 = Debug|x64
		{D844F3BE-2B61-4D4F-8BD1-63C10EC87384}.Debug|x86.ActiveCfg = Debug|x86
		{D844F3BE-2B61-4D4F-8BD1-63C10EC87384}.Debug|x86.Build.0 = Debug|x86
		{D844F3BE-2B61-4D4F-8BD1-63C10EC87384}.Release|Any CPU.ActiveCfg = Release|x64
		{D844F3BE-2B61-4D4F-8BD1-63C10EC87384}.Release|Any CPU.Build.0 = Release|x64
		{D844F3BE-2B61-4D4F-8BD1-63C10EC87384}.Release|ARM.ActiveCfg = Release|x64
		{D844F3BE-2B61-4D4F-8BD1-63C10EC87384}.Release|ARM.Build.0 = Release|x64
		{D844F3BE-2B61-4D4F-8BD1-63C10EC87384}.Release|ARM64.ActiveCfg = Release|arm64
		{D844F3BE-2B61-4D4F-8BD1-63C10EC87384}.Release|ARM64.Build.0 = Release|arm64
		{D844F3BE-2B61-4D4F-8BD1-63C10EC87384}.Release|iPhone.ActiveCfg = Release|x64
		{D844F3BE-2B61-4D4F-8BD1-63C10EC87384}.Release|iPhone.Build.0 = Release|x64
		{D844F3BE-2B61-4D4F-8BD1-63C10EC87384}.Release|iPhoneSimulator.ActiveCfg = Release|x64
		{D844F3BE-2B61-4D4F-8BD1-63C10EC87384}.Release|iPhoneSimulator.Build.0 = Release|x64
		{D844F3BE-2B61-4D4F-8BD1-63C10EC87384}.Release|x64.ActiveCfg = Release|x64
		{D844F3BE-2B61-4D4F-8BD1-63C10EC87384}.Release|x64.Build.0 = Release|x64
		{D844F3BE-2B61-4D4F-8BD1-63C10EC87384}.Release|x86.ActiveCfg = Release|x86
		{D844F3BE-2B61-4D4F-8BD1-63C10EC87384}.Release|x86.Build.0 = Release|x86
		{9379C469-7087-4ABD-97EC-CE9DF15DAC70}.Ad-Hoc|Any CPU.ActiveCfg = Debug|Any CPU
		{9379C469-7087-4ABD-97EC-CE9DF15DAC70}.Ad-Hoc|Any CPU.Build.0 = Debug|Any CPU
		{9379C469-7087-4ABD-97EC-CE9DF15DAC70}.Ad-Hoc|ARM.ActiveCfg = Debug|Any CPU
		{9379C469-7087-4ABD-97EC-CE9DF15DAC70}.Ad-Hoc|ARM.Build.0 = Debug|Any CPU
		{9379C469-7087-4ABD-97EC-CE9DF15DAC70}.Ad-Hoc|ARM64.ActiveCfg = Debug|Any CPU
		{9379C469-7087-4ABD-97EC-CE9DF15DAC70}.Ad-Hoc|ARM64.Build.0 = Debug|Any CPU
		{9379C469-7087-4ABD-97EC-CE9DF15DAC70}.Ad-Hoc|iPhone.ActiveCfg = Debug|Any CPU
		{9379C469-7087-4ABD-97EC-CE9DF15DAC70}.Ad-Hoc|iPhone.Build.0 = Debug|Any CPU
		{9379C469-7087-4ABD-97EC-CE9DF15DAC70}.Ad-Hoc|iPhoneSimulator.ActiveCfg = Debug|Any CPU
		{9379C469-7087-4ABD-97EC-CE9DF15DAC70}.Ad-Hoc|iPhoneSimulator.Build.0 = Debug|Any CPU
		{9379C469-7087-4ABD-97EC-CE9DF15DAC70}.Ad-Hoc|x64.ActiveCfg = Debug|Any CPU
		{9379C469-7087-4ABD-97EC-CE9DF15DAC70}.Ad-Hoc|x64.Build.0 = Debug|Any CPU
		{9379C469-7087-4ABD-97EC-CE9DF15DAC70}.Ad-Hoc|x86.ActiveCfg = Debug|Any CPU
		{9379C469-7087-4ABD-97EC-CE9DF15DAC70}.Ad-Hoc|x86.Build.0 = Debug|Any CPU
		{9379C469-7087-4ABD-97EC-CE9DF15DAC70}.AppStore|Any CPU.ActiveCfg = Debug|Any CPU
		{9379C469-7087-4ABD-97EC-CE9DF15DAC70}.AppStore|Any CPU.Build.0 = Debug|Any CPU
		{9379C469-7087-4ABD-97EC-CE9DF15DAC70}.AppStore|ARM.ActiveCfg = Debug|Any CPU
		{9379C469-7087-4ABD-97EC-CE9DF15DAC70}.AppStore|ARM.Build.0 = Debug|Any CPU
		{9379C469-7087-4ABD-97EC-CE9DF15DAC70}.AppStore|ARM64.ActiveCfg = Debug|Any CPU
		{9379C469-7087-4ABD-97EC-CE9DF15DAC70}.AppStore|ARM64.Build.0 = Debug|Any CPU
		{9379C469-7087-4ABD-97EC-CE9DF15DAC70}.AppStore|iPhone.ActiveCfg = Debug|Any CPU
		{9379C469-7087-4ABD-97EC-CE9DF15DAC70}.AppStore|iPhone.Build.0 = Debug|Any CPU
		{9379C469-7087-4ABD-97EC-CE9DF15DAC70}.AppStore|iPhoneSimulator.ActiveCfg = Debug|Any CPU
		{9379C469-7087-4ABD-97EC-CE9DF15DAC70}.AppStore|iPhoneSimulator.Build.0 = Debug|Any CPU
		{9379C469-7087-4ABD-97EC-CE9DF15DAC70}.AppStore|x64.ActiveCfg = Debug|Any CPU
		{9379C469-7087-4ABD-97EC-CE9DF15DAC70}.AppStore|x64.Build.0 = Debug|Any CPU
		{9379C469-7087-4ABD-97EC-CE9DF15DAC70}.AppStore|x86.ActiveCfg = Debug|Any CPU
		{9379C469-7087-4ABD-97EC-CE9DF15DAC70}.AppStore|x86.Build.0 = Debug|Any CPU
		{9379C469-7087-4ABD-97EC-CE9DF15DAC70}.Debug|Any CPU.ActiveCfg = Debug|Any CPU
		{9379C469-7087-4ABD-97EC-CE9DF15DAC70}.Debug|Any CPU.Build.0 = Debug|Any CPU
		{9379C469-7087-4ABD-97EC-CE9DF15DAC70}.Debug|ARM.ActiveCfg = Debug|Any CPU
		{9379C469-7087-4ABD-97EC-CE9DF15DAC70}.Debug|ARM.Build.0 = Debug|Any CPU
		{9379C469-7087-4ABD-97EC-CE9DF15DAC70}.Debug|ARM64.ActiveCfg = Debug|Any CPU
		{9379C469-7087-4ABD-97EC-CE9DF15DAC70}.Debug|ARM64.Build.0 = Debug|Any CPU
		{9379C469-7087-4ABD-97EC-CE9DF15DAC70}.Debug|iPhone.ActiveCfg = Debug|Any CPU
		{9379C469-7087-4ABD-97EC-CE9DF15DAC70}.Debug|iPhone.Build.0 = Debug|Any CPU
		{9379C469-7087-4ABD-97EC-CE9DF15DAC70}.Debug|iPhoneSimulator.ActiveCfg = Debug|Any CPU
		{9379C469-7087-4ABD-97EC-CE9DF15DAC70}.Debug|iPhoneSimulator.Build.0 = Debug|Any CPU
		{9379C469-7087-4ABD-97EC-CE9DF15DAC70}.Debug|x64.ActiveCfg = Debug|Any CPU
		{9379C469-7087-4ABD-97EC-CE9DF15DAC70}.Debug|x64.Build.0 = Debug|Any CPU
		{9379C469-7087-4ABD-97EC-CE9DF15DAC70}.Debug|x86.ActiveCfg = Debug|Any CPU
		{9379C469-7087-4ABD-97EC-CE9DF15DAC70}.Debug|x86.Build.0 = Debug|Any CPU
		{9379C469-7087-4ABD-97EC-CE9DF15DAC70}.Release|Any CPU.ActiveCfg = Release|Any CPU
		{9379C469-7087-4ABD-97EC-CE9DF15DAC70}.Release|Any CPU.Build.0 = Release|Any CPU
		{9379C469-7087-4ABD-97EC-CE9DF15DAC70}.Release|ARM.ActiveCfg = Release|Any CPU
		{9379C469-7087-4ABD-97EC-CE9DF15DAC70}.Release|ARM.Build.0 = Release|Any CPU
		{9379C469-7087-4ABD-97EC-CE9DF15DAC70}.Release|ARM64.ActiveCfg = Release|Any CPU
		{9379C469-7087-4ABD-97EC-CE9DF15DAC70}.Release|ARM64.Build.0 = Release|Any CPU
		{9379C469-7087-4ABD-97EC-CE9DF15DAC70}.Release|iPhone.ActiveCfg = Release|Any CPU
		{9379C469-7087-4ABD-97EC-CE9DF15DAC70}.Release|iPhone.Build.0 = Release|Any CPU
		{9379C469-7087-4ABD-97EC-CE9DF15DAC70}.Release|iPhoneSimulator.ActiveCfg = Release|Any CPU
		{9379C469-7087-4ABD-97EC-CE9DF15DAC70}.Release|iPhoneSimulator.Build.0 = Release|Any CPU
		{9379C469-7087-4ABD-97EC-CE9DF15DAC70}.Release|x64.ActiveCfg = Release|Any CPU
		{9379C469-7087-4ABD-97EC-CE9DF15DAC70}.Release|x64.Build.0 = Release|Any CPU
		{9379C469-7087-4ABD-97EC-CE9DF15DAC70}.Release|x86.ActiveCfg = Release|Any CPU
		{9379C469-7087-4ABD-97EC-CE9DF15DAC70}.Release|x86.Build.0 = Release|Any CPU
		{D00839DE-9847-45B6-A41A-8883D183DE51}.Ad-Hoc|Any CPU.ActiveCfg = Debug|Any CPU
		{D00839DE-9847-45B6-A41A-8883D183DE51}.Ad-Hoc|Any CPU.Build.0 = Debug|Any CPU
		{D00839DE-9847-45B6-A41A-8883D183DE51}.Ad-Hoc|ARM.ActiveCfg = Debug|Any CPU
		{D00839DE-9847-45B6-A41A-8883D183DE51}.Ad-Hoc|ARM.Build.0 = Debug|Any CPU
		{D00839DE-9847-45B6-A41A-8883D183DE51}.Ad-Hoc|ARM64.ActiveCfg = Debug|Any CPU
		{D00839DE-9847-45B6-A41A-8883D183DE51}.Ad-Hoc|ARM64.Build.0 = Debug|Any CPU
		{D00839DE-9847-45B6-A41A-8883D183DE51}.Ad-Hoc|iPhone.ActiveCfg = Debug|Any CPU
		{D00839DE-9847-45B6-A41A-8883D183DE51}.Ad-Hoc|iPhone.Build.0 = Debug|Any CPU
		{D00839DE-9847-45B6-A41A-8883D183DE51}.Ad-Hoc|iPhoneSimulator.ActiveCfg = Debug|Any CPU
		{D00839DE-9847-45B6-A41A-8883D183DE51}.Ad-Hoc|iPhoneSimulator.Build.0 = Debug|Any CPU
		{D00839DE-9847-45B6-A41A-8883D183DE51}.Ad-Hoc|x64.ActiveCfg = Debug|Any CPU
		{D00839DE-9847-45B6-A41A-8883D183DE51}.Ad-Hoc|x64.Build.0 = Debug|Any CPU
		{D00839DE-9847-45B6-A41A-8883D183DE51}.Ad-Hoc|x86.ActiveCfg = Debug|Any CPU
		{D00839DE-9847-45B6-A41A-8883D183DE51}.Ad-Hoc|x86.Build.0 = Debug|Any CPU
		{D00839DE-9847-45B6-A41A-8883D183DE51}.AppStore|Any CPU.ActiveCfg = Debug|Any CPU
		{D00839DE-9847-45B6-A41A-8883D183DE51}.AppStore|Any CPU.Build.0 = Debug|Any CPU
		{D00839DE-9847-45B6-A41A-8883D183DE51}.AppStore|ARM.ActiveCfg = Debug|Any CPU
		{D00839DE-9847-45B6-A41A-8883D183DE51}.AppStore|ARM.Build.0 = Debug|Any CPU
		{D00839DE-9847-45B6-A41A-8883D183DE51}.AppStore|ARM64.ActiveCfg = Debug|Any CPU
		{D00839DE-9847-45B6-A41A-8883D183DE51}.AppStore|ARM64.Build.0 = Debug|Any CPU
		{D00839DE-9847-45B6-A41A-8883D183DE51}.AppStore|iPhone.ActiveCfg = Debug|Any CPU
		{D00839DE-9847-45B6-A41A-8883D183DE51}.AppStore|iPhone.Build.0 = Debug|Any CPU
		{D00839DE-9847-45B6-A41A-8883D183DE51}.AppStore|iPhoneSimulator.ActiveCfg = Debug|Any CPU
		{D00839DE-9847-45B6-A41A-8883D183DE51}.AppStore|iPhoneSimulator.Build.0 = Debug|Any CPU
		{D00839DE-9847-45B6-A41A-8883D183DE51}.AppStore|x64.ActiveCfg = Debug|Any CPU
		{D00839DE-9847-45B6-A41A-8883D183DE51}.AppStore|x64.Build.0 = Debug|Any CPU
		{D00839DE-9847-45B6-A41A-8883D183DE51}.AppStore|x86.ActiveCfg = Debug|Any CPU
		{D00839DE-9847-45B6-A41A-8883D183DE51}.AppStore|x86.Build.0 = Debug|Any CPU
		{D00839DE-9847-45B6-A41A-8883D183DE51}.Debug|Any CPU.ActiveCfg = Debug|Any CPU
		{D00839DE-9847-45B6-A41A-8883D183DE51}.Debug|Any CPU.Build.0 = Debug|Any CPU
		{D00839DE-9847-45B6-A41A-8883D183DE51}.Debug|ARM.ActiveCfg = Debug|Any CPU
		{D00839DE-9847-45B6-A41A-8883D183DE51}.Debug|ARM.Build.0 = Debug|Any CPU
		{D00839DE-9847-45B6-A41A-8883D183DE51}.Debug|ARM64.ActiveCfg = Debug|Any CPU
		{D00839DE-9847-45B6-A41A-8883D183DE51}.Debug|ARM64.Build.0 = Debug|Any CPU
		{D00839DE-9847-45B6-A41A-8883D183DE51}.Debug|iPhone.ActiveCfg = Debug|Any CPU
		{D00839DE-9847-45B6-A41A-8883D183DE51}.Debug|iPhone.Build.0 = Debug|Any CPU
		{D00839DE-9847-45B6-A41A-8883D183DE51}.Debug|iPhoneSimulator.ActiveCfg = Debug|Any CPU
		{D00839DE-9847-45B6-A41A-8883D183DE51}.Debug|iPhoneSimulator.Build.0 = Debug|Any CPU
		{D00839DE-9847-45B6-A41A-8883D183DE51}.Debug|x64.ActiveCfg = Debug|Any CPU
		{D00839DE-9847-45B6-A41A-8883D183DE51}.Debug|x64.Build.0 = Debug|Any CPU
		{D00839DE-9847-45B6-A41A-8883D183DE51}.Debug|x86.ActiveCfg = Debug|Any CPU
		{D00839DE-9847-45B6-A41A-8883D183DE51}.Debug|x86.Build.0 = Debug|Any CPU
		{D00839DE-9847-45B6-A41A-8883D183DE51}.Release|Any CPU.ActiveCfg = Release|Any CPU
		{D00839DE-9847-45B6-A41A-8883D183DE51}.Release|Any CPU.Build.0 = Release|Any CPU
		{D00839DE-9847-45B6-A41A-8883D183DE51}.Release|ARM.ActiveCfg = Release|Any CPU
		{D00839DE-9847-45B6-A41A-8883D183DE51}.Release|ARM.Build.0 = Release|Any CPU
		{D00839DE-9847-45B6-A41A-8883D183DE51}.Release|ARM64.ActiveCfg = Release|Any CPU
		{D00839DE-9847-45B6-A41A-8883D183DE51}.Release|ARM64.Build.0 = Release|Any CPU
		{D00839DE-9847-45B6-A41A-8883D183DE51}.Release|iPhone.ActiveCfg = Release|Any CPU
		{D00839DE-9847-45B6-A41A-8883D183DE51}.Release|iPhone.Build.0 = Release|Any CPU
		{D00839DE-9847-45B6-A41A-8883D183DE51}.Release|iPhoneSimulator.ActiveCfg = Release|Any CPU
		{D00839DE-9847-45B6-A41A-8883D183DE51}.Release|iPhoneSimulator.Build.0 = Release|Any CPU
		{D00839DE-9847-45B6-A41A-8883D183DE51}.Release|x64.ActiveCfg = Release|Any CPU
		{D00839DE-9847-45B6-A41A-8883D183DE51}.Release|x64.Build.0 = Release|Any CPU
		{D00839DE-9847-45B6-A41A-8883D183DE51}.Release|x86.ActiveCfg = Release|Any CPU
		{D00839DE-9847-45B6-A41A-8883D183DE51}.Release|x86.Build.0 = Release|Any CPU
		{91D01397-A47C-4B9D-B9DB-61B268048DBA}.Ad-Hoc|Any CPU.ActiveCfg = Debug|Any CPU
		{91D01397-A47C-4B9D-B9DB-61B268048DBA}.Ad-Hoc|Any CPU.Build.0 = Debug|Any CPU
		{91D01397-A47C-4B9D-B9DB-61B268048DBA}.Ad-Hoc|ARM.ActiveCfg = Debug|Any CPU
		{91D01397-A47C-4B9D-B9DB-61B268048DBA}.Ad-Hoc|ARM.Build.0 = Debug|Any CPU
		{91D01397-A47C-4B9D-B9DB-61B268048DBA}.Ad-Hoc|ARM64.ActiveCfg = Debug|Any CPU
		{91D01397-A47C-4B9D-B9DB-61B268048DBA}.Ad-Hoc|ARM64.Build.0 = Debug|Any CPU
		{91D01397-A47C-4B9D-B9DB-61B268048DBA}.Ad-Hoc|iPhone.ActiveCfg = Debug|Any CPU
		{91D01397-A47C-4B9D-B9DB-61B268048DBA}.Ad-Hoc|iPhone.Build.0 = Debug|Any CPU
		{91D01397-A47C-4B9D-B9DB-61B268048DBA}.Ad-Hoc|iPhoneSimulator.ActiveCfg = Debug|Any CPU
		{91D01397-A47C-4B9D-B9DB-61B268048DBA}.Ad-Hoc|iPhoneSimulator.Build.0 = Debug|Any CPU
		{91D01397-A47C-4B9D-B9DB-61B268048DBA}.Ad-Hoc|x64.ActiveCfg = Debug|Any CPU
		{91D01397-A47C-4B9D-B9DB-61B268048DBA}.Ad-Hoc|x64.Build.0 = Debug|Any CPU
		{91D01397-A47C-4B9D-B9DB-61B268048DBA}.Ad-Hoc|x86.ActiveCfg = Debug|Any CPU
		{91D01397-A47C-4B9D-B9DB-61B268048DBA}.Ad-Hoc|x86.Build.0 = Debug|Any CPU
		{91D01397-A47C-4B9D-B9DB-61B268048DBA}.AppStore|Any CPU.ActiveCfg = Debug|Any CPU
		{91D01397-A47C-4B9D-B9DB-61B268048DBA}.AppStore|Any CPU.Build.0 = Debug|Any CPU
		{91D01397-A47C-4B9D-B9DB-61B268048DBA}.AppStore|ARM.ActiveCfg = Debug|Any CPU
		{91D01397-A47C-4B9D-B9DB-61B268048DBA}.AppStore|ARM.Build.0 = Debug|Any CPU
		{91D01397-A47C-4B9D-B9DB-61B268048DBA}.AppStore|ARM64.ActiveCfg = Debug|Any CPU
		{91D01397-A47C-4B9D-B9DB-61B268048DBA}.AppStore|ARM64.Build.0 = Debug|Any CPU
		{91D01397-A47C-4B9D-B9DB-61B268048DBA}.AppStore|iPhone.ActiveCfg = Debug|Any CPU
		{91D01397-A47C-4B9D-B9DB-61B268048DBA}.AppStore|iPhone.Build.0 = Debug|Any CPU
		{91D01397-A47C-4B9D-B9DB-61B268048DBA}.AppStore|iPhoneSimulator.ActiveCfg = Debug|Any CPU
		{91D01397-A47C-4B9D-B9DB-61B268048DBA}.AppStore|iPhoneSimulator.Build.0 = Debug|Any CPU
		{91D01397-A47C-4B9D-B9DB-61B268048DBA}.AppStore|x64.ActiveCfg = Debug|Any CPU
		{91D01397-A47C-4B9D-B9DB-61B268048DBA}.AppStore|x64.Build.0 = Debug|Any CPU
		{91D01397-A47C-4B9D-B9DB-61B268048DBA}.AppStore|x86.ActiveCfg = Debug|Any CPU
		{91D01397-A47C-4B9D-B9DB-61B268048DBA}.AppStore|x86.Build.0 = Debug|Any CPU
		{91D01397-A47C-4B9D-B9DB-61B268048DBA}.Debug|Any CPU.ActiveCfg = Debug|Any CPU
		{91D01397-A47C-4B9D-B9DB-61B268048DBA}.Debug|Any CPU.Build.0 = Debug|Any CPU
		{91D01397-A47C-4B9D-B9DB-61B268048DBA}.Debug|ARM.ActiveCfg = Debug|Any CPU
		{91D01397-A47C-4B9D-B9DB-61B268048DBA}.Debug|ARM.Build.0 = Debug|Any CPU
		{91D01397-A47C-4B9D-B9DB-61B268048DBA}.Debug|ARM64.ActiveCfg = Debug|Any CPU
		{91D01397-A47C-4B9D-B9DB-61B268048DBA}.Debug|ARM64.Build.0 = Debug|Any CPU
		{91D01397-A47C-4B9D-B9DB-61B268048DBA}.Debug|iPhone.ActiveCfg = Debug|Any CPU
		{91D01397-A47C-4B9D-B9DB-61B268048DBA}.Debug|iPhone.Build.0 = Debug|Any CPU
		{91D01397-A47C-4B9D-B9DB-61B268048DBA}.Debug|iPhoneSimulator.ActiveCfg = Debug|Any CPU
		{91D01397-A47C-4B9D-B9DB-61B268048DBA}.Debug|iPhoneSimulator.Build.0 = Debug|Any CPU
		{91D01397-A47C-4B9D-B9DB-61B268048DBA}.Debug|x64.ActiveCfg = Debug|Any CPU
		{91D01397-A47C-4B9D-B9DB-61B268048DBA}.Debug|x64.Build.0 = Debug|Any CPU
		{91D01397-A47C-4B9D-B9DB-61B268048DBA}.Debug|x86.ActiveCfg = Debug|Any CPU
		{91D01397-A47C-4B9D-B9DB-61B268048DBA}.Debug|x86.Build.0 = Debug|Any CPU
		{91D01397-A47C-4B9D-B9DB-61B268048DBA}.Release|Any CPU.ActiveCfg = Release|Any CPU
		{91D01397-A47C-4B9D-B9DB-61B268048DBA}.Release|Any CPU.Build.0 = Release|Any CPU
		{91D01397-A47C-4B9D-B9DB-61B268048DBA}.Release|ARM.ActiveCfg = Release|Any CPU
		{91D01397-A47C-4B9D-B9DB-61B268048DBA}.Release|ARM.Build.0 = Release|Any CPU
		{91D01397-A47C-4B9D-B9DB-61B268048DBA}.Release|ARM64.ActiveCfg = Release|Any CPU
		{91D01397-A47C-4B9D-B9DB-61B268048DBA}.Release|ARM64.Build.0 = Release|Any CPU
		{91D01397-A47C-4B9D-B9DB-61B268048DBA}.Release|iPhone.ActiveCfg = Release|Any CPU
		{91D01397-A47C-4B9D-B9DB-61B268048DBA}.Release|iPhone.Build.0 = Release|Any CPU
		{91D01397-A47C-4B9D-B9DB-61B268048DBA}.Release|iPhoneSimulator.ActiveCfg = Release|Any CPU
		{91D01397-A47C-4B9D-B9DB-61B268048DBA}.Release|iPhoneSimulator.Build.0 = Release|Any CPU
		{91D01397-A47C-4B9D-B9DB-61B268048DBA}.Release|x64.ActiveCfg = Release|Any CPU
		{91D01397-A47C-4B9D-B9DB-61B268048DBA}.Release|x64.Build.0 = Release|Any CPU
		{91D01397-A47C-4B9D-B9DB-61B268048DBA}.Release|x86.ActiveCfg = Release|Any CPU
		{91D01397-A47C-4B9D-B9DB-61B268048DBA}.Release|x86.Build.0 = Release|Any CPU
		{1FDE27EF-B38E-4E1F-94E4-37FA2242B6A0}.Ad-Hoc|Any CPU.ActiveCfg = Debug|Any CPU
		{1FDE27EF-B38E-4E1F-94E4-37FA2242B6A0}.Ad-Hoc|Any CPU.Build.0 = Debug|Any CPU
		{1FDE27EF-B38E-4E1F-94E4-37FA2242B6A0}.Ad-Hoc|ARM.ActiveCfg = Debug|Any CPU
		{1FDE27EF-B38E-4E1F-94E4-37FA2242B6A0}.Ad-Hoc|ARM.Build.0 = Debug|Any CPU
		{1FDE27EF-B38E-4E1F-94E4-37FA2242B6A0}.Ad-Hoc|ARM64.ActiveCfg = Debug|Any CPU
		{1FDE27EF-B38E-4E1F-94E4-37FA2242B6A0}.Ad-Hoc|ARM64.Build.0 = Debug|Any CPU
		{1FDE27EF-B38E-4E1F-94E4-37FA2242B6A0}.Ad-Hoc|iPhone.ActiveCfg = Debug|Any CPU
		{1FDE27EF-B38E-4E1F-94E4-37FA2242B6A0}.Ad-Hoc|iPhone.Build.0 = Debug|Any CPU
		{1FDE27EF-B38E-4E1F-94E4-37FA2242B6A0}.Ad-Hoc|iPhoneSimulator.ActiveCfg = Debug|Any CPU
		{1FDE27EF-B38E-4E1F-94E4-37FA2242B6A0}.Ad-Hoc|iPhoneSimulator.Build.0 = Debug|Any CPU
		{1FDE27EF-B38E-4E1F-94E4-37FA2242B6A0}.Ad-Hoc|x64.ActiveCfg = Debug|Any CPU
		{1FDE27EF-B38E-4E1F-94E4-37FA2242B6A0}.Ad-Hoc|x64.Build.0 = Debug|Any CPU
		{1FDE27EF-B38E-4E1F-94E4-37FA2242B6A0}.Ad-Hoc|x86.ActiveCfg = Debug|Any CPU
		{1FDE27EF-B38E-4E1F-94E4-37FA2242B6A0}.Ad-Hoc|x86.Build.0 = Debug|Any CPU
		{1FDE27EF-B38E-4E1F-94E4-37FA2242B6A0}.AppStore|Any CPU.ActiveCfg = Debug|Any CPU
		{1FDE27EF-B38E-4E1F-94E4-37FA2242B6A0}.AppStore|Any CPU.Build.0 = Debug|Any CPU
		{1FDE27EF-B38E-4E1F-94E4-37FA2242B6A0}.AppStore|ARM.ActiveCfg = Debug|Any CPU
		{1FDE27EF-B38E-4E1F-94E4-37FA2242B6A0}.AppStore|ARM.Build.0 = Debug|Any CPU
		{1FDE27EF-B38E-4E1F-94E4-37FA2242B6A0}.AppStore|ARM64.ActiveCfg = Debug|Any CPU
		{1FDE27EF-B38E-4E1F-94E4-37FA2242B6A0}.AppStore|ARM64.Build.0 = Debug|Any CPU
		{1FDE27EF-B38E-4E1F-94E4-37FA2242B6A0}.AppStore|iPhone.ActiveCfg = Debug|Any CPU
		{1FDE27EF-B38E-4E1F-94E4-37FA2242B6A0}.AppStore|iPhone.Build.0 = Debug|Any CPU
		{1FDE27EF-B38E-4E1F-94E4-37FA2242B6A0}.AppStore|iPhoneSimulator.ActiveCfg = Debug|Any CPU
		{1FDE27EF-B38E-4E1F-94E4-37FA2242B6A0}.AppStore|iPhoneSimulator.Build.0 = Debug|Any CPU
		{1FDE27EF-B38E-4E1F-94E4-37FA2242B6A0}.AppStore|x64.ActiveCfg = Debug|Any CPU
		{1FDE27EF-B38E-4E1F-94E4-37FA2242B6A0}.AppStore|x64.Build.0 = Debug|Any CPU
		{1FDE27EF-B38E-4E1F-94E4-37FA2242B6A0}.AppStore|x86.ActiveCfg = Debug|Any CPU
		{1FDE27EF-B38E-4E1F-94E4-37FA2242B6A0}.AppStore|x86.Build.0 = Debug|Any CPU
		{1FDE27EF-B38E-4E1F-94E4-37FA2242B6A0}.Debug|Any CPU.ActiveCfg = Debug|Any CPU
		{1FDE27EF-B38E-4E1F-94E4-37FA2242B6A0}.Debug|Any CPU.Build.0 = Debug|Any CPU
		{1FDE27EF-B38E-4E1F-94E4-37FA2242B6A0}.Debug|ARM.ActiveCfg = Debug|Any CPU
		{1FDE27EF-B38E-4E1F-94E4-37FA2242B6A0}.Debug|ARM.Build.0 = Debug|Any CPU
		{1FDE27EF-B38E-4E1F-94E4-37FA2242B6A0}.Debug|ARM64.ActiveCfg = Debug|Any CPU
		{1FDE27EF-B38E-4E1F-94E4-37FA2242B6A0}.Debug|ARM64.Build.0 = Debug|Any CPU
		{1FDE27EF-B38E-4E1F-94E4-37FA2242B6A0}.Debug|iPhone.ActiveCfg = Debug|Any CPU
		{1FDE27EF-B38E-4E1F-94E4-37FA2242B6A0}.Debug|iPhone.Build.0 = Debug|Any CPU
		{1FDE27EF-B38E-4E1F-94E4-37FA2242B6A0}.Debug|iPhoneSimulator.ActiveCfg = Debug|Any CPU
		{1FDE27EF-B38E-4E1F-94E4-37FA2242B6A0}.Debug|iPhoneSimulator.Build.0 = Debug|Any CPU
		{1FDE27EF-B38E-4E1F-94E4-37FA2242B6A0}.Debug|x64.ActiveCfg = Debug|Any CPU
		{1FDE27EF-B38E-4E1F-94E4-37FA2242B6A0}.Debug|x64.Build.0 = Debug|Any CPU
		{1FDE27EF-B38E-4E1F-94E4-37FA2242B6A0}.Debug|x86.ActiveCfg = Debug|Any CPU
		{1FDE27EF-B38E-4E1F-94E4-37FA2242B6A0}.Debug|x86.Build.0 = Debug|Any CPU
		{1FDE27EF-B38E-4E1F-94E4-37FA2242B6A0}.Release|Any CPU.ActiveCfg = Release|Any CPU
		{1FDE27EF-B38E-4E1F-94E4-37FA2242B6A0}.Release|Any CPU.Build.0 = Release|Any CPU
		{1FDE27EF-B38E-4E1F-94E4-37FA2242B6A0}.Release|ARM.ActiveCfg = Release|Any CPU
		{1FDE27EF-B38E-4E1F-94E4-37FA2242B6A0}.Release|ARM.Build.0 = Release|Any CPU
		{1FDE27EF-B38E-4E1F-94E4-37FA2242B6A0}.Release|ARM64.ActiveCfg = Release|Any CPU
		{1FDE27EF-B38E-4E1F-94E4-37FA2242B6A0}.Release|ARM64.Build.0 = Release|Any CPU
		{1FDE27EF-B38E-4E1F-94E4-37FA2242B6A0}.Release|iPhone.ActiveCfg = Release|Any CPU
		{1FDE27EF-B38E-4E1F-94E4-37FA2242B6A0}.Release|iPhone.Build.0 = Release|Any CPU
		{1FDE27EF-B38E-4E1F-94E4-37FA2242B6A0}.Release|iPhoneSimulator.ActiveCfg = Release|Any CPU
		{1FDE27EF-B38E-4E1F-94E4-37FA2242B6A0}.Release|iPhoneSimulator.Build.0 = Release|Any CPU
		{1FDE27EF-B38E-4E1F-94E4-37FA2242B6A0}.Release|x64.ActiveCfg = Release|Any CPU
		{1FDE27EF-B38E-4E1F-94E4-37FA2242B6A0}.Release|x64.Build.0 = Release|Any CPU
		{1FDE27EF-B38E-4E1F-94E4-37FA2242B6A0}.Release|x86.ActiveCfg = Release|Any CPU
		{1FDE27EF-B38E-4E1F-94E4-37FA2242B6A0}.Release|x86.Build.0 = Release|Any CPU
	EndGlobalSection
	GlobalSection(SolutionProperties) = preSolution
		HideSolutionNode = FALSE
	EndGlobalSection
	GlobalSection(NestedProjects) = preSolution
		{1308D983-7C6A-43FD-AAEC-3F4CA9B0609D} = {B4E6A7DE-E0E4-4511-89C7-4A76589C21C6}
		{433779CF-7A8C-480A-97D5-7130740EE59E} = {B4E6A7DE-E0E4-4511-89C7-4A76589C21C6}
		{BF0EEE22-757F-4183-AA69-6C281EF8E1BD} = {B33CA1B4-44EE-4E67-ACF2-8DD48F6F5423}
		{D844F3BE-2B61-4D4F-8BD1-63C10EC87384} = {B33CA1B4-44EE-4E67-ACF2-8DD48F6F5423}
		{9379C469-7087-4ABD-97EC-CE9DF15DAC70} = {B33CA1B4-44EE-4E67-ACF2-8DD48F6F5423}
		{D00839DE-9847-45B6-A41A-8883D183DE51} = {B33CA1B4-44EE-4E67-ACF2-8DD48F6F5423}
		{91D01397-A47C-4B9D-B9DB-61B268048DBA} = {B33CA1B4-44EE-4E67-ACF2-8DD48F6F5423}
		{1FDE27EF-B38E-4E1F-94E4-37FA2242B6A0} = {B33CA1B4-44EE-4E67-ACF2-8DD48F6F5423}
	EndGlobalSection
	GlobalSection(ExtensibilityGlobals) = postSolution
		SolutionGuid = {C7433AE2-B1A0-4C1A-887E-5CAA7AAF67A6}
	EndGlobalSection
EndGlobal
