
Microsoft Visual Studio Solution File, Format Version 12.00
# Visual Studio Version 17
VisualStudioVersion = 17.9.34728.123
MinimumVisualStudioVersion = 10.0.40219.1
Project("{FAE04EC0-301F-11D3-BF4B-00C04F79EFBC}") = "MauiCommunityToolkitApp", "MauiCommunityToolkitApp\MauiCommunityToolkitApp.csproj", "{BDBC5F70-271F-47E5-B19B-C9584D77BA3D}"
EndProject
Project("{FAE04EC0-301F-11D3-BF4B-00C04F79EFBC}") = "MauiCommunityToolkitApp.MauiControls", "MauiCommunityToolkitApp.MauiControls\MauiCommunityToolkitApp.MauiControls.csproj", "{B8694B90-C642-43B8-950D-2DD8E207EBCD}"
EndProject
Project("{2150E333-8FDC-42A3-9474-1A3956D46DE8}") = "Solution Items", "Solution Items", "{04D10DF8-DB0E-4847-8BF7-99B30AB6BA0C}"
	ProjectSection(SolutionItems) = preProject
		.gitignore = .gitignore
		Directory.Build.props = Directory.Build.props
		Directory.Build.targets = Directory.Build.targets
		Directory.Packages.props = Directory.Packages.props
		global.json = global.json
	EndProjectSection
EndProject
Global
	GlobalSection(SolutionConfigurationPlatforms) = preSolution
		Debug|Any CPU = Debug|Any CPU
		Release|Any CPU = Release|Any CPU
	EndGlobalSection
	GlobalSection(ProjectConfigurationPlatforms) = postSolution
		{BDBC5F70-271F-47E5-B19B-C9584D77BA3D}.Debug|Any CPU.ActiveCfg = Debug|Any CPU
		{BDBC5F70-271F-47E5-B19B-C9584D77BA3D}.Debug|Any CPU.Build.0 = Debug|Any CPU
		{BDBC5F70-271F-47E5-B19B-C9584D77BA3D}.Debug|Any CPU.Deploy.0 = Debug|Any CPU
		{BDBC5F70-271F-47E5-B19B-C9584D77BA3D}.Release|Any CPU.ActiveCfg = Release|Any CPU
		{BDBC5F70-271F-47E5-B19B-C9584D77BA3D}.Release|Any CPU.Build.0 = Release|Any CPU
		{BDBC5F70-271F-47E5-B19B-C9584D77BA3D}.Release|Any CPU.Deploy.0 = Release|Any CPU
		{B8694B90-C642-43B8-950D-2DD8E207EBCD}.Debug|Any CPU.ActiveCfg = Debug|Any CPU
		{B8694B90-C642-43B8-950D-2DD8E207EBCD}.Debug|Any CPU.Build.0 = Debug|Any CPU
		{B8694B90-C642-43B8-950D-2DD8E207EBCD}.Debug|Any CPU.Deploy.0 = Debug|Any CPU
		{B8694B90-C642-43B8-950D-2DD8E207EBCD}.Release|Any CPU.ActiveCfg = Release|Any CPU
		{B8694B90-C642-43B8-950D-2DD8E207EBCD}.Release|Any CPU.Build.0 = Release|Any CPU
		{B8694B90-C642-43B8-950D-2DD8E207EBCD}.Release|Any CPU.Deploy.0 = Release|Any CPU
	EndGlobalSection
	GlobalSection(SolutionProperties) = preSolution
		HideSolutionNode = FALSE
	EndGlobalSection
	GlobalSection(ExtensibilityGlobals) = postSolution
		SolutionGuid = {324488F3-07E6-4AB8-994B-83011B540FA4}
	EndGlobalSection
EndGlobal
