Microsoft Visual Studio Solution File, Format Version 12.00
# Visual Studio Version 17
VisualStudioVersion = 17.2.32210.308
MinimumVisualStudioVersion = 15.0.26124.0

Project("{2150E333-8FDC-42A3-9474-1A3956D46DE8}") = "Source", "Source", "{049C50A4-A9C0-430B-8B19-06E3FED89CFF}"
EndProject
Project("{9A19103F-16F7-4668-BE54-9A1E7A4F7556}") = "GrapeCityApp", "GrapeCityApp\GrapeCityApp.csproj", "{8EF2D937-527D-4063-A2F9-3FCE32880A77}"
EndProject
Project("{9A19103F-16F7-4668-BE54-9A1E7A4F7556}") = "GrapeCityApp.MauiControls", "GrapeCityApp.MauiControls\GrapeCityApp.MauiControls.csproj", "{8138EBAC-C203-4821-9819-613C14A3CB75}"
EndProject

Project("{2150E333-8FDC-42A3-9474-1A3956D46DE8}") = "Solution Items", "Solution Items", "{BADA71DC-7FFD-4EDC-9F28-FB74AEADC713}"
	ProjectSection(SolutionItems) = preProject
		.gitignore = .gitignore
		Directory.Build.props = Directory.Build.props
		Directory.Build.targets = Directory.Build.targets
		global.json = global.json
		Directory.Packages.props = Directory.Packages.props
	EndProjectSection
EndProject
Global
	GlobalSection(SolutionConfigurationPlatforms) = preSolution
		Debug|Any CPU = Debug|Any CPU
		Debug|ARM = Debug|ARM
		Debug|ARM64 = Debug|ARM64
		Debug|iPhone = Debug|iPhone
		Debug|iPhoneSimulator = Debug|iPhoneSimulator
		Debug|x64 = Debug|x64
		Debug|x86 = Debug|x86
		Release|Any CPU = Release|Any CPU
		Release|ARM = Release|ARM
		Release|ARM64 = Release|ARM64
		Release|iPhone = Release|iPhone
		Release|iPhoneSimulator = Release|iPhoneSimulator
		Release|x64 = Release|x64
		Release|x86 = Release|x86
	EndGlobalSection
	GlobalSection(ProjectConfigurationPlatforms) = postSolution
		{8138EBAC-C203-4821-9819-613C14A3CB75}.Debug|Any CPU.ActiveCfg = Debug|Any CPU
		{8138EBAC-C203-4821-9819-613C14A3CB75}.Debug|Any CPU.Build.0 = Debug|Any CPU
		{8138EBAC-C203-4821-9819-613C14A3CB75}.Debug|ARM.ActiveCfg = Debug|Any CPU
		{8138EBAC-C203-4821-9819-613C14A3CB75}.Debug|ARM.Build.0 = Debug|Any CPU
		{8138EBAC-C203-4821-9819-613C14A3CB75}.Debug|ARM64.ActiveCfg = Debug|Any CPU
		{8138EBAC-C203-4821-9819-613C14A3CB75}.Debug|ARM64.Build.0 = Debug|Any CPU
		{8138EBAC-C203-4821-9819-613C14A3CB75}.Debug|iPhone.ActiveCfg = Debug|Any CPU
		{8138EBAC-C203-4821-9819-613C14A3CB75}.Debug|iPhone.Build.0 = Debug|Any CPU
		{8138EBAC-C203-4821-9819-613C14A3CB75}.Debug|iPhoneSimulator.ActiveCfg = Debug|Any CPU
		{8138EBAC-C203-4821-9819-613C14A3CB75}.Debug|iPhoneSimulator.Build.0 = Debug|Any CPU
		{8138EBAC-C203-4821-9819-613C14A3CB75}.Debug|x64.ActiveCfg = Debug|Any CPU
		{8138EBAC-C203-4821-9819-613C14A3CB75}.Debug|x64.Build.0 = Debug|Any CPU
		{8138EBAC-C203-4821-9819-613C14A3CB75}.Debug|x86.ActiveCfg = Debug|Any CPU
		{8138EBAC-C203-4821-9819-613C14A3CB75}.Debug|x86.Build.0 = Debug|Any CPU
		{8138EBAC-C203-4821-9819-613C14A3CB75}.Release|Any CPU.ActiveCfg = Release|Any CPU
		{8138EBAC-C203-4821-9819-613C14A3CB75}.Release|Any CPU.Build.0 = Release|Any CPU
		{8138EBAC-C203-4821-9819-613C14A3CB75}.Release|ARM.ActiveCfg = Release|Any CPU
		{8138EBAC-C203-4821-9819-613C14A3CB75}.Release|ARM.Build.0 = Release|Any CPU
		{8138EBAC-C203-4821-9819-613C14A3CB75}.Release|ARM64.ActiveCfg = Release|Any CPU
		{8138EBAC-C203-4821-9819-613C14A3CB75}.Release|ARM64.Build.0 = Release|Any CPU
		{8138EBAC-C203-4821-9819-613C14A3CB75}.Release|iPhone.ActiveCfg = Release|Any CPU
		{8138EBAC-C203-4821-9819-613C14A3CB75}.Release|iPhone.Build.0 = Release|Any CPU
		{8138EBAC-C203-4821-9819-613C14A3CB75}.Release|iPhoneSimulator.ActiveCfg = Release|Any CPU
		{8138EBAC-C203-4821-9819-613C14A3CB75}.Release|iPhoneSimulator.Build.0 = Release|Any CPU
		{8138EBAC-C203-4821-9819-613C14A3CB75}.Release|x64.ActiveCfg = Release|Any CPU
		{8138EBAC-C203-4821-9819-613C14A3CB75}.Release|x64.Build.0 = Release|Any CPU
		{8138EBAC-C203-4821-9819-613C14A3CB75}.Release|x86.ActiveCfg = Release|Any CPU
		{8138EBAC-C203-4821-9819-613C14A3CB75}.Release|x86.Build.0 = Release|Any CPU
		{8EF2D937-527D-4063-A2F9-3FCE32880A77}.Debug|Any CPU.ActiveCfg = Debug|Any CPU
		{8EF2D937-527D-4063-A2F9-3FCE32880A77}.Debug|Any CPU.Build.0 = Debug|Any CPU
		{8EF2D937-527D-4063-A2F9-3FCE32880A77}.Debug|Any CPU.Deploy.0 = Debug|Any CPU
		{8EF2D937-527D-4063-A2F9-3FCE32880A77}.Debug|ARM.ActiveCfg = Debug|Any CPU
		{8EF2D937-527D-4063-A2F9-3FCE32880A77}.Debug|ARM.Build.0 = Debug|Any CPU
		{8EF2D937-527D-4063-A2F9-3FCE32880A77}.Debug|ARM.Deploy.0 = Debug|Any CPU
		{8EF2D937-527D-4063-A2F9-3FCE32880A77}.Debug|ARM64.ActiveCfg = Debug|Any CPU
		{8EF2D937-527D-4063-A2F9-3FCE32880A77}.Debug|ARM64.Build.0 = Debug|Any CPU
		{8EF2D937-527D-4063-A2F9-3FCE32880A77}.Debug|ARM64.Deploy.0 = Debug|Any CPU
		{8EF2D937-527D-4063-A2F9-3FCE32880A77}.Debug|iPhone.ActiveCfg = Debug|Any CPU
		{8EF2D937-527D-4063-A2F9-3FCE32880A77}.Debug|iPhone.Build.0 = Debug|Any CPU
		{8EF2D937-527D-4063-A2F9-3FCE32880A77}.Debug|iPhone.Deploy.0 = Debug|Any CPU
		{8EF2D937-527D-4063-A2F9-3FCE32880A77}.Debug|iPhoneSimulator.ActiveCfg = Debug|Any CPU
		{8EF2D937-527D-4063-A2F9-3FCE32880A77}.Debug|iPhoneSimulator.Build.0 = Debug|Any CPU
		{8EF2D937-527D-4063-A2F9-3FCE32880A77}.Debug|iPhoneSimulator.Deploy.0 = Debug|Any CPU
		{8EF2D937-527D-4063-A2F9-3FCE32880A77}.Debug|x64.ActiveCfg = Debug|Any CPU
		{8EF2D937-527D-4063-A2F9-3FCE32880A77}.Debug|x64.Build.0 = Debug|Any CPU
		{8EF2D937-527D-4063-A2F9-3FCE32880A77}.Debug|x64.Deploy.0 = Debug|Any CPU
		{8EF2D937-527D-4063-A2F9-3FCE32880A77}.Debug|x86.ActiveCfg = Debug|Any CPU
		{8EF2D937-527D-4063-A2F9-3FCE32880A77}.Debug|x86.Build.0 = Debug|Any CPU
		{8EF2D937-527D-4063-A2F9-3FCE32880A77}.Debug|x86.Deploy.0 = Debug|Any CPU
		{8EF2D937-527D-4063-A2F9-3FCE32880A77}.Release|Any CPU.ActiveCfg = Release|Any CPU
		{8EF2D937-527D-4063-A2F9-3FCE32880A77}.Release|Any CPU.Build.0 = Release|Any CPU
		{8EF2D937-527D-4063-A2F9-3FCE32880A77}.Release|Any CPU.Deploy.0 = Release|Any CPU
		{8EF2D937-527D-4063-A2F9-3FCE32880A77}.Release|ARM.ActiveCfg = Release|Any CPU
		{8EF2D937-527D-4063-A2F9-3FCE32880A77}.Release|ARM.Build.0 = Release|Any CPU
		{8EF2D937-527D-4063-A2F9-3FCE32880A77}.Release|ARM.Deploy.0 = Release|Any CPU
		{8EF2D937-527D-4063-A2F9-3FCE32880A77}.Release|ARM64.ActiveCfg = Release|Any CPU
		{8EF2D937-527D-4063-A2F9-3FCE32880A77}.Release|ARM64.Build.0 = Release|Any CPU
		{8EF2D937-527D-4063-A2F9-3FCE32880A77}.Release|ARM64.Deploy.0 = Release|Any CPU
		{8EF2D937-527D-4063-A2F9-3FCE32880A77}.Release|iPhone.ActiveCfg = Release|Any CPU
		{8EF2D937-527D-4063-A2F9-3FCE32880A77}.Release|iPhone.Build.0 = Release|Any CPU
		{8EF2D937-527D-4063-A2F9-3FCE32880A77}.Release|iPhone.Deploy.0 = Release|Any CPU
		{8EF2D937-527D-4063-A2F9-3FCE32880A77}.Release|iPhoneSimulator.ActiveCfg = Release|Any CPU
		{8EF2D937-527D-4063-A2F9-3FCE32880A77}.Release|iPhoneSimulator.Build.0 = Release|Any CPU
		{8EF2D937-527D-4063-A2F9-3FCE32880A77}.Release|iPhoneSimulator.Deploy.0 = Release|Any CPU
		{8EF2D937-527D-4063-A2F9-3FCE32880A77}.Release|x64.ActiveCfg = Release|Any CPU
		{8EF2D937-527D-4063-A2F9-3FCE32880A77}.Release|x64.Build.0 = Release|Any CPU
		{8EF2D937-527D-4063-A2F9-3FCE32880A77}.Release|x64.Deploy.0 = Release|Any CPU
		{8EF2D937-527D-4063-A2F9-3FCE32880A77}.Release|x86.ActiveCfg = Release|Any CPU
		{8EF2D937-527D-4063-A2F9-3FCE32880A77}.Release|x86.Build.0 = Release|Any CPU
		{8EF2D937-527D-4063-A2F9-3FCE32880A77}.Release|x86.Deploy.0 = Release|Any CPU
	EndGlobalSection
	GlobalSection(SolutionProperties) = preSolution
		HideSolutionNode = FALSE
	EndGlobalSection
	GlobalSection(NestedProjects) = preSolution
		{8EF2D937-527D-4063-A2F9-3FCE32880A77} = {049C50A4-A9C0-430B-8B19-06E3FED89CFF}
		{8138EBAC-C203-4821-9819-613C14A3CB75} = {049C50A4-A9C0-430B-8B19-06E3FED89CFF}
	EndGlobalSection
	GlobalSection(ExtensibilityGlobals) = postSolution
		SolutionGuid = {3C9DCF2C-9B42-4E9C-87E4-4F9DAE6B1C86}
	EndGlobalSection
EndGlobal
