
Microsoft Visual Studio Solution File, Format Version 12.00
# Visual Studio Version 17
VisualStudioVersion = 17.10.35122.118
MinimumVisualStudioVersion = 10.0.40219.1
Project("{FAE04EC0-301F-11D3-BF4B-00C04F79EFBC}") = "SkottieSample", "SkottieSample\SkottieSample.csproj", "{2D647178-DAD3-4EE4-8470-87D56C963441}"
EndProject
Project("{2150E333-8FDC-42A3-9474-1A3956D46DE8}") = "Solution Items", "Solution Items", "{4A5A8A90-7474-4602-A999-F0F64C7823B4}"
	ProjectSection(SolutionItems) = preProject
		.gitignore = .gitignore
		Directory.Build.props = Directory.Build.props
		Directory.Build.targets = Directory.Build.targets
		Directory.Packages.props = Directory.Packages.props
		global.json = global.json
	EndProjectSection
EndProject
Global
	GlobalSection(SolutionConfigurationPlatforms) = preSolution
		Debug|Any CPU = Debug|Any CPU
		Release|Any CPU = Release|Any CPU
	EndGlobalSection
	GlobalSection(ProjectConfigurationPlatforms) = postSolution
		{2D647178-DAD3-4EE4-8470-87D56C963441}.Debug|Any CPU.ActiveCfg = Debug|Any CPU
		{2D647178-DAD3-4EE4-8470-87D56C963441}.Debug|Any CPU.Build.0 = Debug|Any CPU
		{2D647178-DAD3-4EE4-8470-87D56C963441}.Debug|Any CPU.Deploy.0 = Debug|Any CPU
		{2D647178-DAD3-4EE4-8470-87D56C963441}.Release|Any CPU.ActiveCfg = Release|Any CPU
		{2D647178-DAD3-4EE4-8470-87D56C963441}.Release|Any CPU.Build.0 = Release|Any CPU
		{2D647178-DAD3-4EE4-8470-87D56C963441}.Release|Any CPU.Deploy.0 = Release|Any CPU
	EndGlobalSection
	GlobalSection(SolutionProperties) = preSolution
		HideSolutionNode = FALSE
	EndGlobalSection
	GlobalSection(ExtensibilityGlobals) = postSolution
		SolutionGuid = {5B53A97F-9727-46DA-90A2-E66F1B21AFB5}
	EndGlobalSection
EndGlobal
